
Microsoft Visual Studio Solution File, Format Version 12.00
# Visual Studio Version 16
VisualStudioVersion = 16.0.30907.101
MinimumVisualStudioVersion = 15.0.26124.0
Project("{9A19103F-16F7-4668-BE54-9A1E7A4F7556}") = "Kw.Comic.Wpf", "src\Kw.Comic.Wpf\Kw.Comic.Wpf.csproj", "{19603416-F7CE-4DBB-A575-25D148498E28}"
EndProject
Project("{C7167F0D-BC9F-4E6E-AFE1-012C56B48DB5}") = "Kw.Comic.MSIX", "pkg\Kw.Comic.MSIX\Kw.Comic.MSIX.wapproj", "{1A18AE34-B2DF-4ABD-9BE6-F92B0AA2BD75}"
EndProject
Project("{FAE04EC0-301F-11D3-BF4B-00C04F79EFBC}") = "Kw.Comic.Uwp", "src\Kw.Comic.Uwp\Kw.Comic.Uwp.csproj", "{6E1D412C-8328-4B0F-8DA9-7C2C9B4366FD}"
EndProject
Project("{9A19103F-16F7-4668-BE54-9A1E7A4F7556}") = "Kw.Comic.Engine", "src\Kw.Comic.Engine\Kw.Comic.Engine.csproj", "{893163B9-E9C3-40F4-9B19-3BA13B9C1D62}"
EndProject
Project("{9A19103F-16F7-4668-BE54-9A1E7A4F7556}") = "Kw.Comic.Engine.Easy", "src\Kw.Comic.Engine.Easy\Kw.Comic.Engine.Easy.csproj", "{D4A9B4F7-58E9-4625-A716-2AC0A7471DA7}"
EndProject
Project("{2150E333-8FDC-42A3-9474-1A3956D46DE8}") = "Test", "Test", "{6A4FBD09-06A9-4D39-BE20-1F65EFE1B186}"
EndProject
Project("{9A19103F-16F7-4668-BE54-9A1E7A4F7556}") = "ZoomControl", "src\ZoomControl\ZoomControl\ZoomControl.csproj", "{73ED8B85-5419-450B-B653-83476044B4A6}"
EndProject
Project("{9A19103F-16F7-4668-BE54-9A1E7A4F7556}") = "Kw.Comic.Engine.Test", "test\Kw.Comic.Engine.Test\Kw.Comic.Engine.Test.csproj", "{CDBE5F79-009C-450D-967B-A1A32C7461CD}"
EndProject
Global
	GlobalSection(SolutionConfigurationPlatforms) = preSolution
		Debug|Any CPU = Debug|Any CPU
		Debug|ARM = Debug|ARM
		Debug|ARM64 = Debug|ARM64
		Debug|x64 = Debug|x64
		Debug|x86 = Debug|x86
		Release|Any CPU = Release|Any CPU
		Release|ARM = Release|ARM
		Release|ARM64 = Release|ARM64
		Release|x64 = Release|x64
		Release|x86 = Release|x86
	EndGlobalSection
	GlobalSection(ProjectConfigurationPlatforms) = postSolution
		{19603416-F7CE-4DBB-A575-25D148498E28}.Debug|Any CPU.ActiveCfg = Debug|Any CPU
		{19603416-F7CE-4DBB-A575-25D148498E28}.Debug|Any CPU.Build.0 = Debug|Any CPU
		{19603416-F7CE-4DBB-A575-25D148498E28}.Debug|ARM.ActiveCfg = Debug|Any CPU
		{19603416-F7CE-4DBB-A575-25D148498E28}.Debug|ARM.Build.0 = Debug|Any CPU
		{19603416-F7CE-4DBB-A575-25D148498E28}.Debug|ARM64.ActiveCfg = Debug|Any CPU
		{19603416-F7CE-4DBB-A575-25D148498E28}.Debug|ARM64.Build.0 = Debug|Any CPU
		{19603416-F7CE-4DBB-A575-25D148498E28}.Debug|x64.ActiveCfg = Debug|Any CPU
		{19603416-F7CE-4DBB-A575-25D148498E28}.Debug|x64.Build.0 = Debug|Any CPU
		{19603416-F7CE-4DBB-A575-25D148498E28}.Debug|x86.ActiveCfg = Debug|Any CPU
		{19603416-F7CE-4DBB-A575-25D148498E28}.Debug|x86.Build.0 = Debug|Any CPU
		{19603416-F7CE-4DBB-A575-25D148498E28}.Release|Any CPU.ActiveCfg = Release|Any CPU
		{19603416-F7CE-4DBB-A575-25D148498E28}.Release|Any CPU.Build.0 = Release|Any CPU
		{19603416-F7CE-4DBB-A575-25D148498E28}.Release|ARM.ActiveCfg = Release|Any CPU
		{19603416-F7CE-4DBB-A575-25D148498E28}.Release|ARM.Build.0 = Release|Any CPU
		{19603416-F7CE-4DBB-A575-25D148498E28}.Release|ARM64.ActiveCfg = Release|Any CPU
		{19603416-F7CE-4DBB-A575-25D148498E28}.Release|ARM64.Build.0 = Release|Any CPU
		{19603416-F7CE-4DBB-A575-25D148498E28}.Release|x64.ActiveCfg = Release|Any CPU
		{19603416-F7CE-4DBB-A575-25D148498E28}.Release|x64.Build.0 = Release|Any CPU
		{19603416-F7CE-4DBB-A575-25D148498E28}.Release|x86.ActiveCfg = Release|Any CPU
		{19603416-F7CE-4DBB-A575-25D148498E28}.Release|x86.Build.0 = Release|Any CPU
		{1A18AE34-B2DF-4ABD-9BE6-F92B0AA2BD75}.Debug|Any CPU.ActiveCfg = Debug|Any CPU
		{1A18AE34-B2DF-4ABD-9BE6-F92B0AA2BD75}.Debug|Any CPU.Build.0 = Debug|Any CPU
		{1A18AE34-B2DF-4ABD-9BE6-F92B0AA2BD75}.Debug|Any CPU.Deploy.0 = Debug|Any CPU
		{1A18AE34-B2DF-4ABD-9BE6-F92B0AA2BD75}.Debug|ARM.ActiveCfg = Debug|ARM
		{1A18AE34-B2DF-4ABD-9BE6-F92B0AA2BD75}.Debug|ARM.Build.0 = Debug|ARM
		{1A18AE34-B2DF-4ABD-9BE6-F92B0AA2BD75}.Debug|ARM.Deploy.0 = Debug|ARM
		{1A18AE34-B2DF-4ABD-9BE6-F92B0AA2BD75}.Debug|ARM64.ActiveCfg = Debug|ARM64
		{1A18AE34-B2DF-4ABD-9BE6-F92B0AA2BD75}.Debug|ARM64.Build.0 = Debug|ARM64
		{1A18AE34-B2DF-4ABD-9BE6-F92B0AA2BD75}.Debug|ARM64.Deploy.0 = Debug|ARM64
		{1A18AE34-B2DF-4ABD-9BE6-F92B0AA2BD75}.Debug|x64.ActiveCfg = Debug|x64
		{1A18AE34-B2DF-4ABD-9BE6-F92B0AA2BD75}.Debug|x64.Build.0 = Debug|x64
		{1A18AE34-B2DF-4ABD-9BE6-F92B0AA2BD75}.Debug|x64.Deploy.0 = Debug|x64
		{1A18AE34-B2DF-4ABD-9BE6-F92B0AA2BD75}.Debug|x86.ActiveCfg = Debug|x86
		{1A18AE34-B2DF-4ABD-9BE6-F92B0AA2BD75}.Debug|x86.Build.0 = Debug|x86
		{1A18AE34-B2DF-4ABD-9BE6-F92B0AA2BD75}.Debug|x86.Deploy.0 = Debug|x86
		{1A18AE34-B2DF-4ABD-9BE6-F92B0AA2BD75}.Release|Any CPU.ActiveCfg = Release|Any CPU
		{1A18AE34-B2DF-4ABD-9BE6-F92B0AA2BD75}.Release|Any CPU.Build.0 = Release|Any CPU
		{1A18AE34-B2DF-4ABD-9BE6-F92B0AA2BD75}.Release|Any CPU.Deploy.0 = Release|Any CPU
		{1A18AE34-B2DF-4ABD-9BE6-F92B0AA2BD75}.Release|ARM.ActiveCfg = Release|ARM
		{1A18AE34-B2DF-4ABD-9BE6-F92B0AA2BD75}.Release|ARM.Build.0 = Release|ARM
		{1A18AE34-B2DF-4ABD-9BE6-F92B0AA2BD75}.Release|ARM.Deploy.0 = Release|ARM
		{1A18AE34-B2DF-4ABD-9BE6-F92B0AA2BD75}.Release|ARM64.ActiveCfg = Release|ARM64
		{1A18AE34-B2DF-4ABD-9BE6-F92B0AA2BD75}.Release|ARM64.Build.0 = Release|ARM64
		{1A18AE34-B2DF-4ABD-9BE6-F92B0AA2BD75}.Release|ARM64.Deploy.0 = Release|ARM64
		{1A18AE34-B2DF-4ABD-9BE6-F92B0AA2BD75}.Release|x64.ActiveCfg = Release|x64
		{1A18AE34-B2DF-4ABD-9BE6-F92B0AA2BD75}.Release|x64.Build.0 = Release|x64
		{1A18AE34-B2DF-4ABD-9BE6-F92B0AA2BD75}.Release|x64.Deploy.0 = Release|x64
		{1A18AE34-B2DF-4ABD-9BE6-F92B0AA2BD75}.Release|x86.ActiveCfg = Release|x86
		{1A18AE34-B2DF-4ABD-9BE6-F92B0AA2BD75}.Release|x86.Build.0 = Release|x86
		{1A18AE34-B2DF-4ABD-9BE6-F92B0AA2BD75}.Release|x86.Deploy.0 = Release|x86
		{6E1D412C-8328-4B0F-8DA9-7C2C9B4366FD}.Debug|Any CPU.ActiveCfg = Debug|x64
		{6E1D412C-8328-4B0F-8DA9-7C2C9B4366FD}.Debug|Any CPU.Build.0 = Debug|x64
		{6E1D412C-8328-4B0F-8DA9-7C2C9B4366FD}.Debug|Any CPU.Deploy.0 = Debug|x64
		{6E1D412C-8328-4B0F-8DA9-7C2C9B4366FD}.Debug|ARM.ActiveCfg = Debug|ARM
		{6E1D412C-8328-4B0F-8DA9-7C2C9B4366FD}.Debug|ARM.Build.0 = Debug|ARM
		{6E1D412C-8328-4B0F-8DA9-7C2C9B4366FD}.Debug|ARM.Deploy.0 = Debug|ARM
		{6E1D412C-8328-4B0F-8DA9-7C2C9B4366FD}.Debug|ARM64.ActiveCfg = Debug|ARM64
		{6E1D412C-8328-4B0F-8DA9-7C2C9B4366FD}.Debug|ARM64.Build.0 = Debug|ARM64
		{6E1D412C-8328-4B0F-8DA9-7C2C9B4366FD}.Debug|ARM64.Deploy.0 = Debug|ARM64
		{6E1D412C-8328-4B0F-8DA9-7C2C9B4366FD}.Debug|x64.ActiveCfg = Debug|x64
		{6E1D412C-8328-4B0F-8DA9-7C2C9B4366FD}.Debug|x64.Build.0 = Debug|x64
		{6E1D412C-8328-4B0F-8DA9-7C2C9B4366FD}.Debug|x64.Deploy.0 = Debug|x64
		{6E1D412C-8328-4B0F-8DA9-7C2C9B4366FD}.Debug|x86.ActiveCfg = Debug|x86
		{6E1D412C-8328-4B0F-8DA9-7C2C9B4366FD}.Debug|x86.Build.0 = Debug|x86
		{6E1D412C-8328-4B0F-8DA9-7C2C9B4366FD}.Debug|x86.Deploy.0 = Debug|x86
		{6E1D412C-8328-4B0F-8DA9-7C2C9B4366FD}.Release|Any CPU.ActiveCfg = Release|x86
		{6E1D412C-8328-4B0F-8DA9-7C2C9B4366FD}.Release|ARM.ActiveCfg = Release|ARM
		{6E1D412C-8328-4B0F-8DA9-7C2C9B4366FD}.Release|ARM.Build.0 = Release|ARM
		{6E1D412C-8328-4B0F-8DA9-7C2C9B4366FD}.Release|ARM.Deploy.0 = Release|ARM
		{6E1D412C-8328-4B0F-8DA9-7C2C9B4366FD}.Release|ARM64.ActiveCfg = Release|ARM64
		{6E1D412C-8328-4B0F-8DA9-7C2C9B4366FD}.Release|ARM64.Build.0 = Release|ARM64
		{6E1D412C-8328-4B0F-8DA9-7C2C9B4366FD}.Release|ARM64.Deploy.0 = Release|ARM64
		{6E1D412C-8328-4B0F-8DA9-7C2C9B4366FD}.Release|x64.ActiveCfg = Release|x64
		{6E1D412C-8328-4B0F-8DA9-7C2C9B4366FD}.Release|x64.Build.0 = Release|x64
		{6E1D412C-8328-4B0F-8DA9-7C2C9B4366FD}.Release|x64.Deploy.0 = Release|x64
		{6E1D412C-8328-4B0F-8DA9-7C2C9B4366FD}.Release|x86.ActiveCfg = Release|x86
		{6E1D412C-8328-4B0F-8DA9-7C2C9B4366FD}.Release|x86.Build.0 = Release|x86
		{6E1D412C-8328-4B0F-8DA9-7C2C9B4366FD}.Release|x86.Deploy.0 = Release|x86
		{893163B9-E9C3-40F4-9B19-3BA13B9C1D62}.Debug|Any CPU.ActiveCfg = Debug|Any CPU
		{893163B9-E9C3-40F4-9B19-3BA13B9C1D62}.Debug|Any CPU.Build.0 = Debug|Any CPU
		{893163B9-E9C3-40F4-9B19-3BA13B9C1D62}.Debug|ARM.ActiveCfg = Debug|Any CPU
		{893163B9-E9C3-40F4-9B19-3BA13B9C1D62}.Debug|ARM.Build.0 = Debug|Any CPU
		{893163B9-E9C3-40F4-9B19-3BA13B9C1D62}.Debug|ARM64.ActiveCfg = Debug|Any CPU
		{893163B9-E9C3-40F4-9B19-3BA13B9C1D62}.Debug|ARM64.Build.0 = Debug|Any CPU
		{893163B9-E9C3-40F4-9B19-3BA13B9C1D62}.Debug|x64.ActiveCfg = Debug|Any CPU
		{893163B9-E9C3-40F4-9B19-3BA13B9C1D62}.Debug|x64.Build.0 = Debug|Any CPU
		{893163B9-E9C3-40F4-9B19-3BA13B9C1D62}.Debug|x86.ActiveCfg = Debug|Any CPU
		{893163B9-E9C3-40F4-9B19-3BA13B9C1D62}.Debug|x86.Build.0 = Debug|Any CPU
		{893163B9-E9C3-40F4-9B19-3BA13B9C1D62}.Release|Any CPU.ActiveCfg = Release|Any CPU
		{893163B9-E9C3-40F4-9B19-3BA13B9C1D62}.Release|Any CPU.Build.0 = Release|Any CPU
		{893163B9-E9C3-40F4-9B19-3BA13B9C1D62}.Release|ARM.ActiveCfg = Release|Any CPU
		{893163B9-E9C3-40F4-9B19-3BA13B9C1D62}.Release|ARM.Build.0 = Release|Any CPU
		{893163B9-E9C3-40F4-9B19-3BA13B9C1D62}.Release|ARM64.ActiveCfg = Release|Any CPU
		{893163B9-E9C3-40F4-9B19-3BA13B9C1D62}.Release|ARM64.Build.0 = Release|Any CPU
		{893163B9-E9C3-40F4-9B19-3BA13B9C1D62}.Release|x64.ActiveCfg = Release|Any CPU
		{893163B9-E9C3-40F4-9B19-3BA13B9C1D62}.Release|x64.Build.0 = Release|Any CPU
		{893163B9-E9C3-40F4-9B19-3BA13B9C1D62}.Release|x86.ActiveCfg = Release|Any CPU
		{893163B9-E9C3-40F4-9B19-3BA13B9C1D62}.Release|x86.Build.0 = Release|Any CPU
		{D4A9B4F7-58E9-4625-A716-2AC0A7471DA7}.Debug|Any CPU.ActiveCfg = Debug|Any CPU
		{D4A9B4F7-58E9-4625-A716-2AC0A7471DA7}.Debug|Any CPU.Build.0 = Debug|Any CPU
		{D4A9B4F7-58E9-4625-A716-2AC0A7471DA7}.Debug|ARM.ActiveCfg = Debug|Any CPU
		{D4A9B4F7-58E9-4625-A716-2AC0A7471DA7}.Debug|ARM.Build.0 = Debug|Any CPU
		{D4A9B4F7-58E9-4625-A716-2AC0A7471DA7}.Debug|ARM64.ActiveCfg = Debug|Any CPU
		{D4A9B4F7-58E9-4625-A716-2AC0A7471DA7}.Debug|ARM64.Build.0 = Debug|Any CPU
		{D4A9B4F7-58E9-4625-A716-2AC0A7471DA7}.Debug|x64.ActiveCfg = Debug|Any CPU
		{D4A9B4F7-58E9-4625-A716-2AC0A7471DA7}.Debug|x64.Build.0 = Debug|Any CPU
		{D4A9B4F7-58E9-4625-A716-2AC0A7471DA7}.Debug|x86.ActiveCfg = Debug|Any CPU
		{D4A9B4F7-58E9-4625-A716-2AC0A7471DA7}.Debug|x86.Build.0 = Debug|Any CPU
		{D4A9B4F7-58E9-4625-A716-2AC0A7471DA7}.Release|Any CPU.ActiveCfg = Release|Any CPU
		{D4A9B4F7-58E9-4625-A716-2AC0A7471DA7}.Release|Any CPU.Build.0 = Release|Any CPU
		{D4A9B4F7-58E9-4625-A716-2AC0A7471DA7}.Release|ARM.ActiveCfg = Release|Any CPU
		{D4A9B4F7-58E9-4625-A716-2AC0A7471DA7}.Release|ARM.Build.0 = Release|Any CPU
		{D4A9B4F7-58E9-4625-A716-2AC0A7471DA7}.Release|ARM64.ActiveCfg = Release|Any CPU
		{D4A9B4F7-58E9-4625-A716-2AC0A7471DA7}.Release|ARM64.Build.0 = Release|Any CPU
		{D4A9B4F7-58E9-4625-A716-2AC0A7471DA7}.Release|x64.ActiveCfg = Release|Any CPU
		{D4A9B4F7-58E9-4625-A716-2AC0A7471DA7}.Release|x64.Build.0 = Release|Any CPU
		{D4A9B4F7-58E9-4625-A716-2AC0A7471DA7}.Release|x86.ActiveCfg = Release|Any CPU
		{D4A9B4F7-58E9-4625-A716-2AC0A7471DA7}.Release|x86.Build.0 = Release|Any CPU
		{73ED8B85-5419-450B-B653-83476044B4A6}.Debug|Any CPU.ActiveCfg = Debug|Any CPU
		{73ED8B85-5419-450B-B653-83476044B4A6}.Debug|Any CPU.Build.0 = Debug|Any CPU
		{73ED8B85-5419-450B-B653-83476044B4A6}.Debug|ARM.ActiveCfg = Debug|Any CPU
		{73ED8B85-5419-450B-B653-83476044B4A6}.Debug|ARM.Build.0 = Debug|Any CPU
		{73ED8B85-5419-450B-B653-83476044B4A6}.Debug|ARM64.ActiveCfg = Debug|Any CPU
		{73ED8B85-5419-450B-B653-83476044B4A6}.Debug|ARM64.Build.0 = Debug|Any CPU
		{73ED8B85-5419-450B-B653-83476044B4A6}.Debug|x64.ActiveCfg = Debug|Any CPU
		{73ED8B85-5419-450B-B653-83476044B4A6}.Debug|x64.Build.0 = Debug|Any CPU
		{73ED8B85-5419-450B-B653-83476044B4A6}.Debug|x86.ActiveCfg = Debug|Any CPU
		{73ED8B85-5419-450B-B653-83476044B4A6}.Debug|x86.Build.0 = Debug|Any CPU
		{73ED8B85-5419-450B-B653-83476044B4A6}.Release|Any CPU.ActiveCfg = Release|Any CPU
		{73ED8B85-5419-450B-B653-83476044B4A6}.Release|Any CPU.Build.0 = Release|Any CPU
		{73ED8B85-5419-450B-B653-83476044B4A6}.Release|ARM.ActiveCfg = Release|Any CPU
		{73ED8B85-5419-450B-B653-83476044B4A6}.Release|ARM.Build.0 = Release|Any CPU
		{73ED8B85-5419-450B-B653-83476044B4A6}.Release|ARM64.ActiveCfg = Release|Any CPU
		{73ED8B85-5419-450B-B653-83476044B4A6}.Release|ARM64.Build.0 = Release|Any CPU
		{73ED8B85-5419-450B-B653-83476044B4A6}.Release|x64.ActiveCfg = Release|Any CPU
		{73ED8B85-5419-450B-B653-83476044B4A6}.Release|x64.Build.0 = Release|Any CPU
		{73ED8B85-5419-450B-B653-83476044B4A6}.Release|x86.ActiveCfg = Release|Any CPU
		{73ED8B85-5419-450B-B653-83476044B4A6}.Release|x86.Build.0 = Release|Any CPU
		{CDBE5F79-009C-450D-967B-A1A32C7461CD}.Debug|Any CPU.ActiveCfg = Debug|Any CPU
		{CDBE5F79-009C-450D-967B-A1A32C7461CD}.Debug|Any CPU.Build.0 = Debug|Any CPU
		{CDBE5F79-009C-450D-967B-A1A32C7461CD}.Debug|ARM.ActiveCfg = Debug|Any CPU
		{CDBE5F79-009C-450D-967B-A1A32C7461CD}.Debug|ARM.Build.0 = Debug|Any CPU
		{CDBE5F79-009C-450D-967B-A1A32C7461CD}.Debug|ARM64.ActiveCfg = Debug|Any CPU
		{CDBE5F79-009C-450D-967B-A1A32C7461CD}.Debug|ARM64.Build.0 = Debug|Any CPU
		{CDBE5F79-009C-450D-967B-A1A32C7461CD}.Debug|x64.ActiveCfg = Debug|Any CPU
		{CDBE5F79-009C-450D-967B-A1A32C7461CD}.Debug|x64.Build.0 = Debug|Any CPU
		{CDBE5F79-009C-450D-967B-A1A32C7461CD}.Debug|x86.ActiveCfg = Debug|Any CPU
		{CDBE5F79-009C-450D-967B-A1A32C7461CD}.Debug|x86.Build.0 = Debug|Any CPU
		{CDBE5F79-009C-450D-967B-A1A32C7461CD}.Release|Any CPU.ActiveCfg = Release|Any CPU
		{CDBE5F79-009C-450D-967B-A1A32C7461CD}.Release|Any CPU.Build.0 = Release|Any CPU
		{CDBE5F79-009C-450D-967B-A1A32C7461CD}.Release|ARM.ActiveCfg = Release|Any CPU
		{CDBE5F79-009C-450D-967B-A1A32C7461CD}.Release|ARM.Build.0 = Release|Any CPU
		{CDBE5F79-009C-450D-967B-A1A32C7461CD}.Release|ARM64.ActiveCfg = Release|Any CPU
		{CDBE5F79-009C-450D-967B-A1A32C7461CD}.Release|ARM64.Build.0 = Release|Any CPU
		{CDBE5F79-009C-450D-967B-A1A32C7461CD}.Release|x64.ActiveCfg = Release|Any CPU
		{CDBE5F79-009C-450D-967B-A1A32C7461CD}.Release|x64.Build.0 = Release|Any CPU
		{CDBE5F79-009C-450D-967B-A1A32C7461CD}.Release|x86.ActiveCfg = Release|Any CPU
		{CDBE5F79-009C-450D-967B-A1A32C7461CD}.Release|x86.Build.0 = Release|Any CPU
	EndGlobalSection
	GlobalSection(SolutionProperties) = preSolution
		HideSolutionNode = FALSE
	EndGlobalSection
	GlobalSection(NestedProjects) = preSolution
		{CDBE5F79-009C-450D-967B-A1A32C7461CD} = {6A4FBD09-06A9-4D39-BE20-1F65EFE1B186}
	EndGlobalSection
	GlobalSection(ExtensibilityGlobals) = postSolution
		SolutionGuid = {0B7FD63E-5D51-4FD4-9745-B8BDF3E39732}
	EndGlobalSection
EndGlobal
