
Microsoft Visual Studio Solution File, Format Version 12.00
# Visual Studio Version 16
VisualStudioVersion = 16.0.30907.101
MinimumVisualStudioVersion = 15.0.26124.0
Project("{9A19103F-16F7-4668-BE54-9A1E7A4F7556}") = "Kw.Comic", "src\Kw.Comic\Kw.Comic.csproj", "{273A4B17-273C-4476-9B72-BE48EFDB83AD}"
EndProject
Project("{9A19103F-16F7-4668-BE54-9A1E7A4F7556}") = "Kw.Comic.Wpf", "src\Kw.Comic.Wpf\Kw.Comic.Wpf.csproj", "{19603416-F7CE-4DBB-A575-25D148498E28}"
EndProject
Project("{2150E333-8FDC-42A3-9474-1A3956D46DE8}") = "Web", "Web", "{A2F4C80F-BC80-4837-8164-C608B72E1A45}"
EndProject
Project("{9A19103F-16F7-4668-BE54-9A1E7A4F7556}") = "Kw.Comic.Blazor.Server", "src\ComicWeb\Kw.Comic.Blazor\Server\Kw.Comic.Blazor.Server.csproj", "{E7F9BBFD-33F4-4A77-8614-D9142C9BC8A5}"
EndProject
Project("{9A19103F-16F7-4668-BE54-9A1E7A4F7556}") = "Kw.Comic.Blazor.Client", "src\ComicWeb\Kw.Comic.Blazor\Client\Kw.Comic.Blazor.Client.csproj", "{45E82AC9-23E7-487A-A33E-C0E273088C62}"
EndProject
Project("{C7167F0D-BC9F-4E6E-AFE1-012C56B48DB5}") = "Kw.Comic.MSIX", "pkg\Kw.Comic.MSIX\Kw.Comic.MSIX.wapproj", "{1A18AE34-B2DF-4ABD-9BE6-F92B0AA2BD75}"
EndProject
Global
	GlobalSection(SolutionConfigurationPlatforms) = preSolution
		Debug|Any CPU = Debug|Any CPU
		Debug|ARM = Debug|ARM
		Debug|ARM64 = Debug|ARM64
		Debug|x64 = Debug|x64
		Debug|x86 = Debug|x86
		Release|Any CPU = Release|Any CPU
		Release|ARM = Release|ARM
		Release|ARM64 = Release|ARM64
		Release|x64 = Release|x64
		Release|x86 = Release|x86
	EndGlobalSection
	GlobalSection(ProjectConfigurationPlatforms) = postSolution
		{273A4B17-273C-4476-9B72-BE48EFDB83AD}.Debug|Any CPU.ActiveCfg = Debug|Any CPU
		{273A4B17-273C-4476-9B72-BE48EFDB83AD}.Debug|Any CPU.Build.0 = Debug|Any CPU
		{273A4B17-273C-4476-9B72-BE48EFDB83AD}.Debug|ARM.ActiveCfg = Debug|Any CPU
		{273A4B17-273C-4476-9B72-BE48EFDB83AD}.Debug|ARM.Build.0 = Debug|Any CPU
		{273A4B17-273C-4476-9B72-BE48EFDB83AD}.Debug|ARM64.ActiveCfg = Debug|Any CPU
		{273A4B17-273C-4476-9B72-BE48EFDB83AD}.Debug|ARM64.Build.0 = Debug|Any CPU
		{273A4B17-273C-4476-9B72-BE48EFDB83AD}.Debug|x64.ActiveCfg = Debug|Any CPU
		{273A4B17-273C-4476-9B72-BE48EFDB83AD}.Debug|x64.Build.0 = Debug|Any CPU
		{273A4B17-273C-4476-9B72-BE48EFDB83AD}.Debug|x86.ActiveCfg = Debug|Any CPU
		{273A4B17-273C-4476-9B72-BE48EFDB83AD}.Debug|x86.Build.0 = Debug|Any CPU
		{273A4B17-273C-4476-9B72-BE48EFDB83AD}.Release|Any CPU.ActiveCfg = Release|Any CPU
		{273A4B17-273C-4476-9B72-BE48EFDB83AD}.Release|Any CPU.Build.0 = Release|Any CPU
		{273A4B17-273C-4476-9B72-BE48EFDB83AD}.Release|ARM.ActiveCfg = Release|Any CPU
		{273A4B17-273C-4476-9B72-BE48EFDB83AD}.Release|ARM.Build.0 = Release|Any CPU
		{273A4B17-273C-4476-9B72-BE48EFDB83AD}.Release|ARM64.ActiveCfg = Release|Any CPU
		{273A4B17-273C-4476-9B72-BE48EFDB83AD}.Release|ARM64.Build.0 = Release|Any CPU
		{273A4B17-273C-4476-9B72-BE48EFDB83AD}.Release|x64.ActiveCfg = Release|Any CPU
		{273A4B17-273C-4476-9B72-BE48EFDB83AD}.Release|x64.Build.0 = Release|Any CPU
		{273A4B17-273C-4476-9B72-BE48EFDB83AD}.Release|x86.ActiveCfg = Release|Any CPU
		{273A4B17-273C-4476-9B72-BE48EFDB83AD}.Release|x86.Build.0 = Release|Any CPU
		{19603416-F7CE-4DBB-A575-25D148498E28}.Debug|Any CPU.ActiveCfg = Debug|Any CPU
		{19603416-F7CE-4DBB-A575-25D148498E28}.Debug|Any CPU.Build.0 = Debug|Any CPU
		{19603416-F7CE-4DBB-A575-25D148498E28}.Debug|ARM.ActiveCfg = Debug|Any CPU
		{19603416-F7CE-4DBB-A575-25D148498E28}.Debug|ARM.Build.0 = Debug|Any CPU
		{19603416-F7CE-4DBB-A575-25D148498E28}.Debug|ARM64.ActiveCfg = Debug|Any CPU
		{19603416-F7CE-4DBB-A575-25D148498E28}.Debug|ARM64.Build.0 = Debug|Any CPU
		{19603416-F7CE-4DBB-A575-25D148498E28}.Debug|x64.ActiveCfg = Debug|Any CPU
		{19603416-F7CE-4DBB-A575-25D148498E28}.Debug|x64.Build.0 = Debug|Any CPU
		{19603416-F7CE-4DBB-A575-25D148498E28}.Debug|x86.ActiveCfg = Debug|Any CPU
		{19603416-F7CE-4DBB-A575-25D148498E28}.Debug|x86.Build.0 = Debug|Any CPU
		{19603416-F7CE-4DBB-A575-25D148498E28}.Release|Any CPU.ActiveCfg = Release|Any CPU
		{19603416-F7CE-4DBB-A575-25D148498E28}.Release|Any CPU.Build.0 = Release|Any CPU
		{19603416-F7CE-4DBB-A575-25D148498E28}.Release|ARM.ActiveCfg = Release|Any CPU
		{19603416-F7CE-4DBB-A575-25D148498E28}.Release|ARM.Build.0 = Release|Any CPU
		{19603416-F7CE-4DBB-A575-25D148498E28}.Release|ARM64.ActiveCfg = Release|Any CPU
		{19603416-F7CE-4DBB-A575-25D148498E28}.Release|ARM64.Build.0 = Release|Any CPU
		{19603416-F7CE-4DBB-A575-25D148498E28}.Release|x64.ActiveCfg = Release|Any CPU
		{19603416-F7CE-4DBB-A575-25D148498E28}.Release|x64.Build.0 = Release|Any CPU
		{19603416-F7CE-4DBB-A575-25D148498E28}.Release|x86.ActiveCfg = Release|Any CPU
		{19603416-F7CE-4DBB-A575-25D148498E28}.Release|x86.Build.0 = Release|Any CPU
		{E7F9BBFD-33F4-4A77-8614-D9142C9BC8A5}.Debug|Any CPU.ActiveCfg = Debug|Any CPU
		{E7F9BBFD-33F4-4A77-8614-D9142C9BC8A5}.Debug|Any CPU.Build.0 = Debug|Any CPU
		{E7F9BBFD-33F4-4A77-8614-D9142C9BC8A5}.Debug|ARM.ActiveCfg = Debug|Any CPU
		{E7F9BBFD-33F4-4A77-8614-D9142C9BC8A5}.Debug|ARM64.ActiveCfg = Debug|Any CPU
		{E7F9BBFD-33F4-4A77-8614-D9142C9BC8A5}.Debug|x64.ActiveCfg = Debug|Any CPU
		{E7F9BBFD-33F4-4A77-8614-D9142C9BC8A5}.Debug|x64.Build.0 = Debug|Any CPU
		{E7F9BBFD-33F4-4A77-8614-D9142C9BC8A5}.Debug|x86.ActiveCfg = Debug|Any CPU
		{E7F9BBFD-33F4-4A77-8614-D9142C9BC8A5}.Debug|x86.Build.0 = Debug|Any CPU
		{E7F9BBFD-33F4-4A77-8614-D9142C9BC8A5}.Release|Any CPU.ActiveCfg = Release|Any CPU
		{E7F9BBFD-33F4-4A77-8614-D9142C9BC8A5}.Release|Any CPU.Build.0 = Release|Any CPU
		{E7F9BBFD-33F4-4A77-8614-D9142C9BC8A5}.Release|ARM.ActiveCfg = Release|Any CPU
		{E7F9BBFD-33F4-4A77-8614-D9142C9BC8A5}.Release|ARM64.ActiveCfg = Release|Any CPU
		{E7F9BBFD-33F4-4A77-8614-D9142C9BC8A5}.Release|x64.ActiveCfg = Release|Any CPU
		{E7F9BBFD-33F4-4A77-8614-D9142C9BC8A5}.Release|x64.Build.0 = Release|Any CPU
		{E7F9BBFD-33F4-4A77-8614-D9142C9BC8A5}.Release|x86.ActiveCfg = Release|Any CPU
		{E7F9BBFD-33F4-4A77-8614-D9142C9BC8A5}.Release|x86.Build.0 = Release|Any CPU
		{45E82AC9-23E7-487A-A33E-C0E273088C62}.Debug|Any CPU.ActiveCfg = Debug|Any CPU
		{45E82AC9-23E7-487A-A33E-C0E273088C62}.Debug|Any CPU.Build.0 = Debug|Any CPU
		{45E82AC9-23E7-487A-A33E-C0E273088C62}.Debug|ARM.ActiveCfg = Debug|Any CPU
		{45E82AC9-23E7-487A-A33E-C0E273088C62}.Debug|ARM64.ActiveCfg = Debug|Any CPU
		{45E82AC9-23E7-487A-A33E-C0E273088C62}.Debug|x64.ActiveCfg = Debug|Any CPU
		{45E82AC9-23E7-487A-A33E-C0E273088C62}.Debug|x64.Build.0 = Debug|Any CPU
		{45E82AC9-23E7-487A-A33E-C0E273088C62}.Debug|x86.ActiveCfg = Debug|Any CPU
		{45E82AC9-23E7-487A-A33E-C0E273088C62}.Debug|x86.Build.0 = Debug|Any CPU
		{45E82AC9-23E7-487A-A33E-C0E273088C62}.Release|Any CPU.ActiveCfg = Release|Any CPU
		{45E82AC9-23E7-487A-A33E-C0E273088C62}.Release|Any CPU.Build.0 = Release|Any CPU
		{45E82AC9-23E7-487A-A33E-C0E273088C62}.Release|ARM.ActiveCfg = Release|Any CPU
		{45E82AC9-23E7-487A-A33E-C0E273088C62}.Release|ARM64.ActiveCfg = Release|Any CPU
		{45E82AC9-23E7-487A-A33E-C0E273088C62}.Release|x64.ActiveCfg = Release|Any CPU
		{45E82AC9-23E7-487A-A33E-C0E273088C62}.Release|x64.Build.0 = Release|Any CPU
		{45E82AC9-23E7-487A-A33E-C0E273088C62}.Release|x86.ActiveCfg = Release|Any CPU
		{45E82AC9-23E7-487A-A33E-C0E273088C62}.Release|x86.Build.0 = Release|Any CPU
		{1A18AE34-B2DF-4ABD-9BE6-F92B0AA2BD75}.Debug|Any CPU.ActiveCfg = Debug|Any CPU
		{1A18AE34-B2DF-4ABD-9BE6-F92B0AA2BD75}.Debug|Any CPU.Build.0 = Debug|Any CPU
		{1A18AE34-B2DF-4ABD-9BE6-F92B0AA2BD75}.Debug|Any CPU.Deploy.0 = Debug|Any CPU
		{1A18AE34-B2DF-4ABD-9BE6-F92B0AA2BD75}.Debug|ARM.ActiveCfg = Debug|ARM
		{1A18AE34-B2DF-4ABD-9BE6-F92B0AA2BD75}.Debug|ARM.Build.0 = Debug|ARM
		{1A18AE34-B2DF-4ABD-9BE6-F92B0AA2BD75}.Debug|ARM.Deploy.0 = Debug|ARM
		{1A18AE34-B2DF-4ABD-9BE6-F92B0AA2BD75}.Debug|ARM64.ActiveCfg = Debug|ARM64
		{1A18AE34-B2DF-4ABD-9BE6-F92B0AA2BD75}.Debug|ARM64.Build.0 = Debug|ARM64
		{1A18AE34-B2DF-4ABD-9BE6-F92B0AA2BD75}.Debug|ARM64.Deploy.0 = Debug|ARM64
		{1A18AE34-B2DF-4ABD-9BE6-F92B0AA2BD75}.Debug|x64.ActiveCfg = Debug|x64
		{1A18AE34-B2DF-4ABD-9BE6-F92B0AA2BD75}.Debug|x64.Build.0 = Debug|x64
		{1A18AE34-B2DF-4ABD-9BE6-F92B0AA2BD75}.Debug|x64.Deploy.0 = Debug|x64
		{1A18AE34-B2DF-4ABD-9BE6-F92B0AA2BD75}.Debug|x86.ActiveCfg = Debug|x86
		{1A18AE34-B2DF-4ABD-9BE6-F92B0AA2BD75}.Debug|x86.Build.0 = Debug|x86
		{1A18AE34-B2DF-4ABD-9BE6-F92B0AA2BD75}.Debug|x86.Deploy.0 = Debug|x86
		{1A18AE34-B2DF-4ABD-9BE6-F92B0AA2BD75}.Release|Any CPU.ActiveCfg = Release|Any CPU
		{1A18AE34-B2DF-4ABD-9BE6-F92B0AA2BD75}.Release|Any CPU.Build.0 = Release|Any CPU
		{1A18AE34-B2DF-4ABD-9BE6-F92B0AA2BD75}.Release|Any CPU.Deploy.0 = Release|Any CPU
		{1A18AE34-B2DF-4ABD-9BE6-F92B0AA2BD75}.Release|ARM.ActiveCfg = Release|ARM
		{1A18AE34-B2DF-4ABD-9BE6-F92B0AA2BD75}.Release|ARM.Build.0 = Release|ARM
		{1A18AE34-B2DF-4ABD-9BE6-F92B0AA2BD75}.Release|ARM.Deploy.0 = Release|ARM
		{1A18AE34-B2DF-4ABD-9BE6-F92B0AA2BD75}.Release|ARM64.ActiveCfg = Release|ARM64
		{1A18AE34-B2DF-4ABD-9BE6-F92B0AA2BD75}.Release|ARM64.Build.0 = Release|ARM64
		{1A18AE34-B2DF-4ABD-9BE6-F92B0AA2BD75}.Release|ARM64.Deploy.0 = Release|ARM64
		{1A18AE34-B2DF-4ABD-9BE6-F92B0AA2BD75}.Release|x64.ActiveCfg = Release|x64
		{1A18AE34-B2DF-4ABD-9BE6-F92B0AA2BD75}.Release|x64.Build.0 = Release|x64
		{1A18AE34-B2DF-4ABD-9BE6-F92B0AA2BD75}.Release|x64.Deploy.0 = Release|x64
		{1A18AE34-B2DF-4ABD-9BE6-F92B0AA2BD75}.Release|x86.ActiveCfg = Release|x86
		{1A18AE34-B2DF-4ABD-9BE6-F92B0AA2BD75}.Release|x86.Build.0 = Release|x86
		{1A18AE34-B2DF-4ABD-9BE6-F92B0AA2BD75}.Release|x86.Deploy.0 = Release|x86
	EndGlobalSection
	GlobalSection(SolutionProperties) = preSolution
		HideSolutionNode = FALSE
	EndGlobalSection
	GlobalSection(NestedProjects) = preSolution
		{E7F9BBFD-33F4-4A77-8614-D9142C9BC8A5} = {A2F4C80F-BC80-4837-8164-C608B72E1A45}
		{45E82AC9-23E7-487A-A33E-C0E273088C62} = {A2F4C80F-BC80-4837-8164-C608B72E1A45}
	EndGlobalSection
	GlobalSection(ExtensibilityGlobals) = postSolution
		SolutionGuid = {0B7FD63E-5D51-4FD4-9745-B8BDF3E39732}
	EndGlobalSection
EndGlobal
