
Microsoft Visual Studio Solution File, Format Version 12.00
# Visual Studio Version 17
VisualStudioVersion = 17.0.31919.166
MinimumVisualStudioVersion = 10.0.40219.1
Project("{9A19103F-16F7-4668-BE54-9A1E7A4F7556}") = "Anf.Engine", "..\Anf.Engine\Anf.Engine.csproj", "{05266676-DFFD-4B7C-A3C6-8118AD47CABE}"
EndProject
Project("{9A19103F-16F7-4668-BE54-9A1E7A4F7556}") = "Anf.Easy", "..\Anf.Engine.Easy\Anf.Easy.csproj", "{AF268CBB-6195-4870-9F42-9E153B616785}"
EndProject
Project("{9A19103F-16F7-4668-BE54-9A1E7A4F7556}") = "Anf.ChannelModel", "..\Anf.ChannelModel\Anf.ChannelModel.csproj", "{E312B70B-9F0E-445B-9C4E-8762BAA27D1C}"
EndProject
Project("{9A19103F-16F7-4668-BE54-9A1E7A4F7556}") = "Anf.KnowEngines", "..\Engines\Anf.KnowEngines\Anf.KnowEngines.csproj", "{BFF82182-F627-403D-A0CE-63450C2B953B}"
EndProject
Project("{9A19103F-16F7-4668-BE54-9A1E7A4F7556}") = "Anf.Platform", "..\Anf.Platform\Anf.Platform.csproj", "{13183D08-090A-420B-A51D-AB081C7DE3E3}"
EndProject
Project("{2150E333-8FDC-42A3-9474-1A3956D46DE8}") = "Shareds", "Shareds", "{55EB07B2-3D02-45A2-8F00-FA632CBE2972}"
EndProject
Project("{D954291E-2A0B-460D-934E-DC6B0785DB48}") = "Anf.Shared", "Anf\Anf.Shared\Anf.Shared.shproj", "{6279C845-92F8-4333-AB99-3D213163593C}"
EndProject
Project("{2150E333-8FDC-42A3-9474-1A3956D46DE8}") = "Platforms", "Platforms", "{E5045D99-9714-4DC4-8DC2-31D20C5EAF91}"
EndProject
Project("{FAE04EC0-301F-11D3-BF4B-00C04F79EFBC}") = "Anf.Mobile", "Anf\Anf.Mobile\Anf.Mobile.csproj", "{40F4BD6E-96F8-4BFF-AD34-D4102062A32E}"
EndProject
Project("{FAE04EC0-301F-11D3-BF4B-00C04F79EFBC}") = "Anf.UWP", "Anf\Anf.UWP\Anf.UWP.csproj", "{6FFA991D-6AA3-4860-BC23-65D06C9EB537}"
EndProject
Project("{9A19103F-16F7-4668-BE54-9A1E7A4F7556}") = "Anf.Wasm", "Anf\Anf.Wasm\Anf.Wasm.csproj", "{FE20C634-2AA6-4614-B5E7-F56713300D77}"
EndProject
Project("{9A19103F-16F7-4668-BE54-9A1E7A4F7556}") = "Anf.Skia.Wpf.Host", "Anf\Anf.Skia.Wpf.Host\Anf.Skia.Wpf.Host.csproj", "{9847A4B2-94EE-4A6D-A524-753C2613C128}"
EndProject
Project("{9A19103F-16F7-4668-BE54-9A1E7A4F7556}") = "Anf.Skia.Wpf", "Anf\Anf.Skia.Wpf\Anf.Skia.Wpf.csproj", "{116B73B1-44AC-4C20-BAE4-2A84F2CCB088}"
EndProject
Project("{9A19103F-16F7-4668-BE54-9A1E7A4F7556}") = "Anf.Skia.Gtk", "Anf\Anf.Skia.Gtk\Anf.Skia.Gtk.csproj", "{87E67EAD-4BF8-40E4-89DF-70A0509B53C1}"
EndProject
Global
	GlobalSection(SharedMSBuildProjectFiles) = preSolution
		Anf\Anf.Shared\Anf.Shared.projitems*{116b73b1-44ac-4c20-bae4-2a84f2ccb088}*SharedItemsImports = 5
		Uno\Anf\Anf.Shared\Anf.Shared.projitems*{40f4bd6e-96f8-4bff-ad34-d4102062a32e}*SharedItemsImports = 5
		Anf\Anf.Shared\Anf.Shared.projitems*{6279c845-92f8-4333-ab99-3d213163593c}*SharedItemsImports = 13
		Anf\Anf.Shared\Anf.Shared.projitems*{6ffa991d-6aa3-4860-bc23-65d06c9eb537}*SharedItemsImports = 4
		Anf\Anf.Shared\Anf.Shared.projitems*{87e67ead-4bf8-40e4-89df-70a0509b53c1}*SharedItemsImports = 5
		Anf\Anf.Shared\Anf.Shared.projitems*{fe20c634-2aa6-4614-b5e7-f56713300d77}*SharedItemsImports = 5
	EndGlobalSection
	GlobalSection(SolutionConfigurationPlatforms) = preSolution
		Debug|Any CPU = Debug|Any CPU
		Debug|ARM = Debug|ARM
		Debug|ARM64 = Debug|ARM64
		Debug|x64 = Debug|x64
		Debug|x86 = Debug|x86
		Release|Any CPU = Release|Any CPU
		Release|ARM = Release|ARM
		Release|ARM64 = Release|ARM64
		Release|x64 = Release|x64
		Release|x86 = Release|x86
	EndGlobalSection
	GlobalSection(ProjectConfigurationPlatforms) = postSolution
		{05266676-DFFD-4B7C-A3C6-8118AD47CABE}.Debug|Any CPU.ActiveCfg = Debug|Any CPU
		{05266676-DFFD-4B7C-A3C6-8118AD47CABE}.Debug|Any CPU.Build.0 = Debug|Any CPU
		{05266676-DFFD-4B7C-A3C6-8118AD47CABE}.Debug|ARM.ActiveCfg = Debug|Any CPU
		{05266676-DFFD-4B7C-A3C6-8118AD47CABE}.Debug|ARM.Build.0 = Debug|Any CPU
		{05266676-DFFD-4B7C-A3C6-8118AD47CABE}.Debug|ARM64.ActiveCfg = Debug|Any CPU
		{05266676-DFFD-4B7C-A3C6-8118AD47CABE}.Debug|ARM64.Build.0 = Debug|Any CPU
		{05266676-DFFD-4B7C-A3C6-8118AD47CABE}.Debug|x64.ActiveCfg = Debug|Any CPU
		{05266676-DFFD-4B7C-A3C6-8118AD47CABE}.Debug|x64.Build.0 = Debug|Any CPU
		{05266676-DFFD-4B7C-A3C6-8118AD47CABE}.Debug|x86.ActiveCfg = Debug|Any CPU
		{05266676-DFFD-4B7C-A3C6-8118AD47CABE}.Debug|x86.Build.0 = Debug|Any CPU
		{05266676-DFFD-4B7C-A3C6-8118AD47CABE}.Release|Any CPU.ActiveCfg = Release|Any CPU
		{05266676-DFFD-4B7C-A3C6-8118AD47CABE}.Release|Any CPU.Build.0 = Release|Any CPU
		{05266676-DFFD-4B7C-A3C6-8118AD47CABE}.Release|ARM.ActiveCfg = Release|Any CPU
		{05266676-DFFD-4B7C-A3C6-8118AD47CABE}.Release|ARM.Build.0 = Release|Any CPU
		{05266676-DFFD-4B7C-A3C6-8118AD47CABE}.Release|ARM64.ActiveCfg = Release|Any CPU
		{05266676-DFFD-4B7C-A3C6-8118AD47CABE}.Release|ARM64.Build.0 = Release|Any CPU
		{05266676-DFFD-4B7C-A3C6-8118AD47CABE}.Release|x64.ActiveCfg = Release|Any CPU
		{05266676-DFFD-4B7C-A3C6-8118AD47CABE}.Release|x64.Build.0 = Release|Any CPU
		{05266676-DFFD-4B7C-A3C6-8118AD47CABE}.Release|x86.ActiveCfg = Release|Any CPU
		{05266676-DFFD-4B7C-A3C6-8118AD47CABE}.Release|x86.Build.0 = Release|Any CPU
		{AF268CBB-6195-4870-9F42-9E153B616785}.Debug|Any CPU.ActiveCfg = Debug|Any CPU
		{AF268CBB-6195-4870-9F42-9E153B616785}.Debug|Any CPU.Build.0 = Debug|Any CPU
		{AF268CBB-6195-4870-9F42-9E153B616785}.Debug|ARM.ActiveCfg = Debug|Any CPU
		{AF268CBB-6195-4870-9F42-9E153B616785}.Debug|ARM.Build.0 = Debug|Any CPU
		{AF268CBB-6195-4870-9F42-9E153B616785}.Debug|ARM64.ActiveCfg = Debug|Any CPU
		{AF268CBB-6195-4870-9F42-9E153B616785}.Debug|ARM64.Build.0 = Debug|Any CPU
		{AF268CBB-6195-4870-9F42-9E153B616785}.Debug|x64.ActiveCfg = Debug|Any CPU
		{AF268CBB-6195-4870-9F42-9E153B616785}.Debug|x64.Build.0 = Debug|Any CPU
		{AF268CBB-6195-4870-9F42-9E153B616785}.Debug|x86.ActiveCfg = Debug|Any CPU
		{AF268CBB-6195-4870-9F42-9E153B616785}.Debug|x86.Build.0 = Debug|Any CPU
		{AF268CBB-6195-4870-9F42-9E153B616785}.Release|Any CPU.ActiveCfg = Release|Any CPU
		{AF268CBB-6195-4870-9F42-9E153B616785}.Release|Any CPU.Build.0 = Release|Any CPU
		{AF268CBB-6195-4870-9F42-9E153B616785}.Release|ARM.ActiveCfg = Release|Any CPU
		{AF268CBB-6195-4870-9F42-9E153B616785}.Release|ARM.Build.0 = Release|Any CPU
		{AF268CBB-6195-4870-9F42-9E153B616785}.Release|ARM64.ActiveCfg = Release|Any CPU
		{AF268CBB-6195-4870-9F42-9E153B616785}.Release|ARM64.Build.0 = Release|Any CPU
		{AF268CBB-6195-4870-9F42-9E153B616785}.Release|x64.ActiveCfg = Release|Any CPU
		{AF268CBB-6195-4870-9F42-9E153B616785}.Release|x64.Build.0 = Release|Any CPU
		{AF268CBB-6195-4870-9F42-9E153B616785}.Release|x86.ActiveCfg = Release|Any CPU
		{AF268CBB-6195-4870-9F42-9E153B616785}.Release|x86.Build.0 = Release|Any CPU
		{E312B70B-9F0E-445B-9C4E-8762BAA27D1C}.Debug|Any CPU.ActiveCfg = Debug|Any CPU
		{E312B70B-9F0E-445B-9C4E-8762BAA27D1C}.Debug|Any CPU.Build.0 = Debug|Any CPU
		{E312B70B-9F0E-445B-9C4E-8762BAA27D1C}.Debug|ARM.ActiveCfg = Debug|Any CPU
		{E312B70B-9F0E-445B-9C4E-8762BAA27D1C}.Debug|ARM.Build.0 = Debug|Any CPU
		{E312B70B-9F0E-445B-9C4E-8762BAA27D1C}.Debug|ARM64.ActiveCfg = Debug|Any CPU
		{E312B70B-9F0E-445B-9C4E-8762BAA27D1C}.Debug|ARM64.Build.0 = Debug|Any CPU
		{E312B70B-9F0E-445B-9C4E-8762BAA27D1C}.Debug|x64.ActiveCfg = Debug|Any CPU
		{E312B70B-9F0E-445B-9C4E-8762BAA27D1C}.Debug|x64.Build.0 = Debug|Any CPU
		{E312B70B-9F0E-445B-9C4E-8762BAA27D1C}.Debug|x86.ActiveCfg = Debug|Any CPU
		{E312B70B-9F0E-445B-9C4E-8762BAA27D1C}.Debug|x86.Build.0 = Debug|Any CPU
		{E312B70B-9F0E-445B-9C4E-8762BAA27D1C}.Release|Any CPU.ActiveCfg = Release|Any CPU
		{E312B70B-9F0E-445B-9C4E-8762BAA27D1C}.Release|Any CPU.Build.0 = Release|Any CPU
		{E312B70B-9F0E-445B-9C4E-8762BAA27D1C}.Release|ARM.ActiveCfg = Release|Any CPU
		{E312B70B-9F0E-445B-9C4E-8762BAA27D1C}.Release|ARM.Build.0 = Release|Any CPU
		{E312B70B-9F0E-445B-9C4E-8762BAA27D1C}.Release|ARM64.ActiveCfg = Release|Any CPU
		{E312B70B-9F0E-445B-9C4E-8762BAA27D1C}.Release|ARM64.Build.0 = Release|Any CPU
		{E312B70B-9F0E-445B-9C4E-8762BAA27D1C}.Release|x64.ActiveCfg = Release|Any CPU
		{E312B70B-9F0E-445B-9C4E-8762BAA27D1C}.Release|x64.Build.0 = Release|Any CPU
		{E312B70B-9F0E-445B-9C4E-8762BAA27D1C}.Release|x86.ActiveCfg = Release|Any CPU
		{E312B70B-9F0E-445B-9C4E-8762BAA27D1C}.Release|x86.Build.0 = Release|Any CPU
		{BFF82182-F627-403D-A0CE-63450C2B953B}.Debug|Any CPU.ActiveCfg = Debug|Any CPU
		{BFF82182-F627-403D-A0CE-63450C2B953B}.Debug|Any CPU.Build.0 = Debug|Any CPU
		{BFF82182-F627-403D-A0CE-63450C2B953B}.Debug|ARM.ActiveCfg = Debug|Any CPU
		{BFF82182-F627-403D-A0CE-63450C2B953B}.Debug|ARM.Build.0 = Debug|Any CPU
		{BFF82182-F627-403D-A0CE-63450C2B953B}.Debug|ARM64.ActiveCfg = Debug|Any CPU
		{BFF82182-F627-403D-A0CE-63450C2B953B}.Debug|ARM64.Build.0 = Debug|Any CPU
		{BFF82182-F627-403D-A0CE-63450C2B953B}.Debug|x64.ActiveCfg = Debug|Any CPU
		{BFF82182-F627-403D-A0CE-63450C2B953B}.Debug|x64.Build.0 = Debug|Any CPU
		{BFF82182-F627-403D-A0CE-63450C2B953B}.Debug|x86.ActiveCfg = Debug|Any CPU
		{BFF82182-F627-403D-A0CE-63450C2B953B}.Debug|x86.Build.0 = Debug|Any CPU
		{BFF82182-F627-403D-A0CE-63450C2B953B}.Release|Any CPU.ActiveCfg = Release|Any CPU
		{BFF82182-F627-403D-A0CE-63450C2B953B}.Release|Any CPU.Build.0 = Release|Any CPU
		{BFF82182-F627-403D-A0CE-63450C2B953B}.Release|ARM.ActiveCfg = Release|Any CPU
		{BFF82182-F627-403D-A0CE-63450C2B953B}.Release|ARM.Build.0 = Release|Any CPU
		{BFF82182-F627-403D-A0CE-63450C2B953B}.Release|ARM64.ActiveCfg = Release|Any CPU
		{BFF82182-F627-403D-A0CE-63450C2B953B}.Release|ARM64.Build.0 = Release|Any CPU
		{BFF82182-F627-403D-A0CE-63450C2B953B}.Release|x64.ActiveCfg = Release|Any CPU
		{BFF82182-F627-403D-A0CE-63450C2B953B}.Release|x64.Build.0 = Release|Any CPU
		{BFF82182-F627-403D-A0CE-63450C2B953B}.Release|x86.ActiveCfg = Release|Any CPU
		{BFF82182-F627-403D-A0CE-63450C2B953B}.Release|x86.Build.0 = Release|Any CPU
		{13183D08-090A-420B-A51D-AB081C7DE3E3}.Debug|Any CPU.ActiveCfg = Debug|Any CPU
		{13183D08-090A-420B-A51D-AB081C7DE3E3}.Debug|Any CPU.Build.0 = Debug|Any CPU
		{13183D08-090A-420B-A51D-AB081C7DE3E3}.Debug|ARM.ActiveCfg = Debug|Any CPU
		{13183D08-090A-420B-A51D-AB081C7DE3E3}.Debug|ARM.Build.0 = Debug|Any CPU
		{13183D08-090A-420B-A51D-AB081C7DE3E3}.Debug|ARM64.ActiveCfg = Debug|Any CPU
		{13183D08-090A-420B-A51D-AB081C7DE3E3}.Debug|ARM64.Build.0 = Debug|Any CPU
		{13183D08-090A-420B-A51D-AB081C7DE3E3}.Debug|x64.ActiveCfg = Debug|Any CPU
		{13183D08-090A-420B-A51D-AB081C7DE3E3}.Debug|x64.Build.0 = Debug|Any CPU
		{13183D08-090A-420B-A51D-AB081C7DE3E3}.Debug|x86.ActiveCfg = Debug|Any CPU
		{13183D08-090A-420B-A51D-AB081C7DE3E3}.Debug|x86.Build.0 = Debug|Any CPU
		{13183D08-090A-420B-A51D-AB081C7DE3E3}.Release|Any CPU.ActiveCfg = Release|Any CPU
		{13183D08-090A-420B-A51D-AB081C7DE3E3}.Release|Any CPU.Build.0 = Release|Any CPU
		{13183D08-090A-420B-A51D-AB081C7DE3E3}.Release|ARM.ActiveCfg = Release|Any CPU
		{13183D08-090A-420B-A51D-AB081C7DE3E3}.Release|ARM.Build.0 = Release|Any CPU
		{13183D08-090A-420B-A51D-AB081C7DE3E3}.Release|ARM64.ActiveCfg = Release|Any CPU
		{13183D08-090A-420B-A51D-AB081C7DE3E3}.Release|ARM64.Build.0 = Release|Any CPU
		{13183D08-090A-420B-A51D-AB081C7DE3E3}.Release|x64.ActiveCfg = Release|Any CPU
		{13183D08-090A-420B-A51D-AB081C7DE3E3}.Release|x64.Build.0 = Release|Any CPU
		{13183D08-090A-420B-A51D-AB081C7DE3E3}.Release|x86.ActiveCfg = Release|Any CPU
		{13183D08-090A-420B-A51D-AB081C7DE3E3}.Release|x86.Build.0 = Release|Any CPU
		{40F4BD6E-96F8-4BFF-AD34-D4102062A32E}.Debug|Any CPU.ActiveCfg = Debug|Any CPU
		{40F4BD6E-96F8-4BFF-AD34-D4102062A32E}.Debug|Any CPU.Build.0 = Debug|Any CPU
		{40F4BD6E-96F8-4BFF-AD34-D4102062A32E}.Debug|Any CPU.Deploy.0 = Debug|Any CPU
		{40F4BD6E-96F8-4BFF-AD34-D4102062A32E}.Debug|ARM.ActiveCfg = Debug|Any CPU
		{40F4BD6E-96F8-4BFF-AD34-D4102062A32E}.Debug|ARM.Build.0 = Debug|Any CPU
		{40F4BD6E-96F8-4BFF-AD34-D4102062A32E}.Debug|ARM.Deploy.0 = Debug|Any CPU
		{40F4BD6E-96F8-4BFF-AD34-D4102062A32E}.Debug|ARM64.ActiveCfg = Debug|Any CPU
		{40F4BD6E-96F8-4BFF-AD34-D4102062A32E}.Debug|ARM64.Build.0 = Debug|Any CPU
		{40F4BD6E-96F8-4BFF-AD34-D4102062A32E}.Debug|ARM64.Deploy.0 = Debug|Any CPU
		{40F4BD6E-96F8-4BFF-AD34-D4102062A32E}.Debug|x64.ActiveCfg = Debug|Any CPU
		{40F4BD6E-96F8-4BFF-AD34-D4102062A32E}.Debug|x64.Build.0 = Debug|Any CPU
		{40F4BD6E-96F8-4BFF-AD34-D4102062A32E}.Debug|x64.Deploy.0 = Debug|Any CPU
		{40F4BD6E-96F8-4BFF-AD34-D4102062A32E}.Debug|x86.ActiveCfg = Debug|Any CPU
		{40F4BD6E-96F8-4BFF-AD34-D4102062A32E}.Debug|x86.Build.0 = Debug|Any CPU
		{40F4BD6E-96F8-4BFF-AD34-D4102062A32E}.Debug|x86.Deploy.0 = Debug|Any CPU
		{40F4BD6E-96F8-4BFF-AD34-D4102062A32E}.Release|Any CPU.ActiveCfg = Release|Any CPU
		{40F4BD6E-96F8-4BFF-AD34-D4102062A32E}.Release|Any CPU.Build.0 = Release|Any CPU
		{40F4BD6E-96F8-4BFF-AD34-D4102062A32E}.Release|Any CPU.Deploy.0 = Release|Any CPU
		{40F4BD6E-96F8-4BFF-AD34-D4102062A32E}.Release|ARM.ActiveCfg = Release|Any CPU
		{40F4BD6E-96F8-4BFF-AD34-D4102062A32E}.Release|ARM.Build.0 = Release|Any CPU
		{40F4BD6E-96F8-4BFF-AD34-D4102062A32E}.Release|ARM.Deploy.0 = Release|Any CPU
		{40F4BD6E-96F8-4BFF-AD34-D4102062A32E}.Release|ARM64.ActiveCfg = Release|Any CPU
		{40F4BD6E-96F8-4BFF-AD34-D4102062A32E}.Release|ARM64.Build.0 = Release|Any CPU
		{40F4BD6E-96F8-4BFF-AD34-D4102062A32E}.Release|ARM64.Deploy.0 = Release|Any CPU
		{40F4BD6E-96F8-4BFF-AD34-D4102062A32E}.Release|x64.ActiveCfg = Release|Any CPU
		{40F4BD6E-96F8-4BFF-AD34-D4102062A32E}.Release|x64.Build.0 = Release|Any CPU
		{40F4BD6E-96F8-4BFF-AD34-D4102062A32E}.Release|x64.Deploy.0 = Release|Any CPU
		{40F4BD6E-96F8-4BFF-AD34-D4102062A32E}.Release|x86.ActiveCfg = Release|Any CPU
		{40F4BD6E-96F8-4BFF-AD34-D4102062A32E}.Release|x86.Build.0 = Release|Any CPU
		{40F4BD6E-96F8-4BFF-AD34-D4102062A32E}.Release|x86.Deploy.0 = Release|Any CPU
		{6FFA991D-6AA3-4860-BC23-65D06C9EB537}.Debug|Any CPU.ActiveCfg = Debug|x64
		{6FFA991D-6AA3-4860-BC23-65D06C9EB537}.Debug|Any CPU.Build.0 = Debug|x64
		{6FFA991D-6AA3-4860-BC23-65D06C9EB537}.Debug|Any CPU.Deploy.0 = Debug|x64
		{6FFA991D-6AA3-4860-BC23-65D06C9EB537}.Debug|ARM.ActiveCfg = Debug|ARM
		{6FFA991D-6AA3-4860-BC23-65D06C9EB537}.Debug|ARM.Build.0 = Debug|ARM
		{6FFA991D-6AA3-4860-BC23-65D06C9EB537}.Debug|ARM.Deploy.0 = Debug|ARM
		{6FFA991D-6AA3-4860-BC23-65D06C9EB537}.Debug|ARM64.ActiveCfg = Debug|ARM64
		{6FFA991D-6AA3-4860-BC23-65D06C9EB537}.Debug|ARM64.Build.0 = Debug|ARM64
		{6FFA991D-6AA3-4860-BC23-65D06C9EB537}.Debug|ARM64.Deploy.0 = Debug|ARM64
		{6FFA991D-6AA3-4860-BC23-65D06C9EB537}.Debug|x64.ActiveCfg = Debug|x64
		{6FFA991D-6AA3-4860-BC23-65D06C9EB537}.Debug|x64.Build.0 = Debug|x64
		{6FFA991D-6AA3-4860-BC23-65D06C9EB537}.Debug|x64.Deploy.0 = Debug|x64
		{6FFA991D-6AA3-4860-BC23-65D06C9EB537}.Debug|x86.ActiveCfg = Debug|x86
		{6FFA991D-6AA3-4860-BC23-65D06C9EB537}.Debug|x86.Build.0 = Debug|x86
		{6FFA991D-6AA3-4860-BC23-65D06C9EB537}.Debug|x86.Deploy.0 = Debug|x86
		{6FFA991D-6AA3-4860-BC23-65D06C9EB537}.Release|Any CPU.ActiveCfg = Release|x64
		{6FFA991D-6AA3-4860-BC23-65D06C9EB537}.Release|Any CPU.Build.0 = Release|x64
		{6FFA991D-6AA3-4860-BC23-65D06C9EB537}.Release|Any CPU.Deploy.0 = Release|x64
		{6FFA991D-6AA3-4860-BC23-65D06C9EB537}.Release|ARM.ActiveCfg = Release|ARM
		{6FFA991D-6AA3-4860-BC23-65D06C9EB537}.Release|ARM.Build.0 = Release|ARM
		{6FFA991D-6AA3-4860-BC23-65D06C9EB537}.Release|ARM.Deploy.0 = Release|ARM
		{6FFA991D-6AA3-4860-BC23-65D06C9EB537}.Release|ARM64.ActiveCfg = Release|ARM64
		{6FFA991D-6AA3-4860-BC23-65D06C9EB537}.Release|ARM64.Build.0 = Release|ARM64
		{6FFA991D-6AA3-4860-BC23-65D06C9EB537}.Release|ARM64.Deploy.0 = Release|ARM64
		{6FFA991D-6AA3-4860-BC23-65D06C9EB537}.Release|x64.ActiveCfg = Release|x64
		{6FFA991D-6AA3-4860-BC23-65D06C9EB537}.Release|x64.Build.0 = Release|x64
		{6FFA991D-6AA3-4860-BC23-65D06C9EB537}.Release|x64.Deploy.0 = Release|x64
		{6FFA991D-6AA3-4860-BC23-65D06C9EB537}.Release|x86.ActiveCfg = Release|x86
		{6FFA991D-6AA3-4860-BC23-65D06C9EB537}.Release|x86.Build.0 = Release|x86
		{6FFA991D-6AA3-4860-BC23-65D06C9EB537}.Release|x86.Deploy.0 = Release|x86
		{FE20C634-2AA6-4614-B5E7-F56713300D77}.Debug|Any CPU.ActiveCfg = Debug|Any CPU
		{FE20C634-2AA6-4614-B5E7-F56713300D77}.Debug|Any CPU.Build.0 = Debug|Any CPU
		{FE20C634-2AA6-4614-B5E7-F56713300D77}.Debug|ARM.ActiveCfg = Debug|Any CPU
		{FE20C634-2AA6-4614-B5E7-F56713300D77}.Debug|ARM.Build.0 = Debug|Any CPU
		{FE20C634-2AA6-4614-B5E7-F56713300D77}.Debug|ARM64.ActiveCfg = Debug|Any CPU
		{FE20C634-2AA6-4614-B5E7-F56713300D77}.Debug|ARM64.Build.0 = Debug|Any CPU
		{FE20C634-2AA6-4614-B5E7-F56713300D77}.Debug|x64.ActiveCfg = Debug|Any CPU
		{FE20C634-2AA6-4614-B5E7-F56713300D77}.Debug|x64.Build.0 = Debug|Any CPU
		{FE20C634-2AA6-4614-B5E7-F56713300D77}.Debug|x86.ActiveCfg = Debug|Any CPU
		{FE20C634-2AA6-4614-B5E7-F56713300D77}.Debug|x86.Build.0 = Debug|Any CPU
		{FE20C634-2AA6-4614-B5E7-F56713300D77}.Release|Any CPU.ActiveCfg = Release|Any CPU
		{FE20C634-2AA6-4614-B5E7-F56713300D77}.Release|Any CPU.Build.0 = Release|Any CPU
		{FE20C634-2AA6-4614-B5E7-F56713300D77}.Release|ARM.ActiveCfg = Release|Any CPU
		{FE20C634-2AA6-4614-B5E7-F56713300D77}.Release|ARM.Build.0 = Release|Any CPU
		{FE20C634-2AA6-4614-B5E7-F56713300D77}.Release|ARM64.ActiveCfg = Release|Any CPU
		{FE20C634-2AA6-4614-B5E7-F56713300D77}.Release|ARM64.Build.0 = Release|Any CPU
		{FE20C634-2AA6-4614-B5E7-F56713300D77}.Release|x64.ActiveCfg = Release|Any CPU
		{FE20C634-2AA6-4614-B5E7-F56713300D77}.Release|x64.Build.0 = Release|Any CPU
		{FE20C634-2AA6-4614-B5E7-F56713300D77}.Release|x86.ActiveCfg = Release|Any CPU
		{FE20C634-2AA6-4614-B5E7-F56713300D77}.Release|x86.Build.0 = Release|Any CPU
		{9847A4B2-94EE-4A6D-A524-753C2613C128}.Debug|Any CPU.ActiveCfg = Debug|Any CPU
		{9847A4B2-94EE-4A6D-A524-753C2613C128}.Debug|Any CPU.Build.0 = Debug|Any CPU
		{9847A4B2-94EE-4A6D-A524-753C2613C128}.Debug|ARM.ActiveCfg = Debug|Any CPU
		{9847A4B2-94EE-4A6D-A524-753C2613C128}.Debug|ARM.Build.0 = Debug|Any CPU
		{9847A4B2-94EE-4A6D-A524-753C2613C128}.Debug|ARM64.ActiveCfg = Debug|Any CPU
		{9847A4B2-94EE-4A6D-A524-753C2613C128}.Debug|ARM64.Build.0 = Debug|Any CPU
		{9847A4B2-94EE-4A6D-A524-753C2613C128}.Debug|x64.ActiveCfg = Debug|Any CPU
		{9847A4B2-94EE-4A6D-A524-753C2613C128}.Debug|x64.Build.0 = Debug|Any CPU
		{9847A4B2-94EE-4A6D-A524-753C2613C128}.Debug|x86.ActiveCfg = Debug|Any CPU
		{9847A4B2-94EE-4A6D-A524-753C2613C128}.Debug|x86.Build.0 = Debug|Any CPU
		{9847A4B2-94EE-4A6D-A524-753C2613C128}.Release|Any CPU.ActiveCfg = Release|Any CPU
		{9847A4B2-94EE-4A6D-A524-753C2613C128}.Release|Any CPU.Build.0 = Release|Any CPU
		{9847A4B2-94EE-4A6D-A524-753C2613C128}.Release|ARM.ActiveCfg = Release|Any CPU
		{9847A4B2-94EE-4A6D-A524-753C2613C128}.Release|ARM.Build.0 = Release|Any CPU
		{9847A4B2-94EE-4A6D-A524-753C2613C128}.Release|ARM64.ActiveCfg = Release|Any CPU
		{9847A4B2-94EE-4A6D-A524-753C2613C128}.Release|ARM64.Build.0 = Release|Any CPU
		{9847A4B2-94EE-4A6D-A524-753C2613C128}.Release|x64.ActiveCfg = Release|Any CPU
		{9847A4B2-94EE-4A6D-A524-753C2613C128}.Release|x64.Build.0 = Release|Any CPU
		{9847A4B2-94EE-4A6D-A524-753C2613C128}.Release|x86.ActiveCfg = Release|Any CPU
		{9847A4B2-94EE-4A6D-A524-753C2613C128}.Release|x86.Build.0 = Release|Any CPU
		{116B73B1-44AC-4C20-BAE4-2A84F2CCB088}.Debug|Any CPU.ActiveCfg = Debug|Any CPU
		{116B73B1-44AC-4C20-BAE4-2A84F2CCB088}.Debug|Any CPU.Build.0 = Debug|Any CPU
		{116B73B1-44AC-4C20-BAE4-2A84F2CCB088}.Debug|ARM.ActiveCfg = Debug|Any CPU
		{116B73B1-44AC-4C20-BAE4-2A84F2CCB088}.Debug|ARM.Build.0 = Debug|Any CPU
		{116B73B1-44AC-4C20-BAE4-2A84F2CCB088}.Debug|ARM64.ActiveCfg = Debug|Any CPU
		{116B73B1-44AC-4C20-BAE4-2A84F2CCB088}.Debug|ARM64.Build.0 = Debug|Any CPU
		{116B73B1-44AC-4C20-BAE4-2A84F2CCB088}.Debug|x64.ActiveCfg = Debug|Any CPU
		{116B73B1-44AC-4C20-BAE4-2A84F2CCB088}.Debug|x64.Build.0 = Debug|Any CPU
		{116B73B1-44AC-4C20-BAE4-2A84F2CCB088}.Debug|x86.ActiveCfg = Debug|Any CPU
		{116B73B1-44AC-4C20-BAE4-2A84F2CCB088}.Debug|x86.Build.0 = Debug|Any CPU
		{116B73B1-44AC-4C20-BAE4-2A84F2CCB088}.Release|Any CPU.ActiveCfg = Release|Any CPU
		{116B73B1-44AC-4C20-BAE4-2A84F2CCB088}.Release|Any CPU.Build.0 = Release|Any CPU
		{116B73B1-44AC-4C20-BAE4-2A84F2CCB088}.Release|ARM.ActiveCfg = Release|Any CPU
		{116B73B1-44AC-4C20-BAE4-2A84F2CCB088}.Release|ARM.Build.0 = Release|Any CPU
		{116B73B1-44AC-4C20-BAE4-2A84F2CCB088}.Release|ARM64.ActiveCfg = Release|Any CPU
		{116B73B1-44AC-4C20-BAE4-2A84F2CCB088}.Release|ARM64.Build.0 = Release|Any CPU
		{116B73B1-44AC-4C20-BAE4-2A84F2CCB088}.Release|x64.ActiveCfg = Release|Any CPU
		{116B73B1-44AC-4C20-BAE4-2A84F2CCB088}.Release|x64.Build.0 = Release|Any CPU
		{116B73B1-44AC-4C20-BAE4-2A84F2CCB088}.Release|x86.ActiveCfg = Release|Any CPU
		{116B73B1-44AC-4C20-BAE4-2A84F2CCB088}.Release|x86.Build.0 = Release|Any CPU
		{87E67EAD-4BF8-40E4-89DF-70A0509B53C1}.Debug|Any CPU.ActiveCfg = Debug|Any CPU
		{87E67EAD-4BF8-40E4-89DF-70A0509B53C1}.Debug|Any CPU.Build.0 = Debug|Any CPU
		{87E67EAD-4BF8-40E4-89DF-70A0509B53C1}.Debug|ARM.ActiveCfg = Debug|Any CPU
		{87E67EAD-4BF8-40E4-89DF-70A0509B53C1}.Debug|ARM.Build.0 = Debug|Any CPU
		{87E67EAD-4BF8-40E4-89DF-70A0509B53C1}.Debug|ARM64.ActiveCfg = Debug|Any CPU
		{87E67EAD-4BF8-40E4-89DF-70A0509B53C1}.Debug|ARM64.Build.0 = Debug|Any CPU
		{87E67EAD-4BF8-40E4-89DF-70A0509B53C1}.Debug|x64.ActiveCfg = Debug|Any CPU
		{87E67EAD-4BF8-40E4-89DF-70A0509B53C1}.Debug|x64.Build.0 = Debug|Any CPU
		{87E67EAD-4BF8-40E4-89DF-70A0509B53C1}.Debug|x86.ActiveCfg = Debug|Any CPU
		{87E67EAD-4BF8-40E4-89DF-70A0509B53C1}.Debug|x86.Build.0 = Debug|Any CPU
		{87E67EAD-4BF8-40E4-89DF-70A0509B53C1}.Release|Any CPU.ActiveCfg = Release|Any CPU
		{87E67EAD-4BF8-40E4-89DF-70A0509B53C1}.Release|Any CPU.Build.0 = Release|Any CPU
		{87E67EAD-4BF8-40E4-89DF-70A0509B53C1}.Release|ARM.ActiveCfg = Release|Any CPU
		{87E67EAD-4BF8-40E4-89DF-70A0509B53C1}.Release|ARM.Build.0 = Release|Any CPU
		{87E67EAD-4BF8-40E4-89DF-70A0509B53C1}.Release|ARM64.ActiveCfg = Release|Any CPU
		{87E67EAD-4BF8-40E4-89DF-70A0509B53C1}.Release|ARM64.Build.0 = Release|Any CPU
		{87E67EAD-4BF8-40E4-89DF-70A0509B53C1}.Release|x64.ActiveCfg = Release|Any CPU
		{87E67EAD-4BF8-40E4-89DF-70A0509B53C1}.Release|x64.Build.0 = Release|Any CPU
		{87E67EAD-4BF8-40E4-89DF-70A0509B53C1}.Release|x86.ActiveCfg = Release|Any CPU
		{87E67EAD-4BF8-40E4-89DF-70A0509B53C1}.Release|x86.Build.0 = Release|Any CPU
	EndGlobalSection
	GlobalSection(SolutionProperties) = preSolution
		HideSolutionNode = FALSE
	EndGlobalSection
	GlobalSection(NestedProjects) = preSolution
		{05266676-DFFD-4B7C-A3C6-8118AD47CABE} = {55EB07B2-3D02-45A2-8F00-FA632CBE2972}
		{AF268CBB-6195-4870-9F42-9E153B616785} = {55EB07B2-3D02-45A2-8F00-FA632CBE2972}
		{E312B70B-9F0E-445B-9C4E-8762BAA27D1C} = {55EB07B2-3D02-45A2-8F00-FA632CBE2972}
		{BFF82182-F627-403D-A0CE-63450C2B953B} = {55EB07B2-3D02-45A2-8F00-FA632CBE2972}
		{13183D08-090A-420B-A51D-AB081C7DE3E3} = {55EB07B2-3D02-45A2-8F00-FA632CBE2972}
		{40F4BD6E-96F8-4BFF-AD34-D4102062A32E} = {E5045D99-9714-4DC4-8DC2-31D20C5EAF91}
		{6FFA991D-6AA3-4860-BC23-65D06C9EB537} = {E5045D99-9714-4DC4-8DC2-31D20C5EAF91}
		{FE20C634-2AA6-4614-B5E7-F56713300D77} = {E5045D99-9714-4DC4-8DC2-31D20C5EAF91}
		{9847A4B2-94EE-4A6D-A524-753C2613C128} = {E5045D99-9714-4DC4-8DC2-31D20C5EAF91}
		{116B73B1-44AC-4C20-BAE4-2A84F2CCB088} = {E5045D99-9714-4DC4-8DC2-31D20C5EAF91}
		{87E67EAD-4BF8-40E4-89DF-70A0509B53C1} = {E5045D99-9714-4DC4-8DC2-31D20C5EAF91}
	EndGlobalSection
	GlobalSection(ExtensibilityGlobals) = postSolution
		SolutionGuid = {6359A446-BD67-4CC1-9DCB-CB637E60B6CF}
	EndGlobalSection
EndGlobal
