
Microsoft Visual Studio Solution File, Format Version 12.00
# Visual Studio Version 16
VisualStudioVersion = 16.0.30114.105
MinimumVisualStudioVersion = 10.0.40219.1
Project("{9A19103F-16F7-4668-BE54-9A1E7A4F7556}") = "Anf.Easy", "Anf.Engine.Easy\Anf.Easy.csproj", "{2E314013-B94F-4B03-8563-06F59BCE5F9F}"
EndProject
Project("{9A19103F-16F7-4668-BE54-9A1E7A4F7556}") = "Anf.Engine", "Anf.Engine\Anf.Engine.csproj", "{97B67F53-AA2D-4AB6-BE75-34B6D2ABB159}"
EndProject
Project("{9A19103F-16F7-4668-BE54-9A1E7A4F7556}") = "Anf.Cross", "MAUI\Anf.Cross\Anf.Cross\Anf.Cross.csproj", "{28BFF919-EF96-4D58-A2E3-732EA9AFADBF}"
EndProject
Project("{9A19103F-16F7-4668-BE54-9A1E7A4F7556}") = "Anf.Cross.WinUI3", "MAUI\Anf.Cross\Anf.Cross.WinUI3\Anf.Cross.WinUI3.csproj", "{B732CC6C-6DDD-42A0-A36C-D40EC98624E1}"
EndProject
Project("{9A19103F-16F7-4668-BE54-9A1E7A4F7556}") = "Anf.KnowEngines", "Engines\Anf.KnowEngines\Anf.KnowEngines.csproj", "{B0B80689-D8FF-4109-B41B-45771247BAE9}"
EndProject
Project("{9A19103F-16F7-4668-BE54-9A1E7A4F7556}") = "Anf.Platform", "Anf.Platform\Anf.Platform.csproj", "{B56447F5-98E2-494E-ADD4-531A1E6B5042}"
EndProject
Project("{2150E333-8FDC-42A3-9474-1A3956D46DE8}") = "Shareds", "Shareds", "{F40ADF92-B4A9-4237-B8DE-D24E7BC9C4F2}"
EndProject
Global
	GlobalSection(SolutionConfigurationPlatforms) = preSolution
		Debug|Any CPU = Debug|Any CPU
		Debug|arm64 = Debug|arm64
		Debug|x64 = Debug|x64
		Debug|x86 = Debug|x86
		Release|Any CPU = Release|Any CPU
		Release|arm64 = Release|arm64
		Release|x64 = Release|x64
		Release|x86 = Release|x86
	EndGlobalSection
	GlobalSection(ProjectConfigurationPlatforms) = postSolution
		{2E314013-B94F-4B03-8563-06F59BCE5F9F}.Debug|Any CPU.ActiveCfg = Debug|Any CPU
		{2E314013-B94F-4B03-8563-06F59BCE5F9F}.Debug|Any CPU.Build.0 = Debug|Any CPU
		{2E314013-B94F-4B03-8563-06F59BCE5F9F}.Debug|arm64.ActiveCfg = Debug|Any CPU
		{2E314013-B94F-4B03-8563-06F59BCE5F9F}.Debug|arm64.Build.0 = Debug|Any CPU
		{2E314013-B94F-4B03-8563-06F59BCE5F9F}.Debug|x64.ActiveCfg = Debug|Any CPU
		{2E314013-B94F-4B03-8563-06F59BCE5F9F}.Debug|x64.Build.0 = Debug|Any CPU
		{2E314013-B94F-4B03-8563-06F59BCE5F9F}.Debug|x86.ActiveCfg = Debug|Any CPU
		{2E314013-B94F-4B03-8563-06F59BCE5F9F}.Debug|x86.Build.0 = Debug|Any CPU
		{2E314013-B94F-4B03-8563-06F59BCE5F9F}.Release|Any CPU.ActiveCfg = Release|Any CPU
		{2E314013-B94F-4B03-8563-06F59BCE5F9F}.Release|Any CPU.Build.0 = Release|Any CPU
		{2E314013-B94F-4B03-8563-06F59BCE5F9F}.Release|arm64.ActiveCfg = Release|Any CPU
		{2E314013-B94F-4B03-8563-06F59BCE5F9F}.Release|arm64.Build.0 = Release|Any CPU
		{2E314013-B94F-4B03-8563-06F59BCE5F9F}.Release|x64.ActiveCfg = Release|Any CPU
		{2E314013-B94F-4B03-8563-06F59BCE5F9F}.Release|x64.Build.0 = Release|Any CPU
		{2E314013-B94F-4B03-8563-06F59BCE5F9F}.Release|x86.ActiveCfg = Release|Any CPU
		{2E314013-B94F-4B03-8563-06F59BCE5F9F}.Release|x86.Build.0 = Release|Any CPU
		{97B67F53-AA2D-4AB6-BE75-34B6D2ABB159}.Debug|Any CPU.ActiveCfg = Debug|Any CPU
		{97B67F53-AA2D-4AB6-BE75-34B6D2ABB159}.Debug|Any CPU.Build.0 = Debug|Any CPU
		{97B67F53-AA2D-4AB6-BE75-34B6D2ABB159}.Debug|arm64.ActiveCfg = Debug|Any CPU
		{97B67F53-AA2D-4AB6-BE75-34B6D2ABB159}.Debug|arm64.Build.0 = Debug|Any CPU
		{97B67F53-AA2D-4AB6-BE75-34B6D2ABB159}.Debug|x64.ActiveCfg = Debug|Any CPU
		{97B67F53-AA2D-4AB6-BE75-34B6D2ABB159}.Debug|x64.Build.0 = Debug|Any CPU
		{97B67F53-AA2D-4AB6-BE75-34B6D2ABB159}.Debug|x86.ActiveCfg = Debug|Any CPU
		{97B67F53-AA2D-4AB6-BE75-34B6D2ABB159}.Debug|x86.Build.0 = Debug|Any CPU
		{97B67F53-AA2D-4AB6-BE75-34B6D2ABB159}.Release|Any CPU.ActiveCfg = Release|Any CPU
		{97B67F53-AA2D-4AB6-BE75-34B6D2ABB159}.Release|Any CPU.Build.0 = Release|Any CPU
		{97B67F53-AA2D-4AB6-BE75-34B6D2ABB159}.Release|arm64.ActiveCfg = Release|Any CPU
		{97B67F53-AA2D-4AB6-BE75-34B6D2ABB159}.Release|arm64.Build.0 = Release|Any CPU
		{97B67F53-AA2D-4AB6-BE75-34B6D2ABB159}.Release|x64.ActiveCfg = Release|Any CPU
		{97B67F53-AA2D-4AB6-BE75-34B6D2ABB159}.Release|x64.Build.0 = Release|Any CPU
		{97B67F53-AA2D-4AB6-BE75-34B6D2ABB159}.Release|x86.ActiveCfg = Release|Any CPU
		{97B67F53-AA2D-4AB6-BE75-34B6D2ABB159}.Release|x86.Build.0 = Release|Any CPU
		{28BFF919-EF96-4D58-A2E3-732EA9AFADBF}.Debug|Any CPU.ActiveCfg = Debug|Any CPU
		{28BFF919-EF96-4D58-A2E3-732EA9AFADBF}.Debug|Any CPU.Build.0 = Debug|Any CPU
		{28BFF919-EF96-4D58-A2E3-732EA9AFADBF}.Debug|arm64.ActiveCfg = Debug|Any CPU
		{28BFF919-EF96-4D58-A2E3-732EA9AFADBF}.Debug|arm64.Build.0 = Debug|Any CPU
		{28BFF919-EF96-4D58-A2E3-732EA9AFADBF}.Debug|x64.ActiveCfg = Debug|Any CPU
		{28BFF919-EF96-4D58-A2E3-732EA9AFADBF}.Debug|x64.Build.0 = Debug|Any CPU
		{28BFF919-EF96-4D58-A2E3-732EA9AFADBF}.Debug|x86.ActiveCfg = Debug|Any CPU
		{28BFF919-EF96-4D58-A2E3-732EA9AFADBF}.Debug|x86.Build.0 = Debug|Any CPU
		{28BFF919-EF96-4D58-A2E3-732EA9AFADBF}.Release|Any CPU.ActiveCfg = Release|Any CPU
		{28BFF919-EF96-4D58-A2E3-732EA9AFADBF}.Release|Any CPU.Build.0 = Release|Any CPU
		{28BFF919-EF96-4D58-A2E3-732EA9AFADBF}.Release|arm64.ActiveCfg = Release|Any CPU
		{28BFF919-EF96-4D58-A2E3-732EA9AFADBF}.Release|arm64.Build.0 = Release|Any CPU
		{28BFF919-EF96-4D58-A2E3-732EA9AFADBF}.Release|x64.ActiveCfg = Release|Any CPU
		{28BFF919-EF96-4D58-A2E3-732EA9AFADBF}.Release|x64.Build.0 = Release|Any CPU
		{28BFF919-EF96-4D58-A2E3-732EA9AFADBF}.Release|x86.ActiveCfg = Release|Any CPU
		{28BFF919-EF96-4D58-A2E3-732EA9AFADBF}.Release|x86.Build.0 = Release|Any CPU
		{B732CC6C-6DDD-42A0-A36C-D40EC98624E1}.Debug|Any CPU.ActiveCfg = Debug|x86
		{B732CC6C-6DDD-42A0-A36C-D40EC98624E1}.Debug|Any CPU.Build.0 = Debug|x86
		{B732CC6C-6DDD-42A0-A36C-D40EC98624E1}.Debug|arm64.ActiveCfg = Debug|arm64
		{B732CC6C-6DDD-42A0-A36C-D40EC98624E1}.Debug|arm64.Build.0 = Debug|arm64
		{B732CC6C-6DDD-42A0-A36C-D40EC98624E1}.Debug|x64.ActiveCfg = Debug|x64
		{B732CC6C-6DDD-42A0-A36C-D40EC98624E1}.Debug|x64.Build.0 = Debug|x64
		{B732CC6C-6DDD-42A0-A36C-D40EC98624E1}.Debug|x86.ActiveCfg = Debug|x86
		{B732CC6C-6DDD-42A0-A36C-D40EC98624E1}.Debug|x86.Build.0 = Debug|x86
		{B732CC6C-6DDD-42A0-A36C-D40EC98624E1}.Release|Any CPU.ActiveCfg = Release|x86
		{B732CC6C-6DDD-42A0-A36C-D40EC98624E1}.Release|Any CPU.Build.0 = Release|x86
		{B732CC6C-6DDD-42A0-A36C-D40EC98624E1}.Release|arm64.ActiveCfg = Release|arm64
		{B732CC6C-6DDD-42A0-A36C-D40EC98624E1}.Release|arm64.Build.0 = Release|arm64
		{B732CC6C-6DDD-42A0-A36C-D40EC98624E1}.Release|x64.ActiveCfg = Release|x64
		{B732CC6C-6DDD-42A0-A36C-D40EC98624E1}.Release|x64.Build.0 = Release|x64
		{B732CC6C-6DDD-42A0-A36C-D40EC98624E1}.Release|x86.ActiveCfg = Release|x86
		{B732CC6C-6DDD-42A0-A36C-D40EC98624E1}.Release|x86.Build.0 = Release|x86
		{B0B80689-D8FF-4109-B41B-45771247BAE9}.Debug|Any CPU.ActiveCfg = Debug|Any CPU
		{B0B80689-D8FF-4109-B41B-45771247BAE9}.Debug|Any CPU.Build.0 = Debug|Any CPU
		{B0B80689-D8FF-4109-B41B-45771247BAE9}.Debug|arm64.ActiveCfg = Debug|Any CPU
		{B0B80689-D8FF-4109-B41B-45771247BAE9}.Debug|arm64.Build.0 = Debug|Any CPU
		{B0B80689-D8FF-4109-B41B-45771247BAE9}.Debug|x64.ActiveCfg = Debug|Any CPU
		{B0B80689-D8FF-4109-B41B-45771247BAE9}.Debug|x64.Build.0 = Debug|Any CPU
		{B0B80689-D8FF-4109-B41B-45771247BAE9}.Debug|x86.ActiveCfg = Debug|Any CPU
		{B0B80689-D8FF-4109-B41B-45771247BAE9}.Debug|x86.Build.0 = Debug|Any CPU
		{B0B80689-D8FF-4109-B41B-45771247BAE9}.Release|Any CPU.ActiveCfg = Release|Any CPU
		{B0B80689-D8FF-4109-B41B-45771247BAE9}.Release|Any CPU.Build.0 = Release|Any CPU
		{B0B80689-D8FF-4109-B41B-45771247BAE9}.Release|arm64.ActiveCfg = Release|Any CPU
		{B0B80689-D8FF-4109-B41B-45771247BAE9}.Release|arm64.Build.0 = Release|Any CPU
		{B0B80689-D8FF-4109-B41B-45771247BAE9}.Release|x64.ActiveCfg = Release|Any CPU
		{B0B80689-D8FF-4109-B41B-45771247BAE9}.Release|x64.Build.0 = Release|Any CPU
		{B0B80689-D8FF-4109-B41B-45771247BAE9}.Release|x86.ActiveCfg = Release|Any CPU
		{B0B80689-D8FF-4109-B41B-45771247BAE9}.Release|x86.Build.0 = Release|Any CPU
		{B56447F5-98E2-494E-ADD4-531A1E6B5042}.Debug|Any CPU.ActiveCfg = Debug|Any CPU
		{B56447F5-98E2-494E-ADD4-531A1E6B5042}.Debug|Any CPU.Build.0 = Debug|Any CPU
		{B56447F5-98E2-494E-ADD4-531A1E6B5042}.Debug|arm64.ActiveCfg = Debug|Any CPU
		{B56447F5-98E2-494E-ADD4-531A1E6B5042}.Debug|arm64.Build.0 = Debug|Any CPU
		{B56447F5-98E2-494E-ADD4-531A1E6B5042}.Debug|x64.ActiveCfg = Debug|Any CPU
		{B56447F5-98E2-494E-ADD4-531A1E6B5042}.Debug|x64.Build.0 = Debug|Any CPU
		{B56447F5-98E2-494E-ADD4-531A1E6B5042}.Debug|x86.ActiveCfg = Debug|Any CPU
		{B56447F5-98E2-494E-ADD4-531A1E6B5042}.Debug|x86.Build.0 = Debug|Any CPU
		{B56447F5-98E2-494E-ADD4-531A1E6B5042}.Release|Any CPU.ActiveCfg = Release|Any CPU
		{B56447F5-98E2-494E-ADD4-531A1E6B5042}.Release|Any CPU.Build.0 = Release|Any CPU
		{B56447F5-98E2-494E-ADD4-531A1E6B5042}.Release|arm64.ActiveCfg = Release|Any CPU
		{B56447F5-98E2-494E-ADD4-531A1E6B5042}.Release|arm64.Build.0 = Release|Any CPU
		{B56447F5-98E2-494E-ADD4-531A1E6B5042}.Release|x64.ActiveCfg = Release|Any CPU
		{B56447F5-98E2-494E-ADD4-531A1E6B5042}.Release|x64.Build.0 = Release|Any CPU
		{B56447F5-98E2-494E-ADD4-531A1E6B5042}.Release|x86.ActiveCfg = Release|Any CPU
		{B56447F5-98E2-494E-ADD4-531A1E6B5042}.Release|x86.Build.0 = Release|Any CPU
	EndGlobalSection
	GlobalSection(SolutionProperties) = preSolution
		HideSolutionNode = FALSE
	EndGlobalSection
	GlobalSection(NestedProjects) = preSolution
		{2E314013-B94F-4B03-8563-06F59BCE5F9F} = {F40ADF92-B4A9-4237-B8DE-D24E7BC9C4F2}
		{97B67F53-AA2D-4AB6-BE75-34B6D2ABB159} = {F40ADF92-B4A9-4237-B8DE-D24E7BC9C4F2}
		{B0B80689-D8FF-4109-B41B-45771247BAE9} = {F40ADF92-B4A9-4237-B8DE-D24E7BC9C4F2}
		{B56447F5-98E2-494E-ADD4-531A1E6B5042} = {F40ADF92-B4A9-4237-B8DE-D24E7BC9C4F2}
	EndGlobalSection
	GlobalSection(ExtensibilityGlobals) = postSolution
		SolutionGuid = {4DB8B544-A511-4F40-B98D-260224F82A24}
	EndGlobalSection
EndGlobal
