
Microsoft Visual Studio Solution File, Format Version 12.00
# Visual Studio Version 16
VisualStudioVersion = 16.0.30114.105
MinimumVisualStudioVersion = 10.0.40219.1
Project("{9A19103F-16F7-4668-BE54-9A1E7A4F7556}") = "Anf.Engine", "Anf.Engine\Anf.Engine.csproj", "{05266676-DFFD-4B7C-A3C6-8118AD47CABE}"
EndProject
Project("{9A19103F-16F7-4668-BE54-9A1E7A4F7556}") = "Anf.Easy", "Anf.Engine.Easy\Anf.Easy.csproj", "{AF268CBB-6195-4870-9F42-9E153B616785}"
EndProject
Project("{9A19103F-16F7-4668-BE54-9A1E7A4F7556}") = "Anf.Desktop", "Anf.Desktop\Anf.Desktop.csproj", "{9BB9D936-FED3-48D3-9E40-BA83D15446FC}"
EndProject
Project("{9A19103F-16F7-4668-BE54-9A1E7A4F7556}") = "Anf.ChannelModel", "Anf.ChannelModel\Anf.ChannelModel.csproj", "{E312B70B-9F0E-445B-9C4E-8762BAA27D1C}"
EndProject
Project("{9A19103F-16F7-4668-BE54-9A1E7A4F7556}") = "Anf.KnowEngines", "Engines\Anf.KnowEngines\Anf.KnowEngines.csproj", "{BFF82182-F627-403D-A0CE-63450C2B953B}"
EndProject
Project("{9A19103F-16F7-4668-BE54-9A1E7A4F7556}") = "Anf.Platform", "Anf.Platform\Anf.Platform.csproj", "{13183D08-090A-420B-A51D-AB081C7DE3E3}"
EndProject
Project("{2150E333-8FDC-42A3-9474-1A3956D46DE8}") = "Shareds", "Shareds", "{55EB07B2-3D02-45A2-8F00-FA632CBE2972}"
EndProject
Global
	GlobalSection(SolutionConfigurationPlatforms) = preSolution
		Debug|Any CPU = Debug|Any CPU
		Debug|x64 = Debug|x64
		Debug|x86 = Debug|x86
		Release|Any CPU = Release|Any CPU
		Release|x64 = Release|x64
		Release|x86 = Release|x86
	EndGlobalSection
	GlobalSection(ProjectConfigurationPlatforms) = postSolution
		{05266676-DFFD-4B7C-A3C6-8118AD47CABE}.Debug|Any CPU.ActiveCfg = Debug|Any CPU
		{05266676-DFFD-4B7C-A3C6-8118AD47CABE}.Debug|Any CPU.Build.0 = Debug|Any CPU
		{05266676-DFFD-4B7C-A3C6-8118AD47CABE}.Debug|x64.ActiveCfg = Debug|Any CPU
		{05266676-DFFD-4B7C-A3C6-8118AD47CABE}.Debug|x64.Build.0 = Debug|Any CPU
		{05266676-DFFD-4B7C-A3C6-8118AD47CABE}.Debug|x86.ActiveCfg = Debug|Any CPU
		{05266676-DFFD-4B7C-A3C6-8118AD47CABE}.Debug|x86.Build.0 = Debug|Any CPU
		{05266676-DFFD-4B7C-A3C6-8118AD47CABE}.Release|Any CPU.ActiveCfg = Release|Any CPU
		{05266676-DFFD-4B7C-A3C6-8118AD47CABE}.Release|Any CPU.Build.0 = Release|Any CPU
		{05266676-DFFD-4B7C-A3C6-8118AD47CABE}.Release|x64.ActiveCfg = Release|Any CPU
		{05266676-DFFD-4B7C-A3C6-8118AD47CABE}.Release|x64.Build.0 = Release|Any CPU
		{05266676-DFFD-4B7C-A3C6-8118AD47CABE}.Release|x86.ActiveCfg = Release|Any CPU
		{05266676-DFFD-4B7C-A3C6-8118AD47CABE}.Release|x86.Build.0 = Release|Any CPU
		{AF268CBB-6195-4870-9F42-9E153B616785}.Debug|Any CPU.ActiveCfg = Debug|Any CPU
		{AF268CBB-6195-4870-9F42-9E153B616785}.Debug|Any CPU.Build.0 = Debug|Any CPU
		{AF268CBB-6195-4870-9F42-9E153B616785}.Debug|x64.ActiveCfg = Debug|Any CPU
		{AF268CBB-6195-4870-9F42-9E153B616785}.Debug|x64.Build.0 = Debug|Any CPU
		{AF268CBB-6195-4870-9F42-9E153B616785}.Debug|x86.ActiveCfg = Debug|Any CPU
		{AF268CBB-6195-4870-9F42-9E153B616785}.Debug|x86.Build.0 = Debug|Any CPU
		{AF268CBB-6195-4870-9F42-9E153B616785}.Release|Any CPU.ActiveCfg = Release|Any CPU
		{AF268CBB-6195-4870-9F42-9E153B616785}.Release|Any CPU.Build.0 = Release|Any CPU
		{AF268CBB-6195-4870-9F42-9E153B616785}.Release|x64.ActiveCfg = Release|Any CPU
		{AF268CBB-6195-4870-9F42-9E153B616785}.Release|x64.Build.0 = Release|Any CPU
		{AF268CBB-6195-4870-9F42-9E153B616785}.Release|x86.ActiveCfg = Release|Any CPU
		{AF268CBB-6195-4870-9F42-9E153B616785}.Release|x86.Build.0 = Release|Any CPU
		{9BB9D936-FED3-48D3-9E40-BA83D15446FC}.Debug|Any CPU.ActiveCfg = Debug|Any CPU
		{9BB9D936-FED3-48D3-9E40-BA83D15446FC}.Debug|Any CPU.Build.0 = Debug|Any CPU
		{9BB9D936-FED3-48D3-9E40-BA83D15446FC}.Debug|x64.ActiveCfg = Debug|Any CPU
		{9BB9D936-FED3-48D3-9E40-BA83D15446FC}.Debug|x64.Build.0 = Debug|Any CPU
		{9BB9D936-FED3-48D3-9E40-BA83D15446FC}.Debug|x86.ActiveCfg = Debug|Any CPU
		{9BB9D936-FED3-48D3-9E40-BA83D15446FC}.Debug|x86.Build.0 = Debug|Any CPU
		{9BB9D936-FED3-48D3-9E40-BA83D15446FC}.Release|Any CPU.ActiveCfg = Release|Any CPU
		{9BB9D936-FED3-48D3-9E40-BA83D15446FC}.Release|Any CPU.Build.0 = Release|Any CPU
		{9BB9D936-FED3-48D3-9E40-BA83D15446FC}.Release|x64.ActiveCfg = Release|Any CPU
		{9BB9D936-FED3-48D3-9E40-BA83D15446FC}.Release|x64.Build.0 = Release|Any CPU
		{9BB9D936-FED3-48D3-9E40-BA83D15446FC}.Release|x86.ActiveCfg = Release|Any CPU
		{9BB9D936-FED3-48D3-9E40-BA83D15446FC}.Release|x86.Build.0 = Release|Any CPU
		{E312B70B-9F0E-445B-9C4E-8762BAA27D1C}.Debug|Any CPU.ActiveCfg = Debug|Any CPU
		{E312B70B-9F0E-445B-9C4E-8762BAA27D1C}.Debug|Any CPU.Build.0 = Debug|Any CPU
		{E312B70B-9F0E-445B-9C4E-8762BAA27D1C}.Debug|x64.ActiveCfg = Debug|Any CPU
		{E312B70B-9F0E-445B-9C4E-8762BAA27D1C}.Debug|x64.Build.0 = Debug|Any CPU
		{E312B70B-9F0E-445B-9C4E-8762BAA27D1C}.Debug|x86.ActiveCfg = Debug|Any CPU
		{E312B70B-9F0E-445B-9C4E-8762BAA27D1C}.Debug|x86.Build.0 = Debug|Any CPU
		{E312B70B-9F0E-445B-9C4E-8762BAA27D1C}.Release|Any CPU.ActiveCfg = Release|Any CPU
		{E312B70B-9F0E-445B-9C4E-8762BAA27D1C}.Release|Any CPU.Build.0 = Release|Any CPU
		{E312B70B-9F0E-445B-9C4E-8762BAA27D1C}.Release|x64.ActiveCfg = Release|Any CPU
		{E312B70B-9F0E-445B-9C4E-8762BAA27D1C}.Release|x64.Build.0 = Release|Any CPU
		{E312B70B-9F0E-445B-9C4E-8762BAA27D1C}.Release|x86.ActiveCfg = Release|Any CPU
		{E312B70B-9F0E-445B-9C4E-8762BAA27D1C}.Release|x86.Build.0 = Release|Any CPU
		{BFF82182-F627-403D-A0CE-63450C2B953B}.Debug|Any CPU.ActiveCfg = Debug|Any CPU
		{BFF82182-F627-403D-A0CE-63450C2B953B}.Debug|Any CPU.Build.0 = Debug|Any CPU
		{BFF82182-F627-403D-A0CE-63450C2B953B}.Debug|x64.ActiveCfg = Debug|Any CPU
		{BFF82182-F627-403D-A0CE-63450C2B953B}.Debug|x64.Build.0 = Debug|Any CPU
		{BFF82182-F627-403D-A0CE-63450C2B953B}.Debug|x86.ActiveCfg = Debug|Any CPU
		{BFF82182-F627-403D-A0CE-63450C2B953B}.Debug|x86.Build.0 = Debug|Any CPU
		{BFF82182-F627-403D-A0CE-63450C2B953B}.Release|Any CPU.ActiveCfg = Release|Any CPU
		{BFF82182-F627-403D-A0CE-63450C2B953B}.Release|Any CPU.Build.0 = Release|Any CPU
		{BFF82182-F627-403D-A0CE-63450C2B953B}.Release|x64.ActiveCfg = Release|Any CPU
		{BFF82182-F627-403D-A0CE-63450C2B953B}.Release|x64.Build.0 = Release|Any CPU
		{BFF82182-F627-403D-A0CE-63450C2B953B}.Release|x86.ActiveCfg = Release|Any CPU
		{BFF82182-F627-403D-A0CE-63450C2B953B}.Release|x86.Build.0 = Release|Any CPU
		{13183D08-090A-420B-A51D-AB081C7DE3E3}.Debug|Any CPU.ActiveCfg = Debug|Any CPU
		{13183D08-090A-420B-A51D-AB081C7DE3E3}.Debug|Any CPU.Build.0 = Debug|Any CPU
		{13183D08-090A-420B-A51D-AB081C7DE3E3}.Debug|x64.ActiveCfg = Debug|Any CPU
		{13183D08-090A-420B-A51D-AB081C7DE3E3}.Debug|x64.Build.0 = Debug|Any CPU
		{13183D08-090A-420B-A51D-AB081C7DE3E3}.Debug|x86.ActiveCfg = Debug|Any CPU
		{13183D08-090A-420B-A51D-AB081C7DE3E3}.Debug|x86.Build.0 = Debug|Any CPU
		{13183D08-090A-420B-A51D-AB081C7DE3E3}.Release|Any CPU.ActiveCfg = Release|Any CPU
		{13183D08-090A-420B-A51D-AB081C7DE3E3}.Release|Any CPU.Build.0 = Release|Any CPU
		{13183D08-090A-420B-A51D-AB081C7DE3E3}.Release|x64.ActiveCfg = Release|Any CPU
		{13183D08-090A-420B-A51D-AB081C7DE3E3}.Release|x64.Build.0 = Release|Any CPU
		{13183D08-090A-420B-A51D-AB081C7DE3E3}.Release|x86.ActiveCfg = Release|Any CPU
		{13183D08-090A-420B-A51D-AB081C7DE3E3}.Release|x86.Build.0 = Release|Any CPU
	EndGlobalSection
	GlobalSection(SolutionProperties) = preSolution
		HideSolutionNode = FALSE
	EndGlobalSection
	GlobalSection(NestedProjects) = preSolution
		{05266676-DFFD-4B7C-A3C6-8118AD47CABE} = {55EB07B2-3D02-45A2-8F00-FA632CBE2972}
		{AF268CBB-6195-4870-9F42-9E153B616785} = {55EB07B2-3D02-45A2-8F00-FA632CBE2972}
		{E312B70B-9F0E-445B-9C4E-8762BAA27D1C} = {55EB07B2-3D02-45A2-8F00-FA632CBE2972}
		{BFF82182-F627-403D-A0CE-63450C2B953B} = {55EB07B2-3D02-45A2-8F00-FA632CBE2972}
		{13183D08-090A-420B-A51D-AB081C7DE3E3} = {55EB07B2-3D02-45A2-8F00-FA632CBE2972}
	EndGlobalSection
	GlobalSection(ExtensibilityGlobals) = postSolution
		SolutionGuid = {6359A446-BD67-4CC1-9DCB-CB637E60B6CF}
	EndGlobalSection
EndGlobal
