
Microsoft Visual Studio Solution File, Format Version 12.00
# Visual Studio Version 16
VisualStudioVersion = 16.0.30114.105
MinimumVisualStudioVersion = 10.0.40219.1
Project("{9A19103F-16F7-4668-BE54-9A1E7A4F7556}") = "Anf.Engine", "Anf.Engine\Anf.Engine.csproj", "{899AAF6D-63AF-4A67-8A79-CC4DE5F9AAA4}"
EndProject
Project("{9A19103F-16F7-4668-BE54-9A1E7A4F7556}") = "Anf.Easy", "Anf.Engine.Easy\Anf.Easy.csproj", "{60DCE215-EC45-4AD1-B732-B59EDDDE907E}"
EndProject
Project("{9A19103F-16F7-4668-BE54-9A1E7A4F7556}") = "Anf.Platform", "Anf.Platform\Anf.Platform.csproj", "{CA0B5B4A-223C-48ED-A813-B4280526E7E7}"
EndProject
Project("{9A19103F-16F7-4668-BE54-9A1E7A4F7556}") = "Anf.Easy.Test", "..\test\Anf.Easy.Test\Anf.Easy.Test.csproj", "{FA53BD52-E950-4546-AE75-5651E5BC2172}"
EndProject
Project("{9A19103F-16F7-4668-BE54-9A1E7A4F7556}") = "Anf.Platform.Test", "..\test\Anf.Platform.Test\Anf.Platform.Test.csproj", "{61D514B3-027F-4BBC-9981-9232BC4DCA07}"
EndProject
Project("{9A19103F-16F7-4668-BE54-9A1E7A4F7556}") = "Anf.Test", "..\test\Anf.Test\Anf.Test.csproj", "{8F50C580-D430-4F72-ADF8-D9304279B7E4}"
EndProject
Project("{9A19103F-16F7-4668-BE54-9A1E7A4F7556}") = "SimpleService", "..\test\SimpleService\SimpleService.csproj", "{8491C531-E5AE-41F2-9F03-06EEF7A0CE7C}"
EndProject
Project("{2150E333-8FDC-42A3-9474-1A3956D46DE8}") = "Testing", "Testing", "{FE60614E-30CA-4B0D-B76D-491A71BCC465}"
EndProject
Global
	GlobalSection(SolutionConfigurationPlatforms) = preSolution
		Debug|Any CPU = Debug|Any CPU
		Debug|x64 = Debug|x64
		Debug|x86 = Debug|x86
		Release|Any CPU = Release|Any CPU
		Release|x64 = Release|x64
		Release|x86 = Release|x86
	EndGlobalSection
	GlobalSection(ProjectConfigurationPlatforms) = postSolution
		{899AAF6D-63AF-4A67-8A79-CC4DE5F9AAA4}.Debug|Any CPU.ActiveCfg = Debug|Any CPU
		{899AAF6D-63AF-4A67-8A79-CC4DE5F9AAA4}.Debug|Any CPU.Build.0 = Debug|Any CPU
		{899AAF6D-63AF-4A67-8A79-CC4DE5F9AAA4}.Debug|x64.ActiveCfg = Debug|Any CPU
		{899AAF6D-63AF-4A67-8A79-CC4DE5F9AAA4}.Debug|x64.Build.0 = Debug|Any CPU
		{899AAF6D-63AF-4A67-8A79-CC4DE5F9AAA4}.Debug|x86.ActiveCfg = Debug|Any CPU
		{899AAF6D-63AF-4A67-8A79-CC4DE5F9AAA4}.Debug|x86.Build.0 = Debug|Any CPU
		{899AAF6D-63AF-4A67-8A79-CC4DE5F9AAA4}.Release|Any CPU.ActiveCfg = Release|Any CPU
		{899AAF6D-63AF-4A67-8A79-CC4DE5F9AAA4}.Release|Any CPU.Build.0 = Release|Any CPU
		{899AAF6D-63AF-4A67-8A79-CC4DE5F9AAA4}.Release|x64.ActiveCfg = Release|Any CPU
		{899AAF6D-63AF-4A67-8A79-CC4DE5F9AAA4}.Release|x64.Build.0 = Release|Any CPU
		{899AAF6D-63AF-4A67-8A79-CC4DE5F9AAA4}.Release|x86.ActiveCfg = Release|Any CPU
		{899AAF6D-63AF-4A67-8A79-CC4DE5F9AAA4}.Release|x86.Build.0 = Release|Any CPU
		{60DCE215-EC45-4AD1-B732-B59EDDDE907E}.Debug|Any CPU.ActiveCfg = Debug|Any CPU
		{60DCE215-EC45-4AD1-B732-B59EDDDE907E}.Debug|Any CPU.Build.0 = Debug|Any CPU
		{60DCE215-EC45-4AD1-B732-B59EDDDE907E}.Debug|x64.ActiveCfg = Debug|Any CPU
		{60DCE215-EC45-4AD1-B732-B59EDDDE907E}.Debug|x64.Build.0 = Debug|Any CPU
		{60DCE215-EC45-4AD1-B732-B59EDDDE907E}.Debug|x86.ActiveCfg = Debug|Any CPU
		{60DCE215-EC45-4AD1-B732-B59EDDDE907E}.Debug|x86.Build.0 = Debug|Any CPU
		{60DCE215-EC45-4AD1-B732-B59EDDDE907E}.Release|Any CPU.ActiveCfg = Release|Any CPU
		{60DCE215-EC45-4AD1-B732-B59EDDDE907E}.Release|Any CPU.Build.0 = Release|Any CPU
		{60DCE215-EC45-4AD1-B732-B59EDDDE907E}.Release|x64.ActiveCfg = Release|Any CPU
		{60DCE215-EC45-4AD1-B732-B59EDDDE907E}.Release|x64.Build.0 = Release|Any CPU
		{60DCE215-EC45-4AD1-B732-B59EDDDE907E}.Release|x86.ActiveCfg = Release|Any CPU
		{60DCE215-EC45-4AD1-B732-B59EDDDE907E}.Release|x86.Build.0 = Release|Any CPU
		{CA0B5B4A-223C-48ED-A813-B4280526E7E7}.Debug|Any CPU.ActiveCfg = Debug|Any CPU
		{CA0B5B4A-223C-48ED-A813-B4280526E7E7}.Debug|Any CPU.Build.0 = Debug|Any CPU
		{CA0B5B4A-223C-48ED-A813-B4280526E7E7}.Debug|x64.ActiveCfg = Debug|Any CPU
		{CA0B5B4A-223C-48ED-A813-B4280526E7E7}.Debug|x64.Build.0 = Debug|Any CPU
		{CA0B5B4A-223C-48ED-A813-B4280526E7E7}.Debug|x86.ActiveCfg = Debug|Any CPU
		{CA0B5B4A-223C-48ED-A813-B4280526E7E7}.Debug|x86.Build.0 = Debug|Any CPU
		{CA0B5B4A-223C-48ED-A813-B4280526E7E7}.Release|Any CPU.ActiveCfg = Release|Any CPU
		{CA0B5B4A-223C-48ED-A813-B4280526E7E7}.Release|Any CPU.Build.0 = Release|Any CPU
		{CA0B5B4A-223C-48ED-A813-B4280526E7E7}.Release|x64.ActiveCfg = Release|Any CPU
		{CA0B5B4A-223C-48ED-A813-B4280526E7E7}.Release|x64.Build.0 = Release|Any CPU
		{CA0B5B4A-223C-48ED-A813-B4280526E7E7}.Release|x86.ActiveCfg = Release|Any CPU
		{CA0B5B4A-223C-48ED-A813-B4280526E7E7}.Release|x86.Build.0 = Release|Any CPU
		{FA53BD52-E950-4546-AE75-5651E5BC2172}.Debug|Any CPU.ActiveCfg = Debug|Any CPU
		{FA53BD52-E950-4546-AE75-5651E5BC2172}.Debug|Any CPU.Build.0 = Debug|Any CPU
		{FA53BD52-E950-4546-AE75-5651E5BC2172}.Debug|x64.ActiveCfg = Debug|Any CPU
		{FA53BD52-E950-4546-AE75-5651E5BC2172}.Debug|x64.Build.0 = Debug|Any CPU
		{FA53BD52-E950-4546-AE75-5651E5BC2172}.Debug|x86.ActiveCfg = Debug|Any CPU
		{FA53BD52-E950-4546-AE75-5651E5BC2172}.Debug|x86.Build.0 = Debug|Any CPU
		{FA53BD52-E950-4546-AE75-5651E5BC2172}.Release|Any CPU.ActiveCfg = Release|Any CPU
		{FA53BD52-E950-4546-AE75-5651E5BC2172}.Release|Any CPU.Build.0 = Release|Any CPU
		{FA53BD52-E950-4546-AE75-5651E5BC2172}.Release|x64.ActiveCfg = Release|Any CPU
		{FA53BD52-E950-4546-AE75-5651E5BC2172}.Release|x64.Build.0 = Release|Any CPU
		{FA53BD52-E950-4546-AE75-5651E5BC2172}.Release|x86.ActiveCfg = Release|Any CPU
		{FA53BD52-E950-4546-AE75-5651E5BC2172}.Release|x86.Build.0 = Release|Any CPU
		{61D514B3-027F-4BBC-9981-9232BC4DCA07}.Debug|Any CPU.ActiveCfg = Debug|Any CPU
		{61D514B3-027F-4BBC-9981-9232BC4DCA07}.Debug|Any CPU.Build.0 = Debug|Any CPU
		{61D514B3-027F-4BBC-9981-9232BC4DCA07}.Debug|x64.ActiveCfg = Debug|Any CPU
		{61D514B3-027F-4BBC-9981-9232BC4DCA07}.Debug|x64.Build.0 = Debug|Any CPU
		{61D514B3-027F-4BBC-9981-9232BC4DCA07}.Debug|x86.ActiveCfg = Debug|Any CPU
		{61D514B3-027F-4BBC-9981-9232BC4DCA07}.Debug|x86.Build.0 = Debug|Any CPU
		{61D514B3-027F-4BBC-9981-9232BC4DCA07}.Release|Any CPU.ActiveCfg = Release|Any CPU
		{61D514B3-027F-4BBC-9981-9232BC4DCA07}.Release|Any CPU.Build.0 = Release|Any CPU
		{61D514B3-027F-4BBC-9981-9232BC4DCA07}.Release|x64.ActiveCfg = Release|Any CPU
		{61D514B3-027F-4BBC-9981-9232BC4DCA07}.Release|x64.Build.0 = Release|Any CPU
		{61D514B3-027F-4BBC-9981-9232BC4DCA07}.Release|x86.ActiveCfg = Release|Any CPU
		{61D514B3-027F-4BBC-9981-9232BC4DCA07}.Release|x86.Build.0 = Release|Any CPU
		{8F50C580-D430-4F72-ADF8-D9304279B7E4}.Debug|Any CPU.ActiveCfg = Debug|Any CPU
		{8F50C580-D430-4F72-ADF8-D9304279B7E4}.Debug|Any CPU.Build.0 = Debug|Any CPU
		{8F50C580-D430-4F72-ADF8-D9304279B7E4}.Debug|x64.ActiveCfg = Debug|Any CPU
		{8F50C580-D430-4F72-ADF8-D9304279B7E4}.Debug|x64.Build.0 = Debug|Any CPU
		{8F50C580-D430-4F72-ADF8-D9304279B7E4}.Debug|x86.ActiveCfg = Debug|Any CPU
		{8F50C580-D430-4F72-ADF8-D9304279B7E4}.Debug|x86.Build.0 = Debug|Any CPU
		{8F50C580-D430-4F72-ADF8-D9304279B7E4}.Release|Any CPU.ActiveCfg = Release|Any CPU
		{8F50C580-D430-4F72-ADF8-D9304279B7E4}.Release|Any CPU.Build.0 = Release|Any CPU
		{8F50C580-D430-4F72-ADF8-D9304279B7E4}.Release|x64.ActiveCfg = Release|Any CPU
		{8F50C580-D430-4F72-ADF8-D9304279B7E4}.Release|x64.Build.0 = Release|Any CPU
		{8F50C580-D430-4F72-ADF8-D9304279B7E4}.Release|x86.ActiveCfg = Release|Any CPU
		{8F50C580-D430-4F72-ADF8-D9304279B7E4}.Release|x86.Build.0 = Release|Any CPU
		{8491C531-E5AE-41F2-9F03-06EEF7A0CE7C}.Debug|Any CPU.ActiveCfg = Debug|Any CPU
		{8491C531-E5AE-41F2-9F03-06EEF7A0CE7C}.Debug|Any CPU.Build.0 = Debug|Any CPU
		{8491C531-E5AE-41F2-9F03-06EEF7A0CE7C}.Debug|x64.ActiveCfg = Debug|Any CPU
		{8491C531-E5AE-41F2-9F03-06EEF7A0CE7C}.Debug|x64.Build.0 = Debug|Any CPU
		{8491C531-E5AE-41F2-9F03-06EEF7A0CE7C}.Debug|x86.ActiveCfg = Debug|Any CPU
		{8491C531-E5AE-41F2-9F03-06EEF7A0CE7C}.Debug|x86.Build.0 = Debug|Any CPU
		{8491C531-E5AE-41F2-9F03-06EEF7A0CE7C}.Release|Any CPU.ActiveCfg = Release|Any CPU
		{8491C531-E5AE-41F2-9F03-06EEF7A0CE7C}.Release|Any CPU.Build.0 = Release|Any CPU
		{8491C531-E5AE-41F2-9F03-06EEF7A0CE7C}.Release|x64.ActiveCfg = Release|Any CPU
		{8491C531-E5AE-41F2-9F03-06EEF7A0CE7C}.Release|x64.Build.0 = Release|Any CPU
		{8491C531-E5AE-41F2-9F03-06EEF7A0CE7C}.Release|x86.ActiveCfg = Release|Any CPU
		{8491C531-E5AE-41F2-9F03-06EEF7A0CE7C}.Release|x86.Build.0 = Release|Any CPU
	EndGlobalSection
	GlobalSection(SolutionProperties) = preSolution
		HideSolutionNode = FALSE
	EndGlobalSection
	GlobalSection(NestedProjects) = preSolution
		{FA53BD52-E950-4546-AE75-5651E5BC2172} = {FE60614E-30CA-4B0D-B76D-491A71BCC465}
		{61D514B3-027F-4BBC-9981-9232BC4DCA07} = {FE60614E-30CA-4B0D-B76D-491A71BCC465}
		{8F50C580-D430-4F72-ADF8-D9304279B7E4} = {FE60614E-30CA-4B0D-B76D-491A71BCC465}
	EndGlobalSection
	GlobalSection(ExtensibilityGlobals) = postSolution
		SolutionGuid = {F516F451-A3F0-4C39-A705-C3D9DA91B0E1}
	EndGlobalSection
EndGlobal
