
Microsoft Visual Studio Solution File, Format Version 12.00
# Visual Studio Version 16
VisualStudioVersion = 16.0.31005.135
MinimumVisualStudioVersion = 10.0.40219.1
Project("{2150E333-8FDC-42A3-9474-1A3956D46DE8}") = "Engines", "Engines", "{2CBC3678-8793-4BC2-B264-6429A8A9A374}"
EndProject
Project("{2150E333-8FDC-42A3-9474-1A3956D46DE8}") = "Targets", "Targets", "{E0D992C4-468C-4F73-A174-F0E48B47973E}"
EndProject
Project("{2150E333-8FDC-42A3-9474-1A3956D46DE8}") = "Desktop", "Desktop", "{E968E66A-A8AC-4993-B613-65658747D19A}"
EndProject
Project("{2150E333-8FDC-42A3-9474-1A3956D46DE8}") = "Web", "Web", "{77BDAE77-94AD-4C44-9E08-E833AFBD1860}"
EndProject
Project("{2150E333-8FDC-42A3-9474-1A3956D46DE8}") = "Tests", "Tests", "{C11FD062-12C1-4682-8DD8-7621F7315FBA}"
EndProject
Project("{9A19103F-16F7-4668-BE54-9A1E7A4F7556}") = "SimpleService", "..\test\SimpleService\SimpleService.csproj", "{6CE60150-1108-4B5D-943D-9256FCE6778A}"
EndProject
Project("{9A19103F-16F7-4668-BE54-9A1E7A4F7556}") = "Anf.Platform", "Anf.Platform\Anf.Platform.csproj", "{A66DDE86-1C21-4331-AB44-588728E30334}"
EndProject
Project("{9A19103F-16F7-4668-BE54-9A1E7A4F7556}") = "Anf.KnowEngines", "Engines\Anf.KnowEngines\Anf.KnowEngines.csproj", "{AE2509FD-190B-4C8D-B36F-1B531B9F57BC}"
EndProject
Project("{9A19103F-16F7-4668-BE54-9A1E7A4F7556}") = "Anf.Easy.Test", "..\test\Anf.Easy.Test\Anf.Easy.Test.csproj", "{C06C7441-8E10-45D5-9246-AB51D41F9E4C}"
EndProject
Project("{9A19103F-16F7-4668-BE54-9A1E7A4F7556}") = "Anf.Engine", "Anf.Engine\Anf.Engine.csproj", "{523134D4-4B2F-427B-A500-22D9F2AB435E}"
EndProject
Project("{9A19103F-16F7-4668-BE54-9A1E7A4F7556}") = "Anf.Easy", "Anf.Engine.Easy\Anf.Easy.csproj", "{E8EF1CC0-FCF0-4E38-86B4-FC8555D2127D}"
EndProject
Project("{9A19103F-16F7-4668-BE54-9A1E7A4F7556}") = "Anf.Test", "..\test\Anf.Test\Anf.Test.csproj", "{22021B45-5FB0-412B-95F4-92F00F89B399}"
EndProject
Project("{9A19103F-16F7-4668-BE54-9A1E7A4F7556}") = "Anf.Desktop", "Anf.Desktop\Anf.Desktop.csproj", "{085CBE58-3023-4066-BACB-F94CC8CB7787}"
EndProject
Project("{9A19103F-16F7-4668-BE54-9A1E7A4F7556}") = "Anf.Platform.Test", "..\test\Anf.Platform.Test\Anf.Platform.Test.csproj", "{C0FABB01-7DC1-4363-8CE8-F0113C0C12B3}"
EndProject
Project("{2150E333-8FDC-42A3-9474-1A3956D46DE8}") = "libs", "libs", "{6482EBB4-560D-4726-AEE5-90E7520C6A9C}"
EndProject
Project("{2150E333-8FDC-42A3-9474-1A3956D46DE8}") = "Phone", "Phone", "{C9908238-B964-4B9D-ADDD-E0297C2F0440}"
EndProject
Project("{9A19103F-16F7-4668-BE54-9A1E7A4F7556}") = "Anf.Web", "Anf.Web\Anf.Web.csproj", "{3B19F9C0-0AC6-4A70-BF7B-867EE0326042}"
EndProject
Project("{9A19103F-16F7-4668-BE54-9A1E7A4F7556}") = "Anf.ChannelModel", "Anf.ChannelModel\Anf.ChannelModel.csproj", "{578569E2-65EA-4D18-849B-11B613C5EEC4}"
EndProject
Project("{9A19103F-16F7-4668-BE54-9A1E7A4F7556}") = "Anf.AzureFunc", "Anf.AzureFunc\Anf.AzureFunc.csproj", "{49EEC409-6233-481E-97C9-AE75CC2A693F}"
EndProject
Project("{9A19103F-16F7-4668-BE54-9A1E7A4F7556}") = "Anf.ResourceFetcher", "Anf.ResourceFetcher\Anf.ResourceFetcher.csproj", "{AC93B7D9-2A16-46EE-AC61-6C131E47670B}"
EndProject
Project("{2150E333-8FDC-42A3-9474-1A3956D46DE8}") = "ResourceFetchers", "ResourceFetchers", "{A860E720-2FE9-4143-836B-15624AB597F4}"
EndProject
Project("{9A19103F-16F7-4668-BE54-9A1E7A4F7556}") = "Anf.ResourceFetcher.Sql", "ResourceFetchers\Anf.ResourceFetcher.Sql\Anf.ResourceFetcher.Sql.csproj", "{1ADDD145-C492-430F-8846-9E68FACE81DF}"
EndProject
Project("{9A19103F-16F7-4668-BE54-9A1E7A4F7556}") = "Anf.WebService", "Anf.WebService\Anf.WebService.csproj", "{482462A5-8A4B-4609-B633-49A79D241B6D}"
EndProject
Project("{9A19103F-16F7-4668-BE54-9A1E7A4F7556}") = "Anf.ResourceFetcher.Redis", "ResourceFetchers\Anf.ResourceFetcher.Redis\Anf.ResourceFetcher.Redis.csproj", "{BB26475D-1190-4C68-B7E6-92D95F54054B}"
EndProject
Global
	GlobalSection(SolutionConfigurationPlatforms) = preSolution
		Debug|Any CPU = Debug|Any CPU
		Debug|ARM = Debug|ARM
		Debug|ARM64 = Debug|ARM64
		Debug|iPhone = Debug|iPhone
		Debug|iPhoneSimulator = Debug|iPhoneSimulator
		Debug|x64 = Debug|x64
		Debug|x86 = Debug|x86
		Release|Any CPU = Release|Any CPU
		Release|ARM = Release|ARM
		Release|ARM64 = Release|ARM64
		Release|iPhone = Release|iPhone
		Release|iPhoneSimulator = Release|iPhoneSimulator
		Release|x64 = Release|x64
		Release|x86 = Release|x86
	EndGlobalSection
	GlobalSection(ProjectConfigurationPlatforms) = postSolution
		{6CE60150-1108-4B5D-943D-9256FCE6778A}.Debug|Any CPU.ActiveCfg = Debug|Any CPU
		{6CE60150-1108-4B5D-943D-9256FCE6778A}.Debug|Any CPU.Build.0 = Debug|Any CPU
		{6CE60150-1108-4B5D-943D-9256FCE6778A}.Debug|ARM.ActiveCfg = Debug|Any CPU
		{6CE60150-1108-4B5D-943D-9256FCE6778A}.Debug|ARM.Build.0 = Debug|Any CPU
		{6CE60150-1108-4B5D-943D-9256FCE6778A}.Debug|ARM64.ActiveCfg = Debug|Any CPU
		{6CE60150-1108-4B5D-943D-9256FCE6778A}.Debug|ARM64.Build.0 = Debug|Any CPU
		{6CE60150-1108-4B5D-943D-9256FCE6778A}.Debug|iPhone.ActiveCfg = Debug|Any CPU
		{6CE60150-1108-4B5D-943D-9256FCE6778A}.Debug|iPhone.Build.0 = Debug|Any CPU
		{6CE60150-1108-4B5D-943D-9256FCE6778A}.Debug|iPhoneSimulator.ActiveCfg = Debug|Any CPU
		{6CE60150-1108-4B5D-943D-9256FCE6778A}.Debug|iPhoneSimulator.Build.0 = Debug|Any CPU
		{6CE60150-1108-4B5D-943D-9256FCE6778A}.Debug|x64.ActiveCfg = Debug|Any CPU
		{6CE60150-1108-4B5D-943D-9256FCE6778A}.Debug|x64.Build.0 = Debug|Any CPU
		{6CE60150-1108-4B5D-943D-9256FCE6778A}.Debug|x86.ActiveCfg = Debug|Any CPU
		{6CE60150-1108-4B5D-943D-9256FCE6778A}.Debug|x86.Build.0 = Debug|Any CPU
		{6CE60150-1108-4B5D-943D-9256FCE6778A}.Release|Any CPU.ActiveCfg = Release|Any CPU
		{6CE60150-1108-4B5D-943D-9256FCE6778A}.Release|Any CPU.Build.0 = Release|Any CPU
		{6CE60150-1108-4B5D-943D-9256FCE6778A}.Release|ARM.ActiveCfg = Release|Any CPU
		{6CE60150-1108-4B5D-943D-9256FCE6778A}.Release|ARM.Build.0 = Release|Any CPU
		{6CE60150-1108-4B5D-943D-9256FCE6778A}.Release|ARM64.ActiveCfg = Release|Any CPU
		{6CE60150-1108-4B5D-943D-9256FCE6778A}.Release|ARM64.Build.0 = Release|Any CPU
		{6CE60150-1108-4B5D-943D-9256FCE6778A}.Release|iPhone.ActiveCfg = Release|Any CPU
		{6CE60150-1108-4B5D-943D-9256FCE6778A}.Release|iPhone.Build.0 = Release|Any CPU
		{6CE60150-1108-4B5D-943D-9256FCE6778A}.Release|iPhoneSimulator.ActiveCfg = Release|Any CPU
		{6CE60150-1108-4B5D-943D-9256FCE6778A}.Release|iPhoneSimulator.Build.0 = Release|Any CPU
		{6CE60150-1108-4B5D-943D-9256FCE6778A}.Release|x64.ActiveCfg = Release|Any CPU
		{6CE60150-1108-4B5D-943D-9256FCE6778A}.Release|x64.Build.0 = Release|Any CPU
		{6CE60150-1108-4B5D-943D-9256FCE6778A}.Release|x86.ActiveCfg = Release|Any CPU
		{6CE60150-1108-4B5D-943D-9256FCE6778A}.Release|x86.Build.0 = Release|Any CPU
		{A66DDE86-1C21-4331-AB44-588728E30334}.Debug|Any CPU.ActiveCfg = Debug|Any CPU
		{A66DDE86-1C21-4331-AB44-588728E30334}.Debug|Any CPU.Build.0 = Debug|Any CPU
		{A66DDE86-1C21-4331-AB44-588728E30334}.Debug|ARM.ActiveCfg = Debug|Any CPU
		{A66DDE86-1C21-4331-AB44-588728E30334}.Debug|ARM.Build.0 = Debug|Any CPU
		{A66DDE86-1C21-4331-AB44-588728E30334}.Debug|ARM64.ActiveCfg = Debug|Any CPU
		{A66DDE86-1C21-4331-AB44-588728E30334}.Debug|ARM64.Build.0 = Debug|Any CPU
		{A66DDE86-1C21-4331-AB44-588728E30334}.Debug|iPhone.ActiveCfg = Debug|Any CPU
		{A66DDE86-1C21-4331-AB44-588728E30334}.Debug|iPhone.Build.0 = Debug|Any CPU
		{A66DDE86-1C21-4331-AB44-588728E30334}.Debug|iPhoneSimulator.ActiveCfg = Debug|Any CPU
		{A66DDE86-1C21-4331-AB44-588728E30334}.Debug|iPhoneSimulator.Build.0 = Debug|Any CPU
		{A66DDE86-1C21-4331-AB44-588728E30334}.Debug|x64.ActiveCfg = Debug|Any CPU
		{A66DDE86-1C21-4331-AB44-588728E30334}.Debug|x64.Build.0 = Debug|Any CPU
		{A66DDE86-1C21-4331-AB44-588728E30334}.Debug|x86.ActiveCfg = Debug|Any CPU
		{A66DDE86-1C21-4331-AB44-588728E30334}.Debug|x86.Build.0 = Debug|Any CPU
		{A66DDE86-1C21-4331-AB44-588728E30334}.Release|Any CPU.ActiveCfg = Release|Any CPU
		{A66DDE86-1C21-4331-AB44-588728E30334}.Release|Any CPU.Build.0 = Release|Any CPU
		{A66DDE86-1C21-4331-AB44-588728E30334}.Release|ARM.ActiveCfg = Release|Any CPU
		{A66DDE86-1C21-4331-AB44-588728E30334}.Release|ARM.Build.0 = Release|Any CPU
		{A66DDE86-1C21-4331-AB44-588728E30334}.Release|ARM64.ActiveCfg = Release|Any CPU
		{A66DDE86-1C21-4331-AB44-588728E30334}.Release|ARM64.Build.0 = Release|Any CPU
		{A66DDE86-1C21-4331-AB44-588728E30334}.Release|iPhone.ActiveCfg = Release|Any CPU
		{A66DDE86-1C21-4331-AB44-588728E30334}.Release|iPhone.Build.0 = Release|Any CPU
		{A66DDE86-1C21-4331-AB44-588728E30334}.Release|iPhoneSimulator.ActiveCfg = Release|Any CPU
		{A66DDE86-1C21-4331-AB44-588728E30334}.Release|iPhoneSimulator.Build.0 = Release|Any CPU
		{A66DDE86-1C21-4331-AB44-588728E30334}.Release|x64.ActiveCfg = Release|Any CPU
		{A66DDE86-1C21-4331-AB44-588728E30334}.Release|x64.Build.0 = Release|Any CPU
		{A66DDE86-1C21-4331-AB44-588728E30334}.Release|x86.ActiveCfg = Release|Any CPU
		{A66DDE86-1C21-4331-AB44-588728E30334}.Release|x86.Build.0 = Release|Any CPU
		{AE2509FD-190B-4C8D-B36F-1B531B9F57BC}.Debug|Any CPU.ActiveCfg = Debug|Any CPU
		{AE2509FD-190B-4C8D-B36F-1B531B9F57BC}.Debug|Any CPU.Build.0 = Debug|Any CPU
		{AE2509FD-190B-4C8D-B36F-1B531B9F57BC}.Debug|ARM.ActiveCfg = Debug|Any CPU
		{AE2509FD-190B-4C8D-B36F-1B531B9F57BC}.Debug|ARM.Build.0 = Debug|Any CPU
		{AE2509FD-190B-4C8D-B36F-1B531B9F57BC}.Debug|ARM64.ActiveCfg = Debug|Any CPU
		{AE2509FD-190B-4C8D-B36F-1B531B9F57BC}.Debug|ARM64.Build.0 = Debug|Any CPU
		{AE2509FD-190B-4C8D-B36F-1B531B9F57BC}.Debug|iPhone.ActiveCfg = Debug|Any CPU
		{AE2509FD-190B-4C8D-B36F-1B531B9F57BC}.Debug|iPhone.Build.0 = Debug|Any CPU
		{AE2509FD-190B-4C8D-B36F-1B531B9F57BC}.Debug|iPhoneSimulator.ActiveCfg = Debug|Any CPU
		{AE2509FD-190B-4C8D-B36F-1B531B9F57BC}.Debug|iPhoneSimulator.Build.0 = Debug|Any CPU
		{AE2509FD-190B-4C8D-B36F-1B531B9F57BC}.Debug|x64.ActiveCfg = Debug|Any CPU
		{AE2509FD-190B-4C8D-B36F-1B531B9F57BC}.Debug|x64.Build.0 = Debug|Any CPU
		{AE2509FD-190B-4C8D-B36F-1B531B9F57BC}.Debug|x86.ActiveCfg = Debug|Any CPU
		{AE2509FD-190B-4C8D-B36F-1B531B9F57BC}.Debug|x86.Build.0 = Debug|Any CPU
		{AE2509FD-190B-4C8D-B36F-1B531B9F57BC}.Release|Any CPU.ActiveCfg = Release|Any CPU
		{AE2509FD-190B-4C8D-B36F-1B531B9F57BC}.Release|Any CPU.Build.0 = Release|Any CPU
		{AE2509FD-190B-4C8D-B36F-1B531B9F57BC}.Release|ARM.ActiveCfg = Release|Any CPU
		{AE2509FD-190B-4C8D-B36F-1B531B9F57BC}.Release|ARM.Build.0 = Release|Any CPU
		{AE2509FD-190B-4C8D-B36F-1B531B9F57BC}.Release|ARM64.ActiveCfg = Release|Any CPU
		{AE2509FD-190B-4C8D-B36F-1B531B9F57BC}.Release|ARM64.Build.0 = Release|Any CPU
		{AE2509FD-190B-4C8D-B36F-1B531B9F57BC}.Release|iPhone.ActiveCfg = Release|Any CPU
		{AE2509FD-190B-4C8D-B36F-1B531B9F57BC}.Release|iPhone.Build.0 = Release|Any CPU
		{AE2509FD-190B-4C8D-B36F-1B531B9F57BC}.Release|iPhoneSimulator.ActiveCfg = Release|Any CPU
		{AE2509FD-190B-4C8D-B36F-1B531B9F57BC}.Release|iPhoneSimulator.Build.0 = Release|Any CPU
		{AE2509FD-190B-4C8D-B36F-1B531B9F57BC}.Release|x64.ActiveCfg = Release|Any CPU
		{AE2509FD-190B-4C8D-B36F-1B531B9F57BC}.Release|x64.Build.0 = Release|Any CPU
		{AE2509FD-190B-4C8D-B36F-1B531B9F57BC}.Release|x86.ActiveCfg = Release|Any CPU
		{AE2509FD-190B-4C8D-B36F-1B531B9F57BC}.Release|x86.Build.0 = Release|Any CPU
		{C06C7441-8E10-45D5-9246-AB51D41F9E4C}.Debug|Any CPU.ActiveCfg = Debug|Any CPU
		{C06C7441-8E10-45D5-9246-AB51D41F9E4C}.Debug|Any CPU.Build.0 = Debug|Any CPU
		{C06C7441-8E10-45D5-9246-AB51D41F9E4C}.Debug|ARM.ActiveCfg = Debug|Any CPU
		{C06C7441-8E10-45D5-9246-AB51D41F9E4C}.Debug|ARM.Build.0 = Debug|Any CPU
		{C06C7441-8E10-45D5-9246-AB51D41F9E4C}.Debug|ARM64.ActiveCfg = Debug|Any CPU
		{C06C7441-8E10-45D5-9246-AB51D41F9E4C}.Debug|ARM64.Build.0 = Debug|Any CPU
		{C06C7441-8E10-45D5-9246-AB51D41F9E4C}.Debug|iPhone.ActiveCfg = Debug|Any CPU
		{C06C7441-8E10-45D5-9246-AB51D41F9E4C}.Debug|iPhone.Build.0 = Debug|Any CPU
		{C06C7441-8E10-45D5-9246-AB51D41F9E4C}.Debug|iPhoneSimulator.ActiveCfg = Debug|Any CPU
		{C06C7441-8E10-45D5-9246-AB51D41F9E4C}.Debug|iPhoneSimulator.Build.0 = Debug|Any CPU
		{C06C7441-8E10-45D5-9246-AB51D41F9E4C}.Debug|x64.ActiveCfg = Debug|Any CPU
		{C06C7441-8E10-45D5-9246-AB51D41F9E4C}.Debug|x64.Build.0 = Debug|Any CPU
		{C06C7441-8E10-45D5-9246-AB51D41F9E4C}.Debug|x86.ActiveCfg = Debug|Any CPU
		{C06C7441-8E10-45D5-9246-AB51D41F9E4C}.Debug|x86.Build.0 = Debug|Any CPU
		{C06C7441-8E10-45D5-9246-AB51D41F9E4C}.Release|Any CPU.ActiveCfg = Release|Any CPU
		{C06C7441-8E10-45D5-9246-AB51D41F9E4C}.Release|Any CPU.Build.0 = Release|Any CPU
		{C06C7441-8E10-45D5-9246-AB51D41F9E4C}.Release|ARM.ActiveCfg = Release|Any CPU
		{C06C7441-8E10-45D5-9246-AB51D41F9E4C}.Release|ARM.Build.0 = Release|Any CPU
		{C06C7441-8E10-45D5-9246-AB51D41F9E4C}.Release|ARM64.ActiveCfg = Release|Any CPU
		{C06C7441-8E10-45D5-9246-AB51D41F9E4C}.Release|ARM64.Build.0 = Release|Any CPU
		{C06C7441-8E10-45D5-9246-AB51D41F9E4C}.Release|iPhone.ActiveCfg = Release|Any CPU
		{C06C7441-8E10-45D5-9246-AB51D41F9E4C}.Release|iPhone.Build.0 = Release|Any CPU
		{C06C7441-8E10-45D5-9246-AB51D41F9E4C}.Release|iPhoneSimulator.ActiveCfg = Release|Any CPU
		{C06C7441-8E10-45D5-9246-AB51D41F9E4C}.Release|iPhoneSimulator.Build.0 = Release|Any CPU
		{C06C7441-8E10-45D5-9246-AB51D41F9E4C}.Release|x64.ActiveCfg = Release|Any CPU
		{C06C7441-8E10-45D5-9246-AB51D41F9E4C}.Release|x64.Build.0 = Release|Any CPU
		{C06C7441-8E10-45D5-9246-AB51D41F9E4C}.Release|x86.ActiveCfg = Release|Any CPU
		{C06C7441-8E10-45D5-9246-AB51D41F9E4C}.Release|x86.Build.0 = Release|Any CPU
		{523134D4-4B2F-427B-A500-22D9F2AB435E}.Debug|Any CPU.ActiveCfg = Debug|Any CPU
		{523134D4-4B2F-427B-A500-22D9F2AB435E}.Debug|Any CPU.Build.0 = Debug|Any CPU
		{523134D4-4B2F-427B-A500-22D9F2AB435E}.Debug|ARM.ActiveCfg = Debug|Any CPU
		{523134D4-4B2F-427B-A500-22D9F2AB435E}.Debug|ARM.Build.0 = Debug|Any CPU
		{523134D4-4B2F-427B-A500-22D9F2AB435E}.Debug|ARM64.ActiveCfg = Debug|Any CPU
		{523134D4-4B2F-427B-A500-22D9F2AB435E}.Debug|ARM64.Build.0 = Debug|Any CPU
		{523134D4-4B2F-427B-A500-22D9F2AB435E}.Debug|iPhone.ActiveCfg = Debug|Any CPU
		{523134D4-4B2F-427B-A500-22D9F2AB435E}.Debug|iPhone.Build.0 = Debug|Any CPU
		{523134D4-4B2F-427B-A500-22D9F2AB435E}.Debug|iPhoneSimulator.ActiveCfg = Debug|Any CPU
		{523134D4-4B2F-427B-A500-22D9F2AB435E}.Debug|iPhoneSimulator.Build.0 = Debug|Any CPU
		{523134D4-4B2F-427B-A500-22D9F2AB435E}.Debug|x64.ActiveCfg = Debug|Any CPU
		{523134D4-4B2F-427B-A500-22D9F2AB435E}.Debug|x64.Build.0 = Debug|Any CPU
		{523134D4-4B2F-427B-A500-22D9F2AB435E}.Debug|x86.ActiveCfg = Debug|Any CPU
		{523134D4-4B2F-427B-A500-22D9F2AB435E}.Debug|x86.Build.0 = Debug|Any CPU
		{523134D4-4B2F-427B-A500-22D9F2AB435E}.Release|Any CPU.ActiveCfg = Release|Any CPU
		{523134D4-4B2F-427B-A500-22D9F2AB435E}.Release|Any CPU.Build.0 = Release|Any CPU
		{523134D4-4B2F-427B-A500-22D9F2AB435E}.Release|ARM.ActiveCfg = Release|Any CPU
		{523134D4-4B2F-427B-A500-22D9F2AB435E}.Release|ARM.Build.0 = Release|Any CPU
		{523134D4-4B2F-427B-A500-22D9F2AB435E}.Release|ARM64.ActiveCfg = Release|Any CPU
		{523134D4-4B2F-427B-A500-22D9F2AB435E}.Release|ARM64.Build.0 = Release|Any CPU
		{523134D4-4B2F-427B-A500-22D9F2AB435E}.Release|iPhone.ActiveCfg = Release|Any CPU
		{523134D4-4B2F-427B-A500-22D9F2AB435E}.Release|iPhone.Build.0 = Release|Any CPU
		{523134D4-4B2F-427B-A500-22D9F2AB435E}.Release|iPhoneSimulator.ActiveCfg = Release|Any CPU
		{523134D4-4B2F-427B-A500-22D9F2AB435E}.Release|iPhoneSimulator.Build.0 = Release|Any CPU
		{523134D4-4B2F-427B-A500-22D9F2AB435E}.Release|x64.ActiveCfg = Release|Any CPU
		{523134D4-4B2F-427B-A500-22D9F2AB435E}.Release|x64.Build.0 = Release|Any CPU
		{523134D4-4B2F-427B-A500-22D9F2AB435E}.Release|x86.ActiveCfg = Release|Any CPU
		{523134D4-4B2F-427B-A500-22D9F2AB435E}.Release|x86.Build.0 = Release|Any CPU
		{E8EF1CC0-FCF0-4E38-86B4-FC8555D2127D}.Debug|Any CPU.ActiveCfg = Debug|Any CPU
		{E8EF1CC0-FCF0-4E38-86B4-FC8555D2127D}.Debug|Any CPU.Build.0 = Debug|Any CPU
		{E8EF1CC0-FCF0-4E38-86B4-FC8555D2127D}.Debug|ARM.ActiveCfg = Debug|Any CPU
		{E8EF1CC0-FCF0-4E38-86B4-FC8555D2127D}.Debug|ARM.Build.0 = Debug|Any CPU
		{E8EF1CC0-FCF0-4E38-86B4-FC8555D2127D}.Debug|ARM64.ActiveCfg = Debug|Any CPU
		{E8EF1CC0-FCF0-4E38-86B4-FC8555D2127D}.Debug|ARM64.Build.0 = Debug|Any CPU
		{E8EF1CC0-FCF0-4E38-86B4-FC8555D2127D}.Debug|iPhone.ActiveCfg = Debug|Any CPU
		{E8EF1CC0-FCF0-4E38-86B4-FC8555D2127D}.Debug|iPhone.Build.0 = Debug|Any CPU
		{E8EF1CC0-FCF0-4E38-86B4-FC8555D2127D}.Debug|iPhoneSimulator.ActiveCfg = Debug|Any CPU
		{E8EF1CC0-FCF0-4E38-86B4-FC8555D2127D}.Debug|iPhoneSimulator.Build.0 = Debug|Any CPU
		{E8EF1CC0-FCF0-4E38-86B4-FC8555D2127D}.Debug|x64.ActiveCfg = Debug|Any CPU
		{E8EF1CC0-FCF0-4E38-86B4-FC8555D2127D}.Debug|x64.Build.0 = Debug|Any CPU
		{E8EF1CC0-FCF0-4E38-86B4-FC8555D2127D}.Debug|x86.ActiveCfg = Debug|Any CPU
		{E8EF1CC0-FCF0-4E38-86B4-FC8555D2127D}.Debug|x86.Build.0 = Debug|Any CPU
		{E8EF1CC0-FCF0-4E38-86B4-FC8555D2127D}.Release|Any CPU.ActiveCfg = Release|Any CPU
		{E8EF1CC0-FCF0-4E38-86B4-FC8555D2127D}.Release|Any CPU.Build.0 = Release|Any CPU
		{E8EF1CC0-FCF0-4E38-86B4-FC8555D2127D}.Release|ARM.ActiveCfg = Release|Any CPU
		{E8EF1CC0-FCF0-4E38-86B4-FC8555D2127D}.Release|ARM.Build.0 = Release|Any CPU
		{E8EF1CC0-FCF0-4E38-86B4-FC8555D2127D}.Release|ARM64.ActiveCfg = Release|Any CPU
		{E8EF1CC0-FCF0-4E38-86B4-FC8555D2127D}.Release|ARM64.Build.0 = Release|Any CPU
		{E8EF1CC0-FCF0-4E38-86B4-FC8555D2127D}.Release|iPhone.ActiveCfg = Release|Any CPU
		{E8EF1CC0-FCF0-4E38-86B4-FC8555D2127D}.Release|iPhone.Build.0 = Release|Any CPU
		{E8EF1CC0-FCF0-4E38-86B4-FC8555D2127D}.Release|iPhoneSimulator.ActiveCfg = Release|Any CPU
		{E8EF1CC0-FCF0-4E38-86B4-FC8555D2127D}.Release|iPhoneSimulator.Build.0 = Release|Any CPU
		{E8EF1CC0-FCF0-4E38-86B4-FC8555D2127D}.Release|x64.ActiveCfg = Release|Any CPU
		{E8EF1CC0-FCF0-4E38-86B4-FC8555D2127D}.Release|x64.Build.0 = Release|Any CPU
		{E8EF1CC0-FCF0-4E38-86B4-FC8555D2127D}.Release|x86.ActiveCfg = Release|Any CPU
		{E8EF1CC0-FCF0-4E38-86B4-FC8555D2127D}.Release|x86.Build.0 = Release|Any CPU
		{22021B45-5FB0-412B-95F4-92F00F89B399}.Debug|Any CPU.ActiveCfg = Debug|Any CPU
		{22021B45-5FB0-412B-95F4-92F00F89B399}.Debug|Any CPU.Build.0 = Debug|Any CPU
		{22021B45-5FB0-412B-95F4-92F00F89B399}.Debug|ARM.ActiveCfg = Debug|Any CPU
		{22021B45-5FB0-412B-95F4-92F00F89B399}.Debug|ARM.Build.0 = Debug|Any CPU
		{22021B45-5FB0-412B-95F4-92F00F89B399}.Debug|ARM64.ActiveCfg = Debug|Any CPU
		{22021B45-5FB0-412B-95F4-92F00F89B399}.Debug|ARM64.Build.0 = Debug|Any CPU
		{22021B45-5FB0-412B-95F4-92F00F89B399}.Debug|iPhone.ActiveCfg = Debug|Any CPU
		{22021B45-5FB0-412B-95F4-92F00F89B399}.Debug|iPhone.Build.0 = Debug|Any CPU
		{22021B45-5FB0-412B-95F4-92F00F89B399}.Debug|iPhoneSimulator.ActiveCfg = Debug|Any CPU
		{22021B45-5FB0-412B-95F4-92F00F89B399}.Debug|iPhoneSimulator.Build.0 = Debug|Any CPU
		{22021B45-5FB0-412B-95F4-92F00F89B399}.Debug|x64.ActiveCfg = Debug|Any CPU
		{22021B45-5FB0-412B-95F4-92F00F89B399}.Debug|x64.Build.0 = Debug|Any CPU
		{22021B45-5FB0-412B-95F4-92F00F89B399}.Debug|x86.ActiveCfg = Debug|Any CPU
		{22021B45-5FB0-412B-95F4-92F00F89B399}.Debug|x86.Build.0 = Debug|Any CPU
		{22021B45-5FB0-412B-95F4-92F00F89B399}.Release|Any CPU.ActiveCfg = Release|Any CPU
		{22021B45-5FB0-412B-95F4-92F00F89B399}.Release|Any CPU.Build.0 = Release|Any CPU
		{22021B45-5FB0-412B-95F4-92F00F89B399}.Release|ARM.ActiveCfg = Release|Any CPU
		{22021B45-5FB0-412B-95F4-92F00F89B399}.Release|ARM.Build.0 = Release|Any CPU
		{22021B45-5FB0-412B-95F4-92F00F89B399}.Release|ARM64.ActiveCfg = Release|Any CPU
		{22021B45-5FB0-412B-95F4-92F00F89B399}.Release|ARM64.Build.0 = Release|Any CPU
		{22021B45-5FB0-412B-95F4-92F00F89B399}.Release|iPhone.ActiveCfg = Release|Any CPU
		{22021B45-5FB0-412B-95F4-92F00F89B399}.Release|iPhone.Build.0 = Release|Any CPU
		{22021B45-5FB0-412B-95F4-92F00F89B399}.Release|iPhoneSimulator.ActiveCfg = Release|Any CPU
		{22021B45-5FB0-412B-95F4-92F00F89B399}.Release|iPhoneSimulator.Build.0 = Release|Any CPU
		{22021B45-5FB0-412B-95F4-92F00F89B399}.Release|x64.ActiveCfg = Release|Any CPU
		{22021B45-5FB0-412B-95F4-92F00F89B399}.Release|x64.Build.0 = Release|Any CPU
		{22021B45-5FB0-412B-95F4-92F00F89B399}.Release|x86.ActiveCfg = Release|Any CPU
		{22021B45-5FB0-412B-95F4-92F00F89B399}.Release|x86.Build.0 = Release|Any CPU
		{085CBE58-3023-4066-BACB-F94CC8CB7787}.Debug|Any CPU.ActiveCfg = Debug|Any CPU
		{085CBE58-3023-4066-BACB-F94CC8CB7787}.Debug|Any CPU.Build.0 = Debug|Any CPU
		{085CBE58-3023-4066-BACB-F94CC8CB7787}.Debug|ARM.ActiveCfg = Debug|Any CPU
		{085CBE58-3023-4066-BACB-F94CC8CB7787}.Debug|ARM.Build.0 = Debug|Any CPU
		{085CBE58-3023-4066-BACB-F94CC8CB7787}.Debug|ARM64.ActiveCfg = Debug|Any CPU
		{085CBE58-3023-4066-BACB-F94CC8CB7787}.Debug|ARM64.Build.0 = Debug|Any CPU
		{085CBE58-3023-4066-BACB-F94CC8CB7787}.Debug|iPhone.ActiveCfg = Debug|Any CPU
		{085CBE58-3023-4066-BACB-F94CC8CB7787}.Debug|iPhone.Build.0 = Debug|Any CPU
		{085CBE58-3023-4066-BACB-F94CC8CB7787}.Debug|iPhoneSimulator.ActiveCfg = Debug|Any CPU
		{085CBE58-3023-4066-BACB-F94CC8CB7787}.Debug|iPhoneSimulator.Build.0 = Debug|Any CPU
		{085CBE58-3023-4066-BACB-F94CC8CB7787}.Debug|x64.ActiveCfg = Debug|Any CPU
		{085CBE58-3023-4066-BACB-F94CC8CB7787}.Debug|x64.Build.0 = Debug|Any CPU
		{085CBE58-3023-4066-BACB-F94CC8CB7787}.Debug|x86.ActiveCfg = Debug|Any CPU
		{085CBE58-3023-4066-BACB-F94CC8CB7787}.Debug|x86.Build.0 = Debug|Any CPU
		{085CBE58-3023-4066-BACB-F94CC8CB7787}.Release|Any CPU.ActiveCfg = Release|Any CPU
		{085CBE58-3023-4066-BACB-F94CC8CB7787}.Release|Any CPU.Build.0 = Release|Any CPU
		{085CBE58-3023-4066-BACB-F94CC8CB7787}.Release|ARM.ActiveCfg = Release|Any CPU
		{085CBE58-3023-4066-BACB-F94CC8CB7787}.Release|ARM.Build.0 = Release|Any CPU
		{085CBE58-3023-4066-BACB-F94CC8CB7787}.Release|ARM64.ActiveCfg = Release|Any CPU
		{085CBE58-3023-4066-BACB-F94CC8CB7787}.Release|ARM64.Build.0 = Release|Any CPU
		{085CBE58-3023-4066-BACB-F94CC8CB7787}.Release|iPhone.ActiveCfg = Release|Any CPU
		{085CBE58-3023-4066-BACB-F94CC8CB7787}.Release|iPhone.Build.0 = Release|Any CPU
		{085CBE58-3023-4066-BACB-F94CC8CB7787}.Release|iPhoneSimulator.ActiveCfg = Release|Any CPU
		{085CBE58-3023-4066-BACB-F94CC8CB7787}.Release|iPhoneSimulator.Build.0 = Release|Any CPU
		{085CBE58-3023-4066-BACB-F94CC8CB7787}.Release|x64.ActiveCfg = Release|Any CPU
		{085CBE58-3023-4066-BACB-F94CC8CB7787}.Release|x64.Build.0 = Release|Any CPU
		{085CBE58-3023-4066-BACB-F94CC8CB7787}.Release|x86.ActiveCfg = Release|Any CPU
		{085CBE58-3023-4066-BACB-F94CC8CB7787}.Release|x86.Build.0 = Release|Any CPU
		{C0FABB01-7DC1-4363-8CE8-F0113C0C12B3}.Debug|Any CPU.ActiveCfg = Debug|Any CPU
		{C0FABB01-7DC1-4363-8CE8-F0113C0C12B3}.Debug|Any CPU.Build.0 = Debug|Any CPU
		{C0FABB01-7DC1-4363-8CE8-F0113C0C12B3}.Debug|ARM.ActiveCfg = Debug|Any CPU
		{C0FABB01-7DC1-4363-8CE8-F0113C0C12B3}.Debug|ARM.Build.0 = Debug|Any CPU
		{C0FABB01-7DC1-4363-8CE8-F0113C0C12B3}.Debug|ARM64.ActiveCfg = Debug|Any CPU
		{C0FABB01-7DC1-4363-8CE8-F0113C0C12B3}.Debug|ARM64.Build.0 = Debug|Any CPU
		{C0FABB01-7DC1-4363-8CE8-F0113C0C12B3}.Debug|iPhone.ActiveCfg = Debug|Any CPU
		{C0FABB01-7DC1-4363-8CE8-F0113C0C12B3}.Debug|iPhone.Build.0 = Debug|Any CPU
		{C0FABB01-7DC1-4363-8CE8-F0113C0C12B3}.Debug|iPhoneSimulator.ActiveCfg = Debug|Any CPU
		{C0FABB01-7DC1-4363-8CE8-F0113C0C12B3}.Debug|iPhoneSimulator.Build.0 = Debug|Any CPU
		{C0FABB01-7DC1-4363-8CE8-F0113C0C12B3}.Debug|x64.ActiveCfg = Debug|Any CPU
		{C0FABB01-7DC1-4363-8CE8-F0113C0C12B3}.Debug|x64.Build.0 = Debug|Any CPU
		{C0FABB01-7DC1-4363-8CE8-F0113C0C12B3}.Debug|x86.ActiveCfg = Debug|Any CPU
		{C0FABB01-7DC1-4363-8CE8-F0113C0C12B3}.Debug|x86.Build.0 = Debug|Any CPU
		{C0FABB01-7DC1-4363-8CE8-F0113C0C12B3}.Release|Any CPU.ActiveCfg = Release|Any CPU
		{C0FABB01-7DC1-4363-8CE8-F0113C0C12B3}.Release|Any CPU.Build.0 = Release|Any CPU
		{C0FABB01-7DC1-4363-8CE8-F0113C0C12B3}.Release|ARM.ActiveCfg = Release|Any CPU
		{C0FABB01-7DC1-4363-8CE8-F0113C0C12B3}.Release|ARM.Build.0 = Release|Any CPU
		{C0FABB01-7DC1-4363-8CE8-F0113C0C12B3}.Release|ARM64.ActiveCfg = Release|Any CPU
		{C0FABB01-7DC1-4363-8CE8-F0113C0C12B3}.Release|ARM64.Build.0 = Release|Any CPU
		{C0FABB01-7DC1-4363-8CE8-F0113C0C12B3}.Release|iPhone.ActiveCfg = Release|Any CPU
		{C0FABB01-7DC1-4363-8CE8-F0113C0C12B3}.Release|iPhone.Build.0 = Release|Any CPU
		{C0FABB01-7DC1-4363-8CE8-F0113C0C12B3}.Release|iPhoneSimulator.ActiveCfg = Release|Any CPU
		{C0FABB01-7DC1-4363-8CE8-F0113C0C12B3}.Release|iPhoneSimulator.Build.0 = Release|Any CPU
		{C0FABB01-7DC1-4363-8CE8-F0113C0C12B3}.Release|x64.ActiveCfg = Release|Any CPU
		{C0FABB01-7DC1-4363-8CE8-F0113C0C12B3}.Release|x64.Build.0 = Release|Any CPU
		{C0FABB01-7DC1-4363-8CE8-F0113C0C12B3}.Release|x86.ActiveCfg = Release|Any CPU
		{C0FABB01-7DC1-4363-8CE8-F0113C0C12B3}.Release|x86.Build.0 = Release|Any CPU
		{3B19F9C0-0AC6-4A70-BF7B-867EE0326042}.Debug|Any CPU.ActiveCfg = Debug|Any CPU
		{3B19F9C0-0AC6-4A70-BF7B-867EE0326042}.Debug|Any CPU.Build.0 = Debug|Any CPU
		{3B19F9C0-0AC6-4A70-BF7B-867EE0326042}.Debug|ARM.ActiveCfg = Debug|Any CPU
		{3B19F9C0-0AC6-4A70-BF7B-867EE0326042}.Debug|ARM.Build.0 = Debug|Any CPU
		{3B19F9C0-0AC6-4A70-BF7B-867EE0326042}.Debug|ARM64.ActiveCfg = Debug|Any CPU
		{3B19F9C0-0AC6-4A70-BF7B-867EE0326042}.Debug|ARM64.Build.0 = Debug|Any CPU
		{3B19F9C0-0AC6-4A70-BF7B-867EE0326042}.Debug|iPhone.ActiveCfg = Debug|Any CPU
		{3B19F9C0-0AC6-4A70-BF7B-867EE0326042}.Debug|iPhone.Build.0 = Debug|Any CPU
		{3B19F9C0-0AC6-4A70-BF7B-867EE0326042}.Debug|iPhoneSimulator.ActiveCfg = Debug|Any CPU
		{3B19F9C0-0AC6-4A70-BF7B-867EE0326042}.Debug|iPhoneSimulator.Build.0 = Debug|Any CPU
		{3B19F9C0-0AC6-4A70-BF7B-867EE0326042}.Debug|x64.ActiveCfg = Debug|Any CPU
		{3B19F9C0-0AC6-4A70-BF7B-867EE0326042}.Debug|x64.Build.0 = Debug|Any CPU
		{3B19F9C0-0AC6-4A70-BF7B-867EE0326042}.Debug|x86.ActiveCfg = Debug|Any CPU
		{3B19F9C0-0AC6-4A70-BF7B-867EE0326042}.Debug|x86.Build.0 = Debug|Any CPU
		{3B19F9C0-0AC6-4A70-BF7B-867EE0326042}.Release|Any CPU.ActiveCfg = Release|Any CPU
		{3B19F9C0-0AC6-4A70-BF7B-867EE0326042}.Release|Any CPU.Build.0 = Release|Any CPU
		{3B19F9C0-0AC6-4A70-BF7B-867EE0326042}.Release|ARM.ActiveCfg = Release|Any CPU
		{3B19F9C0-0AC6-4A70-BF7B-867EE0326042}.Release|ARM.Build.0 = Release|Any CPU
		{3B19F9C0-0AC6-4A70-BF7B-867EE0326042}.Release|ARM64.ActiveCfg = Release|Any CPU
		{3B19F9C0-0AC6-4A70-BF7B-867EE0326042}.Release|ARM64.Build.0 = Release|Any CPU
		{3B19F9C0-0AC6-4A70-BF7B-867EE0326042}.Release|iPhone.ActiveCfg = Release|Any CPU
		{3B19F9C0-0AC6-4A70-BF7B-867EE0326042}.Release|iPhone.Build.0 = Release|Any CPU
		{3B19F9C0-0AC6-4A70-BF7B-867EE0326042}.Release|iPhoneSimulator.ActiveCfg = Release|Any CPU
		{3B19F9C0-0AC6-4A70-BF7B-867EE0326042}.Release|iPhoneSimulator.Build.0 = Release|Any CPU
		{3B19F9C0-0AC6-4A70-BF7B-867EE0326042}.Release|x64.ActiveCfg = Release|Any CPU
		{3B19F9C0-0AC6-4A70-BF7B-867EE0326042}.Release|x64.Build.0 = Release|Any CPU
		{3B19F9C0-0AC6-4A70-BF7B-867EE0326042}.Release|x86.ActiveCfg = Release|Any CPU
		{3B19F9C0-0AC6-4A70-BF7B-867EE0326042}.Release|x86.Build.0 = Release|Any CPU
		{578569E2-65EA-4D18-849B-11B613C5EEC4}.Debug|Any CPU.ActiveCfg = Debug|Any CPU
		{578569E2-65EA-4D18-849B-11B613C5EEC4}.Debug|Any CPU.Build.0 = Debug|Any CPU
		{578569E2-65EA-4D18-849B-11B613C5EEC4}.Debug|ARM.ActiveCfg = Debug|Any CPU
		{578569E2-65EA-4D18-849B-11B613C5EEC4}.Debug|ARM.Build.0 = Debug|Any CPU
		{578569E2-65EA-4D18-849B-11B613C5EEC4}.Debug|ARM64.ActiveCfg = Debug|Any CPU
		{578569E2-65EA-4D18-849B-11B613C5EEC4}.Debug|ARM64.Build.0 = Debug|Any CPU
		{578569E2-65EA-4D18-849B-11B613C5EEC4}.Debug|iPhone.ActiveCfg = Debug|Any CPU
		{578569E2-65EA-4D18-849B-11B613C5EEC4}.Debug|iPhone.Build.0 = Debug|Any CPU
		{578569E2-65EA-4D18-849B-11B613C5EEC4}.Debug|iPhoneSimulator.ActiveCfg = Debug|Any CPU
		{578569E2-65EA-4D18-849B-11B613C5EEC4}.Debug|iPhoneSimulator.Build.0 = Debug|Any CPU
		{578569E2-65EA-4D18-849B-11B613C5EEC4}.Debug|x64.ActiveCfg = Debug|Any CPU
		{578569E2-65EA-4D18-849B-11B613C5EEC4}.Debug|x64.Build.0 = Debug|Any CPU
		{578569E2-65EA-4D18-849B-11B613C5EEC4}.Debug|x86.ActiveCfg = Debug|Any CPU
		{578569E2-65EA-4D18-849B-11B613C5EEC4}.Debug|x86.Build.0 = Debug|Any CPU
		{578569E2-65EA-4D18-849B-11B613C5EEC4}.Release|Any CPU.ActiveCfg = Release|Any CPU
		{578569E2-65EA-4D18-849B-11B613C5EEC4}.Release|Any CPU.Build.0 = Release|Any CPU
		{578569E2-65EA-4D18-849B-11B613C5EEC4}.Release|ARM.ActiveCfg = Release|Any CPU
		{578569E2-65EA-4D18-849B-11B613C5EEC4}.Release|ARM.Build.0 = Release|Any CPU
		{578569E2-65EA-4D18-849B-11B613C5EEC4}.Release|ARM64.ActiveCfg = Release|Any CPU
		{578569E2-65EA-4D18-849B-11B613C5EEC4}.Release|ARM64.Build.0 = Release|Any CPU
		{578569E2-65EA-4D18-849B-11B613C5EEC4}.Release|iPhone.ActiveCfg = Release|Any CPU
		{578569E2-65EA-4D18-849B-11B613C5EEC4}.Release|iPhone.Build.0 = Release|Any CPU
		{578569E2-65EA-4D18-849B-11B613C5EEC4}.Release|iPhoneSimulator.ActiveCfg = Release|Any CPU
		{578569E2-65EA-4D18-849B-11B613C5EEC4}.Release|iPhoneSimulator.Build.0 = Release|Any CPU
		{578569E2-65EA-4D18-849B-11B613C5EEC4}.Release|x64.ActiveCfg = Release|Any CPU
		{578569E2-65EA-4D18-849B-11B613C5EEC4}.Release|x64.Build.0 = Release|Any CPU
		{578569E2-65EA-4D18-849B-11B613C5EEC4}.Release|x86.ActiveCfg = Release|Any CPU
		{578569E2-65EA-4D18-849B-11B613C5EEC4}.Release|x86.Build.0 = Release|Any CPU
		{49EEC409-6233-481E-97C9-AE75CC2A693F}.Debug|Any CPU.ActiveCfg = Debug|Any CPU
		{49EEC409-6233-481E-97C9-AE75CC2A693F}.Debug|Any CPU.Build.0 = Debug|Any CPU
		{49EEC409-6233-481E-97C9-AE75CC2A693F}.Debug|ARM.ActiveCfg = Debug|Any CPU
		{49EEC409-6233-481E-97C9-AE75CC2A693F}.Debug|ARM.Build.0 = Debug|Any CPU
		{49EEC409-6233-481E-97C9-AE75CC2A693F}.Debug|ARM64.ActiveCfg = Debug|Any CPU
		{49EEC409-6233-481E-97C9-AE75CC2A693F}.Debug|ARM64.Build.0 = Debug|Any CPU
		{49EEC409-6233-481E-97C9-AE75CC2A693F}.Debug|iPhone.ActiveCfg = Debug|Any CPU
		{49EEC409-6233-481E-97C9-AE75CC2A693F}.Debug|iPhone.Build.0 = Debug|Any CPU
		{49EEC409-6233-481E-97C9-AE75CC2A693F}.Debug|iPhoneSimulator.ActiveCfg = Debug|Any CPU
		{49EEC409-6233-481E-97C9-AE75CC2A693F}.Debug|iPhoneSimulator.Build.0 = Debug|Any CPU
		{49EEC409-6233-481E-97C9-AE75CC2A693F}.Debug|x64.ActiveCfg = Debug|Any CPU
		{49EEC409-6233-481E-97C9-AE75CC2A693F}.Debug|x64.Build.0 = Debug|Any CPU
		{49EEC409-6233-481E-97C9-AE75CC2A693F}.Debug|x86.ActiveCfg = Debug|Any CPU
		{49EEC409-6233-481E-97C9-AE75CC2A693F}.Debug|x86.Build.0 = Debug|Any CPU
		{49EEC409-6233-481E-97C9-AE75CC2A693F}.Release|Any CPU.ActiveCfg = Release|Any CPU
		{49EEC409-6233-481E-97C9-AE75CC2A693F}.Release|Any CPU.Build.0 = Release|Any CPU
		{49EEC409-6233-481E-97C9-AE75CC2A693F}.Release|ARM.ActiveCfg = Release|Any CPU
		{49EEC409-6233-481E-97C9-AE75CC2A693F}.Release|ARM.Build.0 = Release|Any CPU
		{49EEC409-6233-481E-97C9-AE75CC2A693F}.Release|ARM64.ActiveCfg = Release|Any CPU
		{49EEC409-6233-481E-97C9-AE75CC2A693F}.Release|ARM64.Build.0 = Release|Any CPU
		{49EEC409-6233-481E-97C9-AE75CC2A693F}.Release|iPhone.ActiveCfg = Release|Any CPU
		{49EEC409-6233-481E-97C9-AE75CC2A693F}.Release|iPhone.Build.0 = Release|Any CPU
		{49EEC409-6233-481E-97C9-AE75CC2A693F}.Release|iPhoneSimulator.ActiveCfg = Release|Any CPU
		{49EEC409-6233-481E-97C9-AE75CC2A693F}.Release|iPhoneSimulator.Build.0 = Release|Any CPU
		{49EEC409-6233-481E-97C9-AE75CC2A693F}.Release|x64.ActiveCfg = Release|Any CPU
		{49EEC409-6233-481E-97C9-AE75CC2A693F}.Release|x64.Build.0 = Release|Any CPU
		{49EEC409-6233-481E-97C9-AE75CC2A693F}.Release|x86.ActiveCfg = Release|Any CPU
		{49EEC409-6233-481E-97C9-AE75CC2A693F}.Release|x86.Build.0 = Release|Any CPU
		{AC93B7D9-2A16-46EE-AC61-6C131E47670B}.Debug|Any CPU.ActiveCfg = Debug|Any CPU
		{AC93B7D9-2A16-46EE-AC61-6C131E47670B}.Debug|Any CPU.Build.0 = Debug|Any CPU
		{AC93B7D9-2A16-46EE-AC61-6C131E47670B}.Debug|ARM.ActiveCfg = Debug|Any CPU
		{AC93B7D9-2A16-46EE-AC61-6C131E47670B}.Debug|ARM.Build.0 = Debug|Any CPU
		{AC93B7D9-2A16-46EE-AC61-6C131E47670B}.Debug|ARM64.ActiveCfg = Debug|Any CPU
		{AC93B7D9-2A16-46EE-AC61-6C131E47670B}.Debug|ARM64.Build.0 = Debug|Any CPU
		{AC93B7D9-2A16-46EE-AC61-6C131E47670B}.Debug|iPhone.ActiveCfg = Debug|Any CPU
		{AC93B7D9-2A16-46EE-AC61-6C131E47670B}.Debug|iPhone.Build.0 = Debug|Any CPU
		{AC93B7D9-2A16-46EE-AC61-6C131E47670B}.Debug|iPhoneSimulator.ActiveCfg = Debug|Any CPU
		{AC93B7D9-2A16-46EE-AC61-6C131E47670B}.Debug|iPhoneSimulator.Build.0 = Debug|Any CPU
		{AC93B7D9-2A16-46EE-AC61-6C131E47670B}.Debug|x64.ActiveCfg = Debug|Any CPU
		{AC93B7D9-2A16-46EE-AC61-6C131E47670B}.Debug|x64.Build.0 = Debug|Any CPU
		{AC93B7D9-2A16-46EE-AC61-6C131E47670B}.Debug|x86.ActiveCfg = Debug|Any CPU
		{AC93B7D9-2A16-46EE-AC61-6C131E47670B}.Debug|x86.Build.0 = Debug|Any CPU
		{AC93B7D9-2A16-46EE-AC61-6C131E47670B}.Release|Any CPU.ActiveCfg = Release|Any CPU
		{AC93B7D9-2A16-46EE-AC61-6C131E47670B}.Release|Any CPU.Build.0 = Release|Any CPU
		{AC93B7D9-2A16-46EE-AC61-6C131E47670B}.Release|ARM.ActiveCfg = Release|Any CPU
		{AC93B7D9-2A16-46EE-AC61-6C131E47670B}.Release|ARM.Build.0 = Release|Any CPU
		{AC93B7D9-2A16-46EE-AC61-6C131E47670B}.Release|ARM64.ActiveCfg = Release|Any CPU
		{AC93B7D9-2A16-46EE-AC61-6C131E47670B}.Release|ARM64.Build.0 = Release|Any CPU
		{AC93B7D9-2A16-46EE-AC61-6C131E47670B}.Release|iPhone.ActiveCfg = Release|Any CPU
		{AC93B7D9-2A16-46EE-AC61-6C131E47670B}.Release|iPhone.Build.0 = Release|Any CPU
		{AC93B7D9-2A16-46EE-AC61-6C131E47670B}.Release|iPhoneSimulator.ActiveCfg = Release|Any CPU
		{AC93B7D9-2A16-46EE-AC61-6C131E47670B}.Release|iPhoneSimulator.Build.0 = Release|Any CPU
		{AC93B7D9-2A16-46EE-AC61-6C131E47670B}.Release|x64.ActiveCfg = Release|Any CPU
		{AC93B7D9-2A16-46EE-AC61-6C131E47670B}.Release|x64.Build.0 = Release|Any CPU
		{AC93B7D9-2A16-46EE-AC61-6C131E47670B}.Release|x86.ActiveCfg = Release|Any CPU
		{AC93B7D9-2A16-46EE-AC61-6C131E47670B}.Release|x86.Build.0 = Release|Any CPU
		{1ADDD145-C492-430F-8846-9E68FACE81DF}.Debug|Any CPU.ActiveCfg = Debug|Any CPU
		{1ADDD145-C492-430F-8846-9E68FACE81DF}.Debug|Any CPU.Build.0 = Debug|Any CPU
		{1ADDD145-C492-430F-8846-9E68FACE81DF}.Debug|ARM.ActiveCfg = Debug|Any CPU
		{1ADDD145-C492-430F-8846-9E68FACE81DF}.Debug|ARM.Build.0 = Debug|Any CPU
		{1ADDD145-C492-430F-8846-9E68FACE81DF}.Debug|ARM64.ActiveCfg = Debug|Any CPU
		{1ADDD145-C492-430F-8846-9E68FACE81DF}.Debug|ARM64.Build.0 = Debug|Any CPU
		{1ADDD145-C492-430F-8846-9E68FACE81DF}.Debug|iPhone.ActiveCfg = Debug|Any CPU
		{1ADDD145-C492-430F-8846-9E68FACE81DF}.Debug|iPhone.Build.0 = Debug|Any CPU
		{1ADDD145-C492-430F-8846-9E68FACE81DF}.Debug|iPhoneSimulator.ActiveCfg = Debug|Any CPU
		{1ADDD145-C492-430F-8846-9E68FACE81DF}.Debug|iPhoneSimulator.Build.0 = Debug|Any CPU
		{1ADDD145-C492-430F-8846-9E68FACE81DF}.Debug|x64.ActiveCfg = Debug|Any CPU
		{1ADDD145-C492-430F-8846-9E68FACE81DF}.Debug|x64.Build.0 = Debug|Any CPU
		{1ADDD145-C492-430F-8846-9E68FACE81DF}.Debug|x86.ActiveCfg = Debug|Any CPU
		{1ADDD145-C492-430F-8846-9E68FACE81DF}.Debug|x86.Build.0 = Debug|Any CPU
		{1ADDD145-C492-430F-8846-9E68FACE81DF}.Release|Any CPU.ActiveCfg = Release|Any CPU
		{1ADDD145-C492-430F-8846-9E68FACE81DF}.Release|Any CPU.Build.0 = Release|Any CPU
		{1ADDD145-C492-430F-8846-9E68FACE81DF}.Release|ARM.ActiveCfg = Release|Any CPU
		{1ADDD145-C492-430F-8846-9E68FACE81DF}.Release|ARM.Build.0 = Release|Any CPU
		{1ADDD145-C492-430F-8846-9E68FACE81DF}.Release|ARM64.ActiveCfg = Release|Any CPU
		{1ADDD145-C492-430F-8846-9E68FACE81DF}.Release|ARM64.Build.0 = Release|Any CPU
		{1ADDD145-C492-430F-8846-9E68FACE81DF}.Release|iPhone.ActiveCfg = Release|Any CPU
		{1ADDD145-C492-430F-8846-9E68FACE81DF}.Release|iPhone.Build.0 = Release|Any CPU
		{1ADDD145-C492-430F-8846-9E68FACE81DF}.Release|iPhoneSimulator.ActiveCfg = Release|Any CPU
		{1ADDD145-C492-430F-8846-9E68FACE81DF}.Release|iPhoneSimulator.Build.0 = Release|Any CPU
		{1ADDD145-C492-430F-8846-9E68FACE81DF}.Release|x64.ActiveCfg = Release|Any CPU
		{1ADDD145-C492-430F-8846-9E68FACE81DF}.Release|x64.Build.0 = Release|Any CPU
		{1ADDD145-C492-430F-8846-9E68FACE81DF}.Release|x86.ActiveCfg = Release|Any CPU
		{1ADDD145-C492-430F-8846-9E68FACE81DF}.Release|x86.Build.0 = Release|Any CPU
		{482462A5-8A4B-4609-B633-49A79D241B6D}.Debug|Any CPU.ActiveCfg = Debug|Any CPU
		{482462A5-8A4B-4609-B633-49A79D241B6D}.Debug|Any CPU.Build.0 = Debug|Any CPU
		{482462A5-8A4B-4609-B633-49A79D241B6D}.Debug|ARM.ActiveCfg = Debug|Any CPU
		{482462A5-8A4B-4609-B633-49A79D241B6D}.Debug|ARM.Build.0 = Debug|Any CPU
		{482462A5-8A4B-4609-B633-49A79D241B6D}.Debug|ARM64.ActiveCfg = Debug|Any CPU
		{482462A5-8A4B-4609-B633-49A79D241B6D}.Debug|ARM64.Build.0 = Debug|Any CPU
		{482462A5-8A4B-4609-B633-49A79D241B6D}.Debug|iPhone.ActiveCfg = Debug|Any CPU
		{482462A5-8A4B-4609-B633-49A79D241B6D}.Debug|iPhone.Build.0 = Debug|Any CPU
		{482462A5-8A4B-4609-B633-49A79D241B6D}.Debug|iPhoneSimulator.ActiveCfg = Debug|Any CPU
		{482462A5-8A4B-4609-B633-49A79D241B6D}.Debug|iPhoneSimulator.Build.0 = Debug|Any CPU
		{482462A5-8A4B-4609-B633-49A79D241B6D}.Debug|x64.ActiveCfg = Debug|Any CPU
		{482462A5-8A4B-4609-B633-49A79D241B6D}.Debug|x64.Build.0 = Debug|Any CPU
		{482462A5-8A4B-4609-B633-49A79D241B6D}.Debug|x86.ActiveCfg = Debug|Any CPU
		{482462A5-8A4B-4609-B633-49A79D241B6D}.Debug|x86.Build.0 = Debug|Any CPU
		{482462A5-8A4B-4609-B633-49A79D241B6D}.Release|Any CPU.ActiveCfg = Release|Any CPU
		{482462A5-8A4B-4609-B633-49A79D241B6D}.Release|Any CPU.Build.0 = Release|Any CPU
		{482462A5-8A4B-4609-B633-49A79D241B6D}.Release|ARM.ActiveCfg = Release|Any CPU
		{482462A5-8A4B-4609-B633-49A79D241B6D}.Release|ARM.Build.0 = Release|Any CPU
		{482462A5-8A4B-4609-B633-49A79D241B6D}.Release|ARM64.ActiveCfg = Release|Any CPU
		{482462A5-8A4B-4609-B633-49A79D241B6D}.Release|ARM64.Build.0 = Release|Any CPU
		{482462A5-8A4B-4609-B633-49A79D241B6D}.Release|iPhone.ActiveCfg = Release|Any CPU
		{482462A5-8A4B-4609-B633-49A79D241B6D}.Release|iPhone.Build.0 = Release|Any CPU
		{482462A5-8A4B-4609-B633-49A79D241B6D}.Release|iPhoneSimulator.ActiveCfg = Release|Any CPU
		{482462A5-8A4B-4609-B633-49A79D241B6D}.Release|iPhoneSimulator.Build.0 = Release|Any CPU
		{482462A5-8A4B-4609-B633-49A79D241B6D}.Release|x64.ActiveCfg = Release|Any CPU
		{482462A5-8A4B-4609-B633-49A79D241B6D}.Release|x64.Build.0 = Release|Any CPU
		{482462A5-8A4B-4609-B633-49A79D241B6D}.Release|x86.ActiveCfg = Release|Any CPU
		{482462A5-8A4B-4609-B633-49A79D241B6D}.Release|x86.Build.0 = Release|Any CPU
		{BB26475D-1190-4C68-B7E6-92D95F54054B}.Debug|Any CPU.ActiveCfg = Debug|Any CPU
		{BB26475D-1190-4C68-B7E6-92D95F54054B}.Debug|Any CPU.Build.0 = Debug|Any CPU
		{BB26475D-1190-4C68-B7E6-92D95F54054B}.Debug|ARM.ActiveCfg = Debug|Any CPU
		{BB26475D-1190-4C68-B7E6-92D95F54054B}.Debug|ARM.Build.0 = Debug|Any CPU
		{BB26475D-1190-4C68-B7E6-92D95F54054B}.Debug|ARM64.ActiveCfg = Debug|Any CPU
		{BB26475D-1190-4C68-B7E6-92D95F54054B}.Debug|ARM64.Build.0 = Debug|Any CPU
		{BB26475D-1190-4C68-B7E6-92D95F54054B}.Debug|iPhone.ActiveCfg = Debug|Any CPU
		{BB26475D-1190-4C68-B7E6-92D95F54054B}.Debug|iPhone.Build.0 = Debug|Any CPU
		{BB26475D-1190-4C68-B7E6-92D95F54054B}.Debug|iPhoneSimulator.ActiveCfg = Debug|Any CPU
		{BB26475D-1190-4C68-B7E6-92D95F54054B}.Debug|iPhoneSimulator.Build.0 = Debug|Any CPU
		{BB26475D-1190-4C68-B7E6-92D95F54054B}.Debug|x64.ActiveCfg = Debug|Any CPU
		{BB26475D-1190-4C68-B7E6-92D95F54054B}.Debug|x64.Build.0 = Debug|Any CPU
		{BB26475D-1190-4C68-B7E6-92D95F54054B}.Debug|x86.ActiveCfg = Debug|Any CPU
		{BB26475D-1190-4C68-B7E6-92D95F54054B}.Debug|x86.Build.0 = Debug|Any CPU
		{BB26475D-1190-4C68-B7E6-92D95F54054B}.Release|Any CPU.ActiveCfg = Release|Any CPU
		{BB26475D-1190-4C68-B7E6-92D95F54054B}.Release|Any CPU.Build.0 = Release|Any CPU
		{BB26475D-1190-4C68-B7E6-92D95F54054B}.Release|ARM.ActiveCfg = Release|Any CPU
		{BB26475D-1190-4C68-B7E6-92D95F54054B}.Release|ARM.Build.0 = Release|Any CPU
		{BB26475D-1190-4C68-B7E6-92D95F54054B}.Release|ARM64.ActiveCfg = Release|Any CPU
		{BB26475D-1190-4C68-B7E6-92D95F54054B}.Release|ARM64.Build.0 = Release|Any CPU
		{BB26475D-1190-4C68-B7E6-92D95F54054B}.Release|iPhone.ActiveCfg = Release|Any CPU
		{BB26475D-1190-4C68-B7E6-92D95F54054B}.Release|iPhone.Build.0 = Release|Any CPU
		{BB26475D-1190-4C68-B7E6-92D95F54054B}.Release|iPhoneSimulator.ActiveCfg = Release|Any CPU
		{BB26475D-1190-4C68-B7E6-92D95F54054B}.Release|iPhoneSimulator.Build.0 = Release|Any CPU
		{BB26475D-1190-4C68-B7E6-92D95F54054B}.Release|x64.ActiveCfg = Release|Any CPU
		{BB26475D-1190-4C68-B7E6-92D95F54054B}.Release|x64.Build.0 = Release|Any CPU
		{BB26475D-1190-4C68-B7E6-92D95F54054B}.Release|x86.ActiveCfg = Release|Any CPU
		{BB26475D-1190-4C68-B7E6-92D95F54054B}.Release|x86.Build.0 = Release|Any CPU
	EndGlobalSection
	GlobalSection(SolutionProperties) = preSolution
		HideSolutionNode = FALSE
	EndGlobalSection
	GlobalSection(NestedProjects) = preSolution
		{E968E66A-A8AC-4993-B613-65658747D19A} = {E0D992C4-468C-4F73-A174-F0E48B47973E}
		{77BDAE77-94AD-4C44-9E08-E833AFBD1860} = {E0D992C4-468C-4F73-A174-F0E48B47973E}
		{6CE60150-1108-4B5D-943D-9256FCE6778A} = {C11FD062-12C1-4682-8DD8-7621F7315FBA}
		{A66DDE86-1C21-4331-AB44-588728E30334} = {E0D992C4-468C-4F73-A174-F0E48B47973E}
		{AE2509FD-190B-4C8D-B36F-1B531B9F57BC} = {2CBC3678-8793-4BC2-B264-6429A8A9A374}
		{C06C7441-8E10-45D5-9246-AB51D41F9E4C} = {C11FD062-12C1-4682-8DD8-7621F7315FBA}
		{22021B45-5FB0-412B-95F4-92F00F89B399} = {C11FD062-12C1-4682-8DD8-7621F7315FBA}
		{085CBE58-3023-4066-BACB-F94CC8CB7787} = {E968E66A-A8AC-4993-B613-65658747D19A}
		{C0FABB01-7DC1-4363-8CE8-F0113C0C12B3} = {C11FD062-12C1-4682-8DD8-7621F7315FBA}
		{C9908238-B964-4B9D-ADDD-E0297C2F0440} = {E0D992C4-468C-4F73-A174-F0E48B47973E}
		{3B19F9C0-0AC6-4A70-BF7B-867EE0326042} = {77BDAE77-94AD-4C44-9E08-E833AFBD1860}
		{578569E2-65EA-4D18-849B-11B613C5EEC4} = {E0D992C4-468C-4F73-A174-F0E48B47973E}
		{49EEC409-6233-481E-97C9-AE75CC2A693F} = {77BDAE77-94AD-4C44-9E08-E833AFBD1860}
		{AC93B7D9-2A16-46EE-AC61-6C131E47670B} = {77BDAE77-94AD-4C44-9E08-E833AFBD1860}
		{A860E720-2FE9-4143-836B-15624AB597F4} = {77BDAE77-94AD-4C44-9E08-E833AFBD1860}
		{1ADDD145-C492-430F-8846-9E68FACE81DF} = {A860E720-2FE9-4143-836B-15624AB597F4}
		{482462A5-8A4B-4609-B633-49A79D241B6D} = {77BDAE77-94AD-4C44-9E08-E833AFBD1860}
		{BB26475D-1190-4C68-B7E6-92D95F54054B} = {A860E720-2FE9-4143-836B-15624AB597F4}
	EndGlobalSection
	GlobalSection(ExtensibilityGlobals) = postSolution
		SolutionGuid = {D5A68AB8-6AC7-424A-BCBE-28C965EE0000}
	EndGlobalSection
EndGlobal
