
Microsoft Visual Studio Solution File, Format Version 12.00
# Visual Studio Version 17
VisualStudioVersion = 17.0.32014.148
MinimumVisualStudioVersion = 10.0.40219.1
Project("{9A19103F-16F7-4668-BE54-9A1E7A4F7556}") = "Anf.Easy", "Anf.Engine.Easy\Anf.Easy.csproj", "{9C12B828-FADF-4A7C-9245-2A1A5DB021FF}"
EndProject
Project("{9A19103F-16F7-4668-BE54-9A1E7A4F7556}") = "Anf.Engine", "Anf.Engine\Anf.Engine.csproj", "{4FFF2C31-A521-4450-8DB5-5EE3237B4D35}"
EndProject
Project("{9A19103F-16F7-4668-BE54-9A1E7A4F7556}") = "Anf.Web", "Anf.Web\Anf.Web.csproj", "{44F761DC-9878-4B00-948D-C5CB5849DCC8}"
EndProject
Project("{2150E333-8FDC-42A3-9474-1A3956D46DE8}") = "ResourceFetchers", "ResourceFetchers", "{DCFEFA6F-1540-4BFC-952E-DD9AA90385D1}"
EndProject
Project("{9A19103F-16F7-4668-BE54-9A1E7A4F7556}") = "Anf.ResourceFetcher.Redis", "ResourceFetchers\Anf.ResourceFetcher.Redis\Anf.ResourceFetcher.Redis.csproj", "{4D18F737-2303-4F15-95D6-9A8AAEA2E6EF}"
EndProject
Project("{9A19103F-16F7-4668-BE54-9A1E7A4F7556}") = "Anf.ResourceFetcher.Sql", "ResourceFetchers\Anf.ResourceFetcher.Sql\Anf.ResourceFetcher.Sql.csproj", "{B263F188-4301-4F8D-BEC4-8D6331A1CE79}"
EndProject
Project("{9A19103F-16F7-4668-BE54-9A1E7A4F7556}") = "Anf.WebService", "Anf.WebService\Anf.WebService.csproj", "{CB861057-6472-4C41-AF2F-4EE5C9C0B5EA}"
EndProject
Project("{9A19103F-16F7-4668-BE54-9A1E7A4F7556}") = "Anf.ResourceFetcher", "Anf.ResourceFetcher\Anf.ResourceFetcher.csproj", "{2736FAA4-2DBC-4C29-8F42-8FEF73D9330C}"
EndProject
Project("{9A19103F-16F7-4668-BE54-9A1E7A4F7556}") = "Anf.ChannelModel", "Anf.ChannelModel\Anf.ChannelModel.csproj", "{7BAEEF01-9277-43DC-A502-951D50324D75}"
EndProject
Project("{2150E333-8FDC-42A3-9474-1A3956D46DE8}") = "Shareds", "Shareds", "{CD23784B-DCA5-4FCB-8D14-90EC57A144FD}"
EndProject
Project("{9A19103F-16F7-4668-BE54-9A1E7A4F7556}") = "Anf.KnowEngines", "Engines\Anf.KnowEngines\Anf.KnowEngines.csproj", "{E52D8F52-A633-4CE1-8FA2-56735F392107}"
EndProject
Project("{9A19103F-16F7-4668-BE54-9A1E7A4F7556}") = "Anf.Statistical", "Anf.Statistical\Anf.Statistical.csproj", "{FC137CA8-8756-4DCE-880A-B4D3F1F29392}"
EndProject
Project("{2150E333-8FDC-42A3-9474-1A3956D46DE8}") = "Modules", "Modules", "{CF836E7F-0497-48AD-ADD5-D0C10257163D}"
EndProject
Project("{9A19103F-16F7-4668-BE54-9A1E7A4F7556}") = "Anf.Hitokoto", "Modules\Anf.Hitokoto\Anf.Hitokoto.csproj", "{66C83B89-36EB-4294-A993-D602ED607747}"
EndProject
Project("{9A19103F-16F7-4668-BE54-9A1E7A4F7556}") = "Anf.Core", "Modules\Anf.Core\Anf.Core.csproj", "{7BD81C5C-394A-438A-8033-BDB19610B891}"
EndProject
Global
	GlobalSection(SolutionConfigurationPlatforms) = preSolution
		CompileModel|Any CPU = CompileModel|Any CPU
		CompileModel|x64 = CompileModel|x64
		CompileModel|x86 = CompileModel|x86
		Debug|Any CPU = Debug|Any CPU
		Debug|x64 = Debug|x64
		Debug|x86 = Debug|x86
		Release|Any CPU = Release|Any CPU
		Release|x64 = Release|x64
		Release|x86 = Release|x86
	EndGlobalSection
	GlobalSection(ProjectConfigurationPlatforms) = postSolution
		{9C12B828-FADF-4A7C-9245-2A1A5DB021FF}.CompileModel|Any CPU.ActiveCfg = CompileModel|Any CPU
		{9C12B828-FADF-4A7C-9245-2A1A5DB021FF}.CompileModel|Any CPU.Build.0 = CompileModel|Any CPU
		{9C12B828-FADF-4A7C-9245-2A1A5DB021FF}.CompileModel|x64.ActiveCfg = CompileModel|Any CPU
		{9C12B828-FADF-4A7C-9245-2A1A5DB021FF}.CompileModel|x64.Build.0 = CompileModel|Any CPU
		{9C12B828-FADF-4A7C-9245-2A1A5DB021FF}.CompileModel|x86.ActiveCfg = CompileModel|Any CPU
		{9C12B828-FADF-4A7C-9245-2A1A5DB021FF}.CompileModel|x86.Build.0 = CompileModel|Any CPU
		{9C12B828-FADF-4A7C-9245-2A1A5DB021FF}.Debug|Any CPU.ActiveCfg = Debug|Any CPU
		{9C12B828-FADF-4A7C-9245-2A1A5DB021FF}.Debug|Any CPU.Build.0 = Debug|Any CPU
		{9C12B828-FADF-4A7C-9245-2A1A5DB021FF}.Debug|x64.ActiveCfg = Debug|Any CPU
		{9C12B828-FADF-4A7C-9245-2A1A5DB021FF}.Debug|x64.Build.0 = Debug|Any CPU
		{9C12B828-FADF-4A7C-9245-2A1A5DB021FF}.Debug|x86.ActiveCfg = Debug|Any CPU
		{9C12B828-FADF-4A7C-9245-2A1A5DB021FF}.Debug|x86.Build.0 = Debug|Any CPU
		{9C12B828-FADF-4A7C-9245-2A1A5DB021FF}.Release|Any CPU.ActiveCfg = Release|Any CPU
		{9C12B828-FADF-4A7C-9245-2A1A5DB021FF}.Release|Any CPU.Build.0 = Release|Any CPU
		{9C12B828-FADF-4A7C-9245-2A1A5DB021FF}.Release|x64.ActiveCfg = Release|Any CPU
		{9C12B828-FADF-4A7C-9245-2A1A5DB021FF}.Release|x64.Build.0 = Release|Any CPU
		{9C12B828-FADF-4A7C-9245-2A1A5DB021FF}.Release|x86.ActiveCfg = Release|Any CPU
		{9C12B828-FADF-4A7C-9245-2A1A5DB021FF}.Release|x86.Build.0 = Release|Any CPU
		{4FFF2C31-A521-4450-8DB5-5EE3237B4D35}.CompileModel|Any CPU.ActiveCfg = CompileModel|Any CPU
		{4FFF2C31-A521-4450-8DB5-5EE3237B4D35}.CompileModel|Any CPU.Build.0 = CompileModel|Any CPU
		{4FFF2C31-A521-4450-8DB5-5EE3237B4D35}.CompileModel|x64.ActiveCfg = CompileModel|Any CPU
		{4FFF2C31-A521-4450-8DB5-5EE3237B4D35}.CompileModel|x64.Build.0 = CompileModel|Any CPU
		{4FFF2C31-A521-4450-8DB5-5EE3237B4D35}.CompileModel|x86.ActiveCfg = CompileModel|Any CPU
		{4FFF2C31-A521-4450-8DB5-5EE3237B4D35}.CompileModel|x86.Build.0 = CompileModel|Any CPU
		{4FFF2C31-A521-4450-8DB5-5EE3237B4D35}.Debug|Any CPU.ActiveCfg = Debug|Any CPU
		{4FFF2C31-A521-4450-8DB5-5EE3237B4D35}.Debug|Any CPU.Build.0 = Debug|Any CPU
		{4FFF2C31-A521-4450-8DB5-5EE3237B4D35}.Debug|x64.ActiveCfg = Debug|Any CPU
		{4FFF2C31-A521-4450-8DB5-5EE3237B4D35}.Debug|x64.Build.0 = Debug|Any CPU
		{4FFF2C31-A521-4450-8DB5-5EE3237B4D35}.Debug|x86.ActiveCfg = Debug|Any CPU
		{4FFF2C31-A521-4450-8DB5-5EE3237B4D35}.Debug|x86.Build.0 = Debug|Any CPU
		{4FFF2C31-A521-4450-8DB5-5EE3237B4D35}.Release|Any CPU.ActiveCfg = Release|Any CPU
		{4FFF2C31-A521-4450-8DB5-5EE3237B4D35}.Release|Any CPU.Build.0 = Release|Any CPU
		{4FFF2C31-A521-4450-8DB5-5EE3237B4D35}.Release|x64.ActiveCfg = Release|Any CPU
		{4FFF2C31-A521-4450-8DB5-5EE3237B4D35}.Release|x64.Build.0 = Release|Any CPU
		{4FFF2C31-A521-4450-8DB5-5EE3237B4D35}.Release|x86.ActiveCfg = Release|Any CPU
		{4FFF2C31-A521-4450-8DB5-5EE3237B4D35}.Release|x86.Build.0 = Release|Any CPU
		{44F761DC-9878-4B00-948D-C5CB5849DCC8}.CompileModel|Any CPU.ActiveCfg = CompileModel|Any CPU
		{44F761DC-9878-4B00-948D-C5CB5849DCC8}.CompileModel|Any CPU.Build.0 = CompileModel|Any CPU
		{44F761DC-9878-4B00-948D-C5CB5849DCC8}.CompileModel|x64.ActiveCfg = CompileModel|Any CPU
		{44F761DC-9878-4B00-948D-C5CB5849DCC8}.CompileModel|x64.Build.0 = CompileModel|Any CPU
		{44F761DC-9878-4B00-948D-C5CB5849DCC8}.CompileModel|x86.ActiveCfg = CompileModel|Any CPU
		{44F761DC-9878-4B00-948D-C5CB5849DCC8}.CompileModel|x86.Build.0 = CompileModel|Any CPU
		{44F761DC-9878-4B00-948D-C5CB5849DCC8}.Debug|Any CPU.ActiveCfg = Debug|Any CPU
		{44F761DC-9878-4B00-948D-C5CB5849DCC8}.Debug|Any CPU.Build.0 = Debug|Any CPU
		{44F761DC-9878-4B00-948D-C5CB5849DCC8}.Debug|x64.ActiveCfg = Debug|Any CPU
		{44F761DC-9878-4B00-948D-C5CB5849DCC8}.Debug|x64.Build.0 = Debug|Any CPU
		{44F761DC-9878-4B00-948D-C5CB5849DCC8}.Debug|x86.ActiveCfg = Debug|Any CPU
		{44F761DC-9878-4B00-948D-C5CB5849DCC8}.Debug|x86.Build.0 = Debug|Any CPU
		{44F761DC-9878-4B00-948D-C5CB5849DCC8}.Release|Any CPU.ActiveCfg = Release|Any CPU
		{44F761DC-9878-4B00-948D-C5CB5849DCC8}.Release|Any CPU.Build.0 = Release|Any CPU
		{44F761DC-9878-4B00-948D-C5CB5849DCC8}.Release|x64.ActiveCfg = Release|Any CPU
		{44F761DC-9878-4B00-948D-C5CB5849DCC8}.Release|x64.Build.0 = Release|Any CPU
		{44F761DC-9878-4B00-948D-C5CB5849DCC8}.Release|x86.ActiveCfg = Release|Any CPU
		{44F761DC-9878-4B00-948D-C5CB5849DCC8}.Release|x86.Build.0 = Release|Any CPU
		{4D18F737-2303-4F15-95D6-9A8AAEA2E6EF}.CompileModel|Any CPU.ActiveCfg = CompileModel|Any CPU
		{4D18F737-2303-4F15-95D6-9A8AAEA2E6EF}.CompileModel|Any CPU.Build.0 = CompileModel|Any CPU
		{4D18F737-2303-4F15-95D6-9A8AAEA2E6EF}.CompileModel|x64.ActiveCfg = CompileModel|Any CPU
		{4D18F737-2303-4F15-95D6-9A8AAEA2E6EF}.CompileModel|x64.Build.0 = CompileModel|Any CPU
		{4D18F737-2303-4F15-95D6-9A8AAEA2E6EF}.CompileModel|x86.ActiveCfg = CompileModel|Any CPU
		{4D18F737-2303-4F15-95D6-9A8AAEA2E6EF}.CompileModel|x86.Build.0 = CompileModel|Any CPU
		{4D18F737-2303-4F15-95D6-9A8AAEA2E6EF}.Debug|Any CPU.ActiveCfg = Debug|Any CPU
		{4D18F737-2303-4F15-95D6-9A8AAEA2E6EF}.Debug|Any CPU.Build.0 = Debug|Any CPU
		{4D18F737-2303-4F15-95D6-9A8AAEA2E6EF}.Debug|x64.ActiveCfg = Debug|Any CPU
		{4D18F737-2303-4F15-95D6-9A8AAEA2E6EF}.Debug|x64.Build.0 = Debug|Any CPU
		{4D18F737-2303-4F15-95D6-9A8AAEA2E6EF}.Debug|x86.ActiveCfg = Debug|Any CPU
		{4D18F737-2303-4F15-95D6-9A8AAEA2E6EF}.Debug|x86.Build.0 = Debug|Any CPU
		{4D18F737-2303-4F15-95D6-9A8AAEA2E6EF}.Release|Any CPU.ActiveCfg = Release|Any CPU
		{4D18F737-2303-4F15-95D6-9A8AAEA2E6EF}.Release|Any CPU.Build.0 = Release|Any CPU
		{4D18F737-2303-4F15-95D6-9A8AAEA2E6EF}.Release|x64.ActiveCfg = Release|Any CPU
		{4D18F737-2303-4F15-95D6-9A8AAEA2E6EF}.Release|x64.Build.0 = Release|Any CPU
		{4D18F737-2303-4F15-95D6-9A8AAEA2E6EF}.Release|x86.ActiveCfg = Release|Any CPU
		{4D18F737-2303-4F15-95D6-9A8AAEA2E6EF}.Release|x86.Build.0 = Release|Any CPU
		{B263F188-4301-4F8D-BEC4-8D6331A1CE79}.CompileModel|Any CPU.ActiveCfg = CompileModel|Any CPU
		{B263F188-4301-4F8D-BEC4-8D6331A1CE79}.CompileModel|Any CPU.Build.0 = CompileModel|Any CPU
		{B263F188-4301-4F8D-BEC4-8D6331A1CE79}.CompileModel|x64.ActiveCfg = CompileModel|Any CPU
		{B263F188-4301-4F8D-BEC4-8D6331A1CE79}.CompileModel|x64.Build.0 = CompileModel|Any CPU
		{B263F188-4301-4F8D-BEC4-8D6331A1CE79}.CompileModel|x86.ActiveCfg = CompileModel|Any CPU
		{B263F188-4301-4F8D-BEC4-8D6331A1CE79}.CompileModel|x86.Build.0 = CompileModel|Any CPU
		{B263F188-4301-4F8D-BEC4-8D6331A1CE79}.Debug|Any CPU.ActiveCfg = Debug|Any CPU
		{B263F188-4301-4F8D-BEC4-8D6331A1CE79}.Debug|Any CPU.Build.0 = Debug|Any CPU
		{B263F188-4301-4F8D-BEC4-8D6331A1CE79}.Debug|x64.ActiveCfg = Debug|Any CPU
		{B263F188-4301-4F8D-BEC4-8D6331A1CE79}.Debug|x64.Build.0 = Debug|Any CPU
		{B263F188-4301-4F8D-BEC4-8D6331A1CE79}.Debug|x86.ActiveCfg = Debug|Any CPU
		{B263F188-4301-4F8D-BEC4-8D6331A1CE79}.Debug|x86.Build.0 = Debug|Any CPU
		{B263F188-4301-4F8D-BEC4-8D6331A1CE79}.Release|Any CPU.ActiveCfg = Release|Any CPU
		{B263F188-4301-4F8D-BEC4-8D6331A1CE79}.Release|Any CPU.Build.0 = Release|Any CPU
		{B263F188-4301-4F8D-BEC4-8D6331A1CE79}.Release|x64.ActiveCfg = Release|Any CPU
		{B263F188-4301-4F8D-BEC4-8D6331A1CE79}.Release|x64.Build.0 = Release|Any CPU
		{B263F188-4301-4F8D-BEC4-8D6331A1CE79}.Release|x86.ActiveCfg = Release|Any CPU
		{B263F188-4301-4F8D-BEC4-8D6331A1CE79}.Release|x86.Build.0 = Release|Any CPU
		{CB861057-6472-4C41-AF2F-4EE5C9C0B5EA}.CompileModel|Any CPU.ActiveCfg = CompileModel|Any CPU
		{CB861057-6472-4C41-AF2F-4EE5C9C0B5EA}.CompileModel|Any CPU.Build.0 = CompileModel|Any CPU
		{CB861057-6472-4C41-AF2F-4EE5C9C0B5EA}.CompileModel|x64.ActiveCfg = CompileModel|Any CPU
		{CB861057-6472-4C41-AF2F-4EE5C9C0B5EA}.CompileModel|x64.Build.0 = CompileModel|Any CPU
		{CB861057-6472-4C41-AF2F-4EE5C9C0B5EA}.CompileModel|x86.ActiveCfg = CompileModel|Any CPU
		{CB861057-6472-4C41-AF2F-4EE5C9C0B5EA}.CompileModel|x86.Build.0 = CompileModel|Any CPU
		{CB861057-6472-4C41-AF2F-4EE5C9C0B5EA}.Debug|Any CPU.ActiveCfg = Debug|Any CPU
		{CB861057-6472-4C41-AF2F-4EE5C9C0B5EA}.Debug|Any CPU.Build.0 = Debug|Any CPU
		{CB861057-6472-4C41-AF2F-4EE5C9C0B5EA}.Debug|x64.ActiveCfg = Debug|Any CPU
		{CB861057-6472-4C41-AF2F-4EE5C9C0B5EA}.Debug|x64.Build.0 = Debug|Any CPU
		{CB861057-6472-4C41-AF2F-4EE5C9C0B5EA}.Debug|x86.ActiveCfg = Debug|Any CPU
		{CB861057-6472-4C41-AF2F-4EE5C9C0B5EA}.Debug|x86.Build.0 = Debug|Any CPU
		{CB861057-6472-4C41-AF2F-4EE5C9C0B5EA}.Release|Any CPU.ActiveCfg = Release|Any CPU
		{CB861057-6472-4C41-AF2F-4EE5C9C0B5EA}.Release|Any CPU.Build.0 = Release|Any CPU
		{CB861057-6472-4C41-AF2F-4EE5C9C0B5EA}.Release|x64.ActiveCfg = Release|Any CPU
		{CB861057-6472-4C41-AF2F-4EE5C9C0B5EA}.Release|x64.Build.0 = Release|Any CPU
		{CB861057-6472-4C41-AF2F-4EE5C9C0B5EA}.Release|x86.ActiveCfg = Release|Any CPU
		{CB861057-6472-4C41-AF2F-4EE5C9C0B5EA}.Release|x86.Build.0 = Release|Any CPU
		{2736FAA4-2DBC-4C29-8F42-8FEF73D9330C}.CompileModel|Any CPU.ActiveCfg = Release|Any CPU
		{2736FAA4-2DBC-4C29-8F42-8FEF73D9330C}.CompileModel|Any CPU.Build.0 = Release|Any CPU
		{2736FAA4-2DBC-4C29-8F42-8FEF73D9330C}.CompileModel|x64.ActiveCfg = Release|Any CPU
		{2736FAA4-2DBC-4C29-8F42-8FEF73D9330C}.CompileModel|x64.Build.0 = Release|Any CPU
		{2736FAA4-2DBC-4C29-8F42-8FEF73D9330C}.CompileModel|x86.ActiveCfg = Release|Any CPU
		{2736FAA4-2DBC-4C29-8F42-8FEF73D9330C}.CompileModel|x86.Build.0 = Release|Any CPU
		{2736FAA4-2DBC-4C29-8F42-8FEF73D9330C}.Debug|Any CPU.ActiveCfg = Debug|Any CPU
		{2736FAA4-2DBC-4C29-8F42-8FEF73D9330C}.Debug|Any CPU.Build.0 = Debug|Any CPU
		{2736FAA4-2DBC-4C29-8F42-8FEF73D9330C}.Debug|x64.ActiveCfg = Debug|Any CPU
		{2736FAA4-2DBC-4C29-8F42-8FEF73D9330C}.Debug|x64.Build.0 = Debug|Any CPU
		{2736FAA4-2DBC-4C29-8F42-8FEF73D9330C}.Debug|x86.ActiveCfg = Debug|Any CPU
		{2736FAA4-2DBC-4C29-8F42-8FEF73D9330C}.Debug|x86.Build.0 = Debug|Any CPU
		{2736FAA4-2DBC-4C29-8F42-8FEF73D9330C}.Release|Any CPU.ActiveCfg = Release|Any CPU
		{2736FAA4-2DBC-4C29-8F42-8FEF73D9330C}.Release|Any CPU.Build.0 = Release|Any CPU
		{2736FAA4-2DBC-4C29-8F42-8FEF73D9330C}.Release|x64.ActiveCfg = Release|Any CPU
		{2736FAA4-2DBC-4C29-8F42-8FEF73D9330C}.Release|x64.Build.0 = Release|Any CPU
		{2736FAA4-2DBC-4C29-8F42-8FEF73D9330C}.Release|x86.ActiveCfg = Release|Any CPU
		{2736FAA4-2DBC-4C29-8F42-8FEF73D9330C}.Release|x86.Build.0 = Release|Any CPU
		{7BAEEF01-9277-43DC-A502-951D50324D75}.CompileModel|Any CPU.ActiveCfg = Release|Any CPU
		{7BAEEF01-9277-43DC-A502-951D50324D75}.CompileModel|Any CPU.Build.0 = Release|Any CPU
		{7BAEEF01-9277-43DC-A502-951D50324D75}.CompileModel|x64.ActiveCfg = Release|Any CPU
		{7BAEEF01-9277-43DC-A502-951D50324D75}.CompileModel|x64.Build.0 = Release|Any CPU
		{7BAEEF01-9277-43DC-A502-951D50324D75}.CompileModel|x86.ActiveCfg = Release|Any CPU
		{7BAEEF01-9277-43DC-A502-951D50324D75}.CompileModel|x86.Build.0 = Release|Any CPU
		{7BAEEF01-9277-43DC-A502-951D50324D75}.Debug|Any CPU.ActiveCfg = Debug|Any CPU
		{7BAEEF01-9277-43DC-A502-951D50324D75}.Debug|Any CPU.Build.0 = Debug|Any CPU
		{7BAEEF01-9277-43DC-A502-951D50324D75}.Debug|x64.ActiveCfg = Debug|Any CPU
		{7BAEEF01-9277-43DC-A502-951D50324D75}.Debug|x64.Build.0 = Debug|Any CPU
		{7BAEEF01-9277-43DC-A502-951D50324D75}.Debug|x86.ActiveCfg = Debug|Any CPU
		{7BAEEF01-9277-43DC-A502-951D50324D75}.Debug|x86.Build.0 = Debug|Any CPU
		{7BAEEF01-9277-43DC-A502-951D50324D75}.Release|Any CPU.ActiveCfg = Release|Any CPU
		{7BAEEF01-9277-43DC-A502-951D50324D75}.Release|Any CPU.Build.0 = Release|Any CPU
		{7BAEEF01-9277-43DC-A502-951D50324D75}.Release|x64.ActiveCfg = Release|Any CPU
		{7BAEEF01-9277-43DC-A502-951D50324D75}.Release|x64.Build.0 = Release|Any CPU
		{7BAEEF01-9277-43DC-A502-951D50324D75}.Release|x86.ActiveCfg = Release|Any CPU
		{7BAEEF01-9277-43DC-A502-951D50324D75}.Release|x86.Build.0 = Release|Any CPU
		{E52D8F52-A633-4CE1-8FA2-56735F392107}.CompileModel|Any CPU.ActiveCfg = Release|Any CPU
		{E52D8F52-A633-4CE1-8FA2-56735F392107}.CompileModel|Any CPU.Build.0 = Release|Any CPU
		{E52D8F52-A633-4CE1-8FA2-56735F392107}.CompileModel|x64.ActiveCfg = Release|Any CPU
		{E52D8F52-A633-4CE1-8FA2-56735F392107}.CompileModel|x64.Build.0 = Release|Any CPU
		{E52D8F52-A633-4CE1-8FA2-56735F392107}.CompileModel|x86.ActiveCfg = Release|Any CPU
		{E52D8F52-A633-4CE1-8FA2-56735F392107}.CompileModel|x86.Build.0 = Release|Any CPU
		{E52D8F52-A633-4CE1-8FA2-56735F392107}.Debug|Any CPU.ActiveCfg = Debug|Any CPU
		{E52D8F52-A633-4CE1-8FA2-56735F392107}.Debug|Any CPU.Build.0 = Debug|Any CPU
		{E52D8F52-A633-4CE1-8FA2-56735F392107}.Debug|x64.ActiveCfg = Debug|Any CPU
		{E52D8F52-A633-4CE1-8FA2-56735F392107}.Debug|x64.Build.0 = Debug|Any CPU
		{E52D8F52-A633-4CE1-8FA2-56735F392107}.Debug|x86.ActiveCfg = Debug|Any CPU
		{E52D8F52-A633-4CE1-8FA2-56735F392107}.Debug|x86.Build.0 = Debug|Any CPU
		{E52D8F52-A633-4CE1-8FA2-56735F392107}.Release|Any CPU.ActiveCfg = Release|Any CPU
		{E52D8F52-A633-4CE1-8FA2-56735F392107}.Release|Any CPU.Build.0 = Release|Any CPU
		{E52D8F52-A633-4CE1-8FA2-56735F392107}.Release|x64.ActiveCfg = Release|Any CPU
		{E52D8F52-A633-4CE1-8FA2-56735F392107}.Release|x64.Build.0 = Release|Any CPU
		{E52D8F52-A633-4CE1-8FA2-56735F392107}.Release|x86.ActiveCfg = Release|Any CPU
		{E52D8F52-A633-4CE1-8FA2-56735F392107}.Release|x86.Build.0 = Release|Any CPU
		{FC137CA8-8756-4DCE-880A-B4D3F1F29392}.CompileModel|Any CPU.ActiveCfg = Debug|Any CPU
		{FC137CA8-8756-4DCE-880A-B4D3F1F29392}.CompileModel|Any CPU.Build.0 = Debug|Any CPU
		{FC137CA8-8756-4DCE-880A-B4D3F1F29392}.CompileModel|x64.ActiveCfg = Debug|Any CPU
		{FC137CA8-8756-4DCE-880A-B4D3F1F29392}.CompileModel|x64.Build.0 = Debug|Any CPU
		{FC137CA8-8756-4DCE-880A-B4D3F1F29392}.CompileModel|x86.ActiveCfg = Debug|Any CPU
		{FC137CA8-8756-4DCE-880A-B4D3F1F29392}.CompileModel|x86.Build.0 = Debug|Any CPU
		{FC137CA8-8756-4DCE-880A-B4D3F1F29392}.Debug|Any CPU.ActiveCfg = Debug|Any CPU
		{FC137CA8-8756-4DCE-880A-B4D3F1F29392}.Debug|Any CPU.Build.0 = Debug|Any CPU
		{FC137CA8-8756-4DCE-880A-B4D3F1F29392}.Debug|x64.ActiveCfg = Debug|Any CPU
		{FC137CA8-8756-4DCE-880A-B4D3F1F29392}.Debug|x64.Build.0 = Debug|Any CPU
		{FC137CA8-8756-4DCE-880A-B4D3F1F29392}.Debug|x86.ActiveCfg = Debug|Any CPU
		{FC137CA8-8756-4DCE-880A-B4D3F1F29392}.Debug|x86.Build.0 = Debug|Any CPU
		{FC137CA8-8756-4DCE-880A-B4D3F1F29392}.Release|Any CPU.ActiveCfg = Release|Any CPU
		{FC137CA8-8756-4DCE-880A-B4D3F1F29392}.Release|Any CPU.Build.0 = Release|Any CPU
		{FC137CA8-8756-4DCE-880A-B4D3F1F29392}.Release|x64.ActiveCfg = Release|Any CPU
		{FC137CA8-8756-4DCE-880A-B4D3F1F29392}.Release|x64.Build.0 = Release|Any CPU
		{FC137CA8-8756-4DCE-880A-B4D3F1F29392}.Release|x86.ActiveCfg = Release|Any CPU
		{FC137CA8-8756-4DCE-880A-B4D3F1F29392}.Release|x86.Build.0 = Release|Any CPU
		{66C83B89-36EB-4294-A993-D602ED607747}.CompileModel|Any CPU.ActiveCfg = Debug|Any CPU
		{66C83B89-36EB-4294-A993-D602ED607747}.CompileModel|Any CPU.Build.0 = Debug|Any CPU
		{66C83B89-36EB-4294-A993-D602ED607747}.CompileModel|x64.ActiveCfg = Debug|Any CPU
		{66C83B89-36EB-4294-A993-D602ED607747}.CompileModel|x64.Build.0 = Debug|Any CPU
		{66C83B89-36EB-4294-A993-D602ED607747}.CompileModel|x86.ActiveCfg = Debug|Any CPU
		{66C83B89-36EB-4294-A993-D602ED607747}.CompileModel|x86.Build.0 = Debug|Any CPU
		{66C83B89-36EB-4294-A993-D602ED607747}.Debug|Any CPU.ActiveCfg = Debug|Any CPU
		{66C83B89-36EB-4294-A993-D602ED607747}.Debug|Any CPU.Build.0 = Debug|Any CPU
		{66C83B89-36EB-4294-A993-D602ED607747}.Debug|x64.ActiveCfg = Debug|Any CPU
		{66C83B89-36EB-4294-A993-D602ED607747}.Debug|x64.Build.0 = Debug|Any CPU
		{66C83B89-36EB-4294-A993-D602ED607747}.Debug|x86.ActiveCfg = Debug|Any CPU
		{66C83B89-36EB-4294-A993-D602ED607747}.Debug|x86.Build.0 = Debug|Any CPU
		{66C83B89-36EB-4294-A993-D602ED607747}.Release|Any CPU.ActiveCfg = Release|Any CPU
		{66C83B89-36EB-4294-A993-D602ED607747}.Release|Any CPU.Build.0 = Release|Any CPU
		{66C83B89-36EB-4294-A993-D602ED607747}.Release|x64.ActiveCfg = Release|Any CPU
		{66C83B89-36EB-4294-A993-D602ED607747}.Release|x64.Build.0 = Release|Any CPU
		{66C83B89-36EB-4294-A993-D602ED607747}.Release|x86.ActiveCfg = Release|Any CPU
		{66C83B89-36EB-4294-A993-D602ED607747}.Release|x86.Build.0 = Release|Any CPU
		{7BD81C5C-394A-438A-8033-BDB19610B891}.CompileModel|Any CPU.ActiveCfg = Debug|Any CPU
		{7BD81C5C-394A-438A-8033-BDB19610B891}.CompileModel|Any CPU.Build.0 = Debug|Any CPU
		{7BD81C5C-394A-438A-8033-BDB19610B891}.CompileModel|x64.ActiveCfg = Debug|Any CPU
		{7BD81C5C-394A-438A-8033-BDB19610B891}.CompileModel|x64.Build.0 = Debug|Any CPU
		{7BD81C5C-394A-438A-8033-BDB19610B891}.CompileModel|x86.ActiveCfg = Debug|Any CPU
		{7BD81C5C-394A-438A-8033-BDB19610B891}.CompileModel|x86.Build.0 = Debug|Any CPU
		{7BD81C5C-394A-438A-8033-BDB19610B891}.Debug|Any CPU.ActiveCfg = Debug|Any CPU
		{7BD81C5C-394A-438A-8033-BDB19610B891}.Debug|Any CPU.Build.0 = Debug|Any CPU
		{7BD81C5C-394A-438A-8033-BDB19610B891}.Debug|x64.ActiveCfg = Debug|Any CPU
		{7BD81C5C-394A-438A-8033-BDB19610B891}.Debug|x64.Build.0 = Debug|Any CPU
		{7BD81C5C-394A-438A-8033-BDB19610B891}.Debug|x86.ActiveCfg = Debug|Any CPU
		{7BD81C5C-394A-438A-8033-BDB19610B891}.Debug|x86.Build.0 = Debug|Any CPU
		{7BD81C5C-394A-438A-8033-BDB19610B891}.Release|Any CPU.ActiveCfg = Release|Any CPU
		{7BD81C5C-394A-438A-8033-BDB19610B891}.Release|Any CPU.Build.0 = Release|Any CPU
		{7BD81C5C-394A-438A-8033-BDB19610B891}.Release|x64.ActiveCfg = Release|Any CPU
		{7BD81C5C-394A-438A-8033-BDB19610B891}.Release|x64.Build.0 = Release|Any CPU
		{7BD81C5C-394A-438A-8033-BDB19610B891}.Release|x86.ActiveCfg = Release|Any CPU
		{7BD81C5C-394A-438A-8033-BDB19610B891}.Release|x86.Build.0 = Release|Any CPU
	EndGlobalSection
	GlobalSection(SolutionProperties) = preSolution
		HideSolutionNode = FALSE
	EndGlobalSection
	GlobalSection(NestedProjects) = preSolution
		{9C12B828-FADF-4A7C-9245-2A1A5DB021FF} = {CD23784B-DCA5-4FCB-8D14-90EC57A144FD}
		{4FFF2C31-A521-4450-8DB5-5EE3237B4D35} = {CD23784B-DCA5-4FCB-8D14-90EC57A144FD}
		{DCFEFA6F-1540-4BFC-952E-DD9AA90385D1} = {CD23784B-DCA5-4FCB-8D14-90EC57A144FD}
		{4D18F737-2303-4F15-95D6-9A8AAEA2E6EF} = {DCFEFA6F-1540-4BFC-952E-DD9AA90385D1}
		{B263F188-4301-4F8D-BEC4-8D6331A1CE79} = {DCFEFA6F-1540-4BFC-952E-DD9AA90385D1}
		{CB861057-6472-4C41-AF2F-4EE5C9C0B5EA} = {CD23784B-DCA5-4FCB-8D14-90EC57A144FD}
		{2736FAA4-2DBC-4C29-8F42-8FEF73D9330C} = {CD23784B-DCA5-4FCB-8D14-90EC57A144FD}
		{7BAEEF01-9277-43DC-A502-951D50324D75} = {CD23784B-DCA5-4FCB-8D14-90EC57A144FD}
		{E52D8F52-A633-4CE1-8FA2-56735F392107} = {CD23784B-DCA5-4FCB-8D14-90EC57A144FD}
		{FC137CA8-8756-4DCE-880A-B4D3F1F29392} = {CD23784B-DCA5-4FCB-8D14-90EC57A144FD}
		{66C83B89-36EB-4294-A993-D602ED607747} = {CF836E7F-0497-48AD-ADD5-D0C10257163D}
		{7BD81C5C-394A-438A-8033-BDB19610B891} = {CF836E7F-0497-48AD-ADD5-D0C10257163D}
	EndGlobalSection
	GlobalSection(ExtensibilityGlobals) = postSolution
		SolutionGuid = {EB5A48C0-1951-4115-A847-186D367AD7C5}
	EndGlobalSection
EndGlobal
