
Microsoft Visual Studio Solution File, Format Version 12.00
# Visual Studio Version 16
VisualStudioVersion = 16.0.30114.105
MinimumVisualStudioVersion = 10.0.40219.1
Project("{9A19103F-16F7-4668-BE54-9A1E7A4F7556}") = "Anf.Engine", "Anf.Engine\Anf.Engine.csproj", "{C3660CD8-A66A-4FD6-A78C-C75E7F60A95D}"
EndProject
Project("{9A19103F-16F7-4668-BE54-9A1E7A4F7556}") = "Anf.Easy", "Anf.Engine.Easy\Anf.Easy.csproj", "{6DD1586B-57BE-4478-8F8A-D12E2EEFFEA5}"
EndProject
Project("{9A19103F-16F7-4668-BE54-9A1E7A4F7556}") = "Anf.AzureFunc", "Anf.AzureFunc\Anf.AzureFunc.csproj", "{545B89F6-427C-43E6-B75C-3EDD0D255C55}"
EndProject
Project("{9A19103F-16F7-4668-BE54-9A1E7A4F7556}") = "Anf.KnowEngines", "Engines\Anf.KnowEngines\Anf.KnowEngines.csproj", "{4FDFCEF3-9C19-4A48-9D31-C6969F6A809B}"
EndProject
Project("{9A19103F-16F7-4668-BE54-9A1E7A4F7556}") = "Anf.ResourceFetcher", "Anf.ResourceFetcher\Anf.ResourceFetcher.csproj", "{65BAE872-BF7E-4469-BF36-999B267D4E32}"
EndProject
Project("{9A19103F-16F7-4668-BE54-9A1E7A4F7556}") = "Anf.ResourceFetcher.Sql", "ResourceFetchers\Anf.ResourceFetcher.Sql\Anf.ResourceFetcher.Sql.csproj", "{070EDB7C-90C7-44B7-8F93-DB965681C5EB}"
EndProject
Project("{9A19103F-16F7-4668-BE54-9A1E7A4F7556}") = "Anf.ResourceFetcher.Redis", "ResourceFetchers\Anf.ResourceFetcher.Redis\Anf.ResourceFetcher.Redis.csproj", "{6252FEE6-77A8-4AEC-8955-E22F32075230}"
EndProject
Project("{9A19103F-16F7-4668-BE54-9A1E7A4F7556}") = "Anf.WebService", "Anf.WebService\Anf.WebService.csproj", "{16C7CB78-7766-43A3-A7BA-32F56B7CBE55}"
EndProject
Project("{2150E333-8FDC-42A3-9474-1A3956D46DE8}") = "Shareds", "Shareds", "{8EDC2560-38D6-40A4-BCB4-E94FB069FCC4}"
EndProject
Project("{2150E333-8FDC-42A3-9474-1A3956D46DE8}") = "ResourceFetchers", "ResourceFetchers", "{0EBBFF09-EEBB-4B40-B2DD-4CE7638D4F0C}"
EndProject
Global
	GlobalSection(SolutionConfigurationPlatforms) = preSolution
		Debug|Any CPU = Debug|Any CPU
		Debug|x64 = Debug|x64
		Debug|x86 = Debug|x86
		Release|Any CPU = Release|Any CPU
		Release|x64 = Release|x64
		Release|x86 = Release|x86
	EndGlobalSection
	GlobalSection(ProjectConfigurationPlatforms) = postSolution
		{C3660CD8-A66A-4FD6-A78C-C75E7F60A95D}.Debug|Any CPU.ActiveCfg = Debug|Any CPU
		{C3660CD8-A66A-4FD6-A78C-C75E7F60A95D}.Debug|Any CPU.Build.0 = Debug|Any CPU
		{C3660CD8-A66A-4FD6-A78C-C75E7F60A95D}.Debug|x64.ActiveCfg = Debug|Any CPU
		{C3660CD8-A66A-4FD6-A78C-C75E7F60A95D}.Debug|x64.Build.0 = Debug|Any CPU
		{C3660CD8-A66A-4FD6-A78C-C75E7F60A95D}.Debug|x86.ActiveCfg = Debug|Any CPU
		{C3660CD8-A66A-4FD6-A78C-C75E7F60A95D}.Debug|x86.Build.0 = Debug|Any CPU
		{C3660CD8-A66A-4FD6-A78C-C75E7F60A95D}.Release|Any CPU.ActiveCfg = Release|Any CPU
		{C3660CD8-A66A-4FD6-A78C-C75E7F60A95D}.Release|Any CPU.Build.0 = Release|Any CPU
		{C3660CD8-A66A-4FD6-A78C-C75E7F60A95D}.Release|x64.ActiveCfg = Release|Any CPU
		{C3660CD8-A66A-4FD6-A78C-C75E7F60A95D}.Release|x64.Build.0 = Release|Any CPU
		{C3660CD8-A66A-4FD6-A78C-C75E7F60A95D}.Release|x86.ActiveCfg = Release|Any CPU
		{C3660CD8-A66A-4FD6-A78C-C75E7F60A95D}.Release|x86.Build.0 = Release|Any CPU
		{6DD1586B-57BE-4478-8F8A-D12E2EEFFEA5}.Debug|Any CPU.ActiveCfg = Debug|Any CPU
		{6DD1586B-57BE-4478-8F8A-D12E2EEFFEA5}.Debug|Any CPU.Build.0 = Debug|Any CPU
		{6DD1586B-57BE-4478-8F8A-D12E2EEFFEA5}.Debug|x64.ActiveCfg = Debug|Any CPU
		{6DD1586B-57BE-4478-8F8A-D12E2EEFFEA5}.Debug|x64.Build.0 = Debug|Any CPU
		{6DD1586B-57BE-4478-8F8A-D12E2EEFFEA5}.Debug|x86.ActiveCfg = Debug|Any CPU
		{6DD1586B-57BE-4478-8F8A-D12E2EEFFEA5}.Debug|x86.Build.0 = Debug|Any CPU
		{6DD1586B-57BE-4478-8F8A-D12E2EEFFEA5}.Release|Any CPU.ActiveCfg = Release|Any CPU
		{6DD1586B-57BE-4478-8F8A-D12E2EEFFEA5}.Release|Any CPU.Build.0 = Release|Any CPU
		{6DD1586B-57BE-4478-8F8A-D12E2EEFFEA5}.Release|x64.ActiveCfg = Release|Any CPU
		{6DD1586B-57BE-4478-8F8A-D12E2EEFFEA5}.Release|x64.Build.0 = Release|Any CPU
		{6DD1586B-57BE-4478-8F8A-D12E2EEFFEA5}.Release|x86.ActiveCfg = Release|Any CPU
		{6DD1586B-57BE-4478-8F8A-D12E2EEFFEA5}.Release|x86.Build.0 = Release|Any CPU
		{545B89F6-427C-43E6-B75C-3EDD0D255C55}.Debug|Any CPU.ActiveCfg = Debug|Any CPU
		{545B89F6-427C-43E6-B75C-3EDD0D255C55}.Debug|Any CPU.Build.0 = Debug|Any CPU
		{545B89F6-427C-43E6-B75C-3EDD0D255C55}.Debug|x64.ActiveCfg = Debug|Any CPU
		{545B89F6-427C-43E6-B75C-3EDD0D255C55}.Debug|x64.Build.0 = Debug|Any CPU
		{545B89F6-427C-43E6-B75C-3EDD0D255C55}.Debug|x86.ActiveCfg = Debug|Any CPU
		{545B89F6-427C-43E6-B75C-3EDD0D255C55}.Debug|x86.Build.0 = Debug|Any CPU
		{545B89F6-427C-43E6-B75C-3EDD0D255C55}.Release|Any CPU.ActiveCfg = Release|Any CPU
		{545B89F6-427C-43E6-B75C-3EDD0D255C55}.Release|Any CPU.Build.0 = Release|Any CPU
		{545B89F6-427C-43E6-B75C-3EDD0D255C55}.Release|x64.ActiveCfg = Release|Any CPU
		{545B89F6-427C-43E6-B75C-3EDD0D255C55}.Release|x64.Build.0 = Release|Any CPU
		{545B89F6-427C-43E6-B75C-3EDD0D255C55}.Release|x86.ActiveCfg = Release|Any CPU
		{545B89F6-427C-43E6-B75C-3EDD0D255C55}.Release|x86.Build.0 = Release|Any CPU
		{4FDFCEF3-9C19-4A48-9D31-C6969F6A809B}.Debug|Any CPU.ActiveCfg = Debug|Any CPU
		{4FDFCEF3-9C19-4A48-9D31-C6969F6A809B}.Debug|Any CPU.Build.0 = Debug|Any CPU
		{4FDFCEF3-9C19-4A48-9D31-C6969F6A809B}.Debug|x64.ActiveCfg = Debug|Any CPU
		{4FDFCEF3-9C19-4A48-9D31-C6969F6A809B}.Debug|x64.Build.0 = Debug|Any CPU
		{4FDFCEF3-9C19-4A48-9D31-C6969F6A809B}.Debug|x86.ActiveCfg = Debug|Any CPU
		{4FDFCEF3-9C19-4A48-9D31-C6969F6A809B}.Debug|x86.Build.0 = Debug|Any CPU
		{4FDFCEF3-9C19-4A48-9D31-C6969F6A809B}.Release|Any CPU.ActiveCfg = Release|Any CPU
		{4FDFCEF3-9C19-4A48-9D31-C6969F6A809B}.Release|Any CPU.Build.0 = Release|Any CPU
		{4FDFCEF3-9C19-4A48-9D31-C6969F6A809B}.Release|x64.ActiveCfg = Release|Any CPU
		{4FDFCEF3-9C19-4A48-9D31-C6969F6A809B}.Release|x64.Build.0 = Release|Any CPU
		{4FDFCEF3-9C19-4A48-9D31-C6969F6A809B}.Release|x86.ActiveCfg = Release|Any CPU
		{4FDFCEF3-9C19-4A48-9D31-C6969F6A809B}.Release|x86.Build.0 = Release|Any CPU
		{65BAE872-BF7E-4469-BF36-999B267D4E32}.Debug|Any CPU.ActiveCfg = Debug|Any CPU
		{65BAE872-BF7E-4469-BF36-999B267D4E32}.Debug|Any CPU.Build.0 = Debug|Any CPU
		{65BAE872-BF7E-4469-BF36-999B267D4E32}.Debug|x64.ActiveCfg = Debug|Any CPU
		{65BAE872-BF7E-4469-BF36-999B267D4E32}.Debug|x64.Build.0 = Debug|Any CPU
		{65BAE872-BF7E-4469-BF36-999B267D4E32}.Debug|x86.ActiveCfg = Debug|Any CPU
		{65BAE872-BF7E-4469-BF36-999B267D4E32}.Debug|x86.Build.0 = Debug|Any CPU
		{65BAE872-BF7E-4469-BF36-999B267D4E32}.Release|Any CPU.ActiveCfg = Release|Any CPU
		{65BAE872-BF7E-4469-BF36-999B267D4E32}.Release|Any CPU.Build.0 = Release|Any CPU
		{65BAE872-BF7E-4469-BF36-999B267D4E32}.Release|x64.ActiveCfg = Release|Any CPU
		{65BAE872-BF7E-4469-BF36-999B267D4E32}.Release|x64.Build.0 = Release|Any CPU
		{65BAE872-BF7E-4469-BF36-999B267D4E32}.Release|x86.ActiveCfg = Release|Any CPU
		{65BAE872-BF7E-4469-BF36-999B267D4E32}.Release|x86.Build.0 = Release|Any CPU
		{070EDB7C-90C7-44B7-8F93-DB965681C5EB}.Debug|Any CPU.ActiveCfg = Debug|Any CPU
		{070EDB7C-90C7-44B7-8F93-DB965681C5EB}.Debug|Any CPU.Build.0 = Debug|Any CPU
		{070EDB7C-90C7-44B7-8F93-DB965681C5EB}.Debug|x64.ActiveCfg = Debug|Any CPU
		{070EDB7C-90C7-44B7-8F93-DB965681C5EB}.Debug|x64.Build.0 = Debug|Any CPU
		{070EDB7C-90C7-44B7-8F93-DB965681C5EB}.Debug|x86.ActiveCfg = Debug|Any CPU
		{070EDB7C-90C7-44B7-8F93-DB965681C5EB}.Debug|x86.Build.0 = Debug|Any CPU
		{070EDB7C-90C7-44B7-8F93-DB965681C5EB}.Release|Any CPU.ActiveCfg = Release|Any CPU
		{070EDB7C-90C7-44B7-8F93-DB965681C5EB}.Release|Any CPU.Build.0 = Release|Any CPU
		{070EDB7C-90C7-44B7-8F93-DB965681C5EB}.Release|x64.ActiveCfg = Release|Any CPU
		{070EDB7C-90C7-44B7-8F93-DB965681C5EB}.Release|x64.Build.0 = Release|Any CPU
		{070EDB7C-90C7-44B7-8F93-DB965681C5EB}.Release|x86.ActiveCfg = Release|Any CPU
		{070EDB7C-90C7-44B7-8F93-DB965681C5EB}.Release|x86.Build.0 = Release|Any CPU
		{6252FEE6-77A8-4AEC-8955-E22F32075230}.Debug|Any CPU.ActiveCfg = Debug|Any CPU
		{6252FEE6-77A8-4AEC-8955-E22F32075230}.Debug|Any CPU.Build.0 = Debug|Any CPU
		{6252FEE6-77A8-4AEC-8955-E22F32075230}.Debug|x64.ActiveCfg = Debug|Any CPU
		{6252FEE6-77A8-4AEC-8955-E22F32075230}.Debug|x64.Build.0 = Debug|Any CPU
		{6252FEE6-77A8-4AEC-8955-E22F32075230}.Debug|x86.ActiveCfg = Debug|Any CPU
		{6252FEE6-77A8-4AEC-8955-E22F32075230}.Debug|x86.Build.0 = Debug|Any CPU
		{6252FEE6-77A8-4AEC-8955-E22F32075230}.Release|Any CPU.ActiveCfg = Release|Any CPU
		{6252FEE6-77A8-4AEC-8955-E22F32075230}.Release|Any CPU.Build.0 = Release|Any CPU
		{6252FEE6-77A8-4AEC-8955-E22F32075230}.Release|x64.ActiveCfg = Release|Any CPU
		{6252FEE6-77A8-4AEC-8955-E22F32075230}.Release|x64.Build.0 = Release|Any CPU
		{6252FEE6-77A8-4AEC-8955-E22F32075230}.Release|x86.ActiveCfg = Release|Any CPU
		{6252FEE6-77A8-4AEC-8955-E22F32075230}.Release|x86.Build.0 = Release|Any CPU
		{16C7CB78-7766-43A3-A7BA-32F56B7CBE55}.Debug|Any CPU.ActiveCfg = Debug|Any CPU
		{16C7CB78-7766-43A3-A7BA-32F56B7CBE55}.Debug|Any CPU.Build.0 = Debug|Any CPU
		{16C7CB78-7766-43A3-A7BA-32F56B7CBE55}.Debug|x64.ActiveCfg = Debug|Any CPU
		{16C7CB78-7766-43A3-A7BA-32F56B7CBE55}.Debug|x64.Build.0 = Debug|Any CPU
		{16C7CB78-7766-43A3-A7BA-32F56B7CBE55}.Debug|x86.ActiveCfg = Debug|Any CPU
		{16C7CB78-7766-43A3-A7BA-32F56B7CBE55}.Debug|x86.Build.0 = Debug|Any CPU
		{16C7CB78-7766-43A3-A7BA-32F56B7CBE55}.Release|Any CPU.ActiveCfg = Release|Any CPU
		{16C7CB78-7766-43A3-A7BA-32F56B7CBE55}.Release|Any CPU.Build.0 = Release|Any CPU
		{16C7CB78-7766-43A3-A7BA-32F56B7CBE55}.Release|x64.ActiveCfg = Release|Any CPU
		{16C7CB78-7766-43A3-A7BA-32F56B7CBE55}.Release|x64.Build.0 = Release|Any CPU
		{16C7CB78-7766-43A3-A7BA-32F56B7CBE55}.Release|x86.ActiveCfg = Release|Any CPU
		{16C7CB78-7766-43A3-A7BA-32F56B7CBE55}.Release|x86.Build.0 = Release|Any CPU
	EndGlobalSection
	GlobalSection(SolutionProperties) = preSolution
		HideSolutionNode = FALSE
	EndGlobalSection
	GlobalSection(NestedProjects) = preSolution
		{C3660CD8-A66A-4FD6-A78C-C75E7F60A95D} = {8EDC2560-38D6-40A4-BCB4-E94FB069FCC4}
		{6DD1586B-57BE-4478-8F8A-D12E2EEFFEA5} = {8EDC2560-38D6-40A4-BCB4-E94FB069FCC4}
		{4FDFCEF3-9C19-4A48-9D31-C6969F6A809B} = {8EDC2560-38D6-40A4-BCB4-E94FB069FCC4}
		{65BAE872-BF7E-4469-BF36-999B267D4E32} = {8EDC2560-38D6-40A4-BCB4-E94FB069FCC4}
		{070EDB7C-90C7-44B7-8F93-DB965681C5EB} = {0EBBFF09-EEBB-4B40-B2DD-4CE7638D4F0C}
		{6252FEE6-77A8-4AEC-8955-E22F32075230} = {0EBBFF09-EEBB-4B40-B2DD-4CE7638D4F0C}
		{16C7CB78-7766-43A3-A7BA-32F56B7CBE55} = {8EDC2560-38D6-40A4-BCB4-E94FB069FCC4}
		{0EBBFF09-EEBB-4B40-B2DD-4CE7638D4F0C} = {8EDC2560-38D6-40A4-BCB4-E94FB069FCC4}
	EndGlobalSection
	GlobalSection(ExtensibilityGlobals) = postSolution
		SolutionGuid = {A47BD783-38A1-43BF-9F6C-07CBF915A647}
	EndGlobalSection
EndGlobal
