
Microsoft Visual Studio Solution File, Format Version 12.00
# Visual Studio Version 16
VisualStudioVersion = 16.0.31005.135
MinimumVisualStudioVersion = 10.0.40219.1
Project("{9A19103F-16F7-4668-BE54-9A1E7A4F7556}") = "Kw.Comic.Web", "Kw.Comic.Web\Kw.Comic.Web.csproj", "{BCF29926-7D60-4E3E-B85E-9F6A0426BD9E}"
EndProject
Project("{9A19103F-16F7-4668-BE54-9A1E7A4F7556}") = "Kw.Comic", "Kw.Comic\Kw.Comic.csproj", "{F3F19936-D5FD-48CF-A222-F3DBBB1E68F0}"
EndProject
Project("{FAE04EC0-301F-11D3-BF4B-00C04F79EFBC}") = "Kw.Comic.UWP", "Kw.Comic.UWP\Kw.Comic.UWP.csproj", "{6EDC01E2-8D05-46AA-8FB9-FE5C9C2F75CB}"
EndProject
Project("{9A19103F-16F7-4668-BE54-9A1E7A4F7556}") = "Kw.Comic.Engine.Easy", "..\src\Kw.Comic.Engine.Easy\Kw.Comic.Engine.Easy.csproj", "{98A193BD-5B67-4C12-AE8D-3CABF8210803}"
EndProject
Project("{9A19103F-16F7-4668-BE54-9A1E7A4F7556}") = "Kw.Comic.Engine", "..\src\Kw.Comic.Engine\Kw.Comic.Engine.csproj", "{15508427-E36A-44DD-B86F-4A79985DCF19}"
EndProject
Project("{FAE04EC0-301F-11D3-BF4B-00C04F79EFBC}") = "Kw.Comic.Consolat", "Kw.Comic.Console\Kw.Comic.Consolat.csproj", "{2FBC8FDD-A6EB-4CE9-8CF9-63A2027DBC20}"
EndProject
Project("{9A19103F-16F7-4668-BE54-9A1E7A4F7556}") = "Kw.Comic.Avalon", "Kw.Comic.Avalon\Kw.Comic.Avalon.csproj", "{03EB3EA9-8229-4C77-8769-F36B93380E41}"
EndProject
Project("{FAE04EC0-301F-11D3-BF4B-00C04F79EFBC}") = "Kw.Comic.Xam", "Kw.Comic.Xam\Kw.Comic.Xam.csproj", "{18CD667E-9717-42BD-9E2A-F5022B4DCDB2}"
EndProject
Project("{9A19103F-16F7-4668-BE54-9A1E7A4F7556}") = "Kw.Comic.Wpf", "Kw.Comic.Wpf\Kw.Comic.Wpf.csproj", "{CA48D14A-6FC8-434C-AAE7-73FC39B324F0}"
EndProject
Project("{9A19103F-16F7-4668-BE54-9A1E7A4F7556}") = "ZoomControl", "ZoomControl\ZoomControl\ZoomControl.csproj", "{D7D22739-C63C-4ADC-AC5B-ED51D82006B7}"
EndProject
Project("{2150E333-8FDC-42A3-9474-1A3956D46DE8}") = "Engines", "Engines", "{2CBC3678-8793-4BC2-B264-6429A8A9A374}"
EndProject
Project("{2150E333-8FDC-42A3-9474-1A3956D46DE8}") = "Targets", "Targets", "{E0D992C4-468C-4F73-A174-F0E48B47973E}"
EndProject
Project("{9A19103F-16F7-4668-BE54-9A1E7A4F7556}") = "Kw.Comic.KnowEngines", "Engines\Kw.Comic.KnowEngines\Kw.Comic.KnowEngines.csproj", "{F1287F58-4817-43B8-BA21-DC7D31956ECB}"
EndProject
Project("{2150E333-8FDC-42A3-9474-1A3956D46DE8}") = "Avalonia", "Avalonia", "{E968E66A-A8AC-4993-B613-65658747D19A}"
EndProject
Project("{2150E333-8FDC-42A3-9474-1A3956D46DE8}") = "Xamarins", "Xamarins", "{E06DEF72-FEF0-44F8-A762-446CD1792858}"
EndProject
Project("{2150E333-8FDC-42A3-9474-1A3956D46DE8}") = "Web", "Web", "{77BDAE77-94AD-4C44-9E08-E833AFBD1860}"
EndProject
Project("{2150E333-8FDC-42A3-9474-1A3956D46DE8}") = "Wpf", "Wpf", "{BBABD524-7220-4E4C-A5B0-CBE39AC7BD46}"
EndProject
Global
	GlobalSection(SolutionConfigurationPlatforms) = preSolution
		Debug|Any CPU = Debug|Any CPU
		Debug|ARM = Debug|ARM
		Debug|x64 = Debug|x64
		Debug|x86 = Debug|x86
		Release|Any CPU = Release|Any CPU
		Release|ARM = Release|ARM
		Release|x64 = Release|x64
		Release|x86 = Release|x86
	EndGlobalSection
	GlobalSection(ProjectConfigurationPlatforms) = postSolution
		{BCF29926-7D60-4E3E-B85E-9F6A0426BD9E}.Debug|Any CPU.ActiveCfg = Debug|Any CPU
		{BCF29926-7D60-4E3E-B85E-9F6A0426BD9E}.Debug|Any CPU.Build.0 = Debug|Any CPU
		{BCF29926-7D60-4E3E-B85E-9F6A0426BD9E}.Debug|ARM.ActiveCfg = Debug|Any CPU
		{BCF29926-7D60-4E3E-B85E-9F6A0426BD9E}.Debug|ARM.Build.0 = Debug|Any CPU
		{BCF29926-7D60-4E3E-B85E-9F6A0426BD9E}.Debug|x64.ActiveCfg = Debug|Any CPU
		{BCF29926-7D60-4E3E-B85E-9F6A0426BD9E}.Debug|x64.Build.0 = Debug|Any CPU
		{BCF29926-7D60-4E3E-B85E-9F6A0426BD9E}.Debug|x86.ActiveCfg = Debug|Any CPU
		{BCF29926-7D60-4E3E-B85E-9F6A0426BD9E}.Debug|x86.Build.0 = Debug|Any CPU
		{BCF29926-7D60-4E3E-B85E-9F6A0426BD9E}.Release|Any CPU.ActiveCfg = Release|Any CPU
		{BCF29926-7D60-4E3E-B85E-9F6A0426BD9E}.Release|Any CPU.Build.0 = Release|Any CPU
		{BCF29926-7D60-4E3E-B85E-9F6A0426BD9E}.Release|ARM.ActiveCfg = Release|Any CPU
		{BCF29926-7D60-4E3E-B85E-9F6A0426BD9E}.Release|ARM.Build.0 = Release|Any CPU
		{BCF29926-7D60-4E3E-B85E-9F6A0426BD9E}.Release|x64.ActiveCfg = Release|Any CPU
		{BCF29926-7D60-4E3E-B85E-9F6A0426BD9E}.Release|x64.Build.0 = Release|Any CPU
		{BCF29926-7D60-4E3E-B85E-9F6A0426BD9E}.Release|x86.ActiveCfg = Release|Any CPU
		{BCF29926-7D60-4E3E-B85E-9F6A0426BD9E}.Release|x86.Build.0 = Release|Any CPU
		{F3F19936-D5FD-48CF-A222-F3DBBB1E68F0}.Debug|Any CPU.ActiveCfg = Debug|Any CPU
		{F3F19936-D5FD-48CF-A222-F3DBBB1E68F0}.Debug|Any CPU.Build.0 = Debug|Any CPU
		{F3F19936-D5FD-48CF-A222-F3DBBB1E68F0}.Debug|ARM.ActiveCfg = Debug|Any CPU
		{F3F19936-D5FD-48CF-A222-F3DBBB1E68F0}.Debug|ARM.Build.0 = Debug|Any CPU
		{F3F19936-D5FD-48CF-A222-F3DBBB1E68F0}.Debug|x64.ActiveCfg = Debug|Any CPU
		{F3F19936-D5FD-48CF-A222-F3DBBB1E68F0}.Debug|x64.Build.0 = Debug|Any CPU
		{F3F19936-D5FD-48CF-A222-F3DBBB1E68F0}.Debug|x86.ActiveCfg = Debug|Any CPU
		{F3F19936-D5FD-48CF-A222-F3DBBB1E68F0}.Debug|x86.Build.0 = Debug|Any CPU
		{F3F19936-D5FD-48CF-A222-F3DBBB1E68F0}.Release|Any CPU.ActiveCfg = Release|Any CPU
		{F3F19936-D5FD-48CF-A222-F3DBBB1E68F0}.Release|Any CPU.Build.0 = Release|Any CPU
		{F3F19936-D5FD-48CF-A222-F3DBBB1E68F0}.Release|ARM.ActiveCfg = Release|Any CPU
		{F3F19936-D5FD-48CF-A222-F3DBBB1E68F0}.Release|ARM.Build.0 = Release|Any CPU
		{F3F19936-D5FD-48CF-A222-F3DBBB1E68F0}.Release|x64.ActiveCfg = Release|Any CPU
		{F3F19936-D5FD-48CF-A222-F3DBBB1E68F0}.Release|x64.Build.0 = Release|Any CPU
		{F3F19936-D5FD-48CF-A222-F3DBBB1E68F0}.Release|x86.ActiveCfg = Release|Any CPU
		{F3F19936-D5FD-48CF-A222-F3DBBB1E68F0}.Release|x86.Build.0 = Release|Any CPU
		{6EDC01E2-8D05-46AA-8FB9-FE5C9C2F75CB}.Debug|Any CPU.ActiveCfg = Debug|x64
		{6EDC01E2-8D05-46AA-8FB9-FE5C9C2F75CB}.Debug|Any CPU.Build.0 = Debug|x64
		{6EDC01E2-8D05-46AA-8FB9-FE5C9C2F75CB}.Debug|Any CPU.Deploy.0 = Debug|x64
		{6EDC01E2-8D05-46AA-8FB9-FE5C9C2F75CB}.Debug|ARM.ActiveCfg = Debug|ARM
		{6EDC01E2-8D05-46AA-8FB9-FE5C9C2F75CB}.Debug|ARM.Build.0 = Debug|ARM
		{6EDC01E2-8D05-46AA-8FB9-FE5C9C2F75CB}.Debug|ARM.Deploy.0 = Debug|ARM
		{6EDC01E2-8D05-46AA-8FB9-FE5C9C2F75CB}.Debug|x64.ActiveCfg = Debug|x64
		{6EDC01E2-8D05-46AA-8FB9-FE5C9C2F75CB}.Debug|x64.Build.0 = Debug|x64
		{6EDC01E2-8D05-46AA-8FB9-FE5C9C2F75CB}.Debug|x64.Deploy.0 = Debug|x64
		{6EDC01E2-8D05-46AA-8FB9-FE5C9C2F75CB}.Debug|x86.ActiveCfg = Debug|x86
		{6EDC01E2-8D05-46AA-8FB9-FE5C9C2F75CB}.Debug|x86.Build.0 = Debug|x86
		{6EDC01E2-8D05-46AA-8FB9-FE5C9C2F75CB}.Debug|x86.Deploy.0 = Debug|x86
		{6EDC01E2-8D05-46AA-8FB9-FE5C9C2F75CB}.Release|Any CPU.ActiveCfg = Release|x86
		{6EDC01E2-8D05-46AA-8FB9-FE5C9C2F75CB}.Release|ARM.ActiveCfg = Release|ARM
		{6EDC01E2-8D05-46AA-8FB9-FE5C9C2F75CB}.Release|ARM.Build.0 = Release|ARM
		{6EDC01E2-8D05-46AA-8FB9-FE5C9C2F75CB}.Release|ARM.Deploy.0 = Release|ARM
		{6EDC01E2-8D05-46AA-8FB9-FE5C9C2F75CB}.Release|x64.ActiveCfg = Release|x64
		{6EDC01E2-8D05-46AA-8FB9-FE5C9C2F75CB}.Release|x64.Build.0 = Release|x64
		{6EDC01E2-8D05-46AA-8FB9-FE5C9C2F75CB}.Release|x64.Deploy.0 = Release|x64
		{6EDC01E2-8D05-46AA-8FB9-FE5C9C2F75CB}.Release|x86.ActiveCfg = Release|x86
		{6EDC01E2-8D05-46AA-8FB9-FE5C9C2F75CB}.Release|x86.Build.0 = Release|x86
		{6EDC01E2-8D05-46AA-8FB9-FE5C9C2F75CB}.Release|x86.Deploy.0 = Release|x86
		{98A193BD-5B67-4C12-AE8D-3CABF8210803}.Debug|Any CPU.ActiveCfg = Debug|Any CPU
		{98A193BD-5B67-4C12-AE8D-3CABF8210803}.Debug|Any CPU.Build.0 = Debug|Any CPU
		{98A193BD-5B67-4C12-AE8D-3CABF8210803}.Debug|ARM.ActiveCfg = Debug|Any CPU
		{98A193BD-5B67-4C12-AE8D-3CABF8210803}.Debug|ARM.Build.0 = Debug|Any CPU
		{98A193BD-5B67-4C12-AE8D-3CABF8210803}.Debug|x64.ActiveCfg = Debug|Any CPU
		{98A193BD-5B67-4C12-AE8D-3CABF8210803}.Debug|x64.Build.0 = Debug|Any CPU
		{98A193BD-5B67-4C12-AE8D-3CABF8210803}.Debug|x86.ActiveCfg = Debug|Any CPU
		{98A193BD-5B67-4C12-AE8D-3CABF8210803}.Debug|x86.Build.0 = Debug|Any CPU
		{98A193BD-5B67-4C12-AE8D-3CABF8210803}.Release|Any CPU.ActiveCfg = Release|Any CPU
		{98A193BD-5B67-4C12-AE8D-3CABF8210803}.Release|Any CPU.Build.0 = Release|Any CPU
		{98A193BD-5B67-4C12-AE8D-3CABF8210803}.Release|ARM.ActiveCfg = Release|Any CPU
		{98A193BD-5B67-4C12-AE8D-3CABF8210803}.Release|ARM.Build.0 = Release|Any CPU
		{98A193BD-5B67-4C12-AE8D-3CABF8210803}.Release|x64.ActiveCfg = Release|Any CPU
		{98A193BD-5B67-4C12-AE8D-3CABF8210803}.Release|x64.Build.0 = Release|Any CPU
		{98A193BD-5B67-4C12-AE8D-3CABF8210803}.Release|x86.ActiveCfg = Release|Any CPU
		{98A193BD-5B67-4C12-AE8D-3CABF8210803}.Release|x86.Build.0 = Release|Any CPU
		{15508427-E36A-44DD-B86F-4A79985DCF19}.Debug|Any CPU.ActiveCfg = Debug|Any CPU
		{15508427-E36A-44DD-B86F-4A79985DCF19}.Debug|Any CPU.Build.0 = Debug|Any CPU
		{15508427-E36A-44DD-B86F-4A79985DCF19}.Debug|ARM.ActiveCfg = Debug|Any CPU
		{15508427-E36A-44DD-B86F-4A79985DCF19}.Debug|ARM.Build.0 = Debug|Any CPU
		{15508427-E36A-44DD-B86F-4A79985DCF19}.Debug|x64.ActiveCfg = Debug|Any CPU
		{15508427-E36A-44DD-B86F-4A79985DCF19}.Debug|x64.Build.0 = Debug|Any CPU
		{15508427-E36A-44DD-B86F-4A79985DCF19}.Debug|x86.ActiveCfg = Debug|Any CPU
		{15508427-E36A-44DD-B86F-4A79985DCF19}.Debug|x86.Build.0 = Debug|Any CPU
		{15508427-E36A-44DD-B86F-4A79985DCF19}.Release|Any CPU.ActiveCfg = Release|Any CPU
		{15508427-E36A-44DD-B86F-4A79985DCF19}.Release|Any CPU.Build.0 = Release|Any CPU
		{15508427-E36A-44DD-B86F-4A79985DCF19}.Release|ARM.ActiveCfg = Release|Any CPU
		{15508427-E36A-44DD-B86F-4A79985DCF19}.Release|ARM.Build.0 = Release|Any CPU
		{15508427-E36A-44DD-B86F-4A79985DCF19}.Release|x64.ActiveCfg = Release|Any CPU
		{15508427-E36A-44DD-B86F-4A79985DCF19}.Release|x64.Build.0 = Release|Any CPU
		{15508427-E36A-44DD-B86F-4A79985DCF19}.Release|x86.ActiveCfg = Release|Any CPU
		{15508427-E36A-44DD-B86F-4A79985DCF19}.Release|x86.Build.0 = Release|Any CPU
		{2FBC8FDD-A6EB-4CE9-8CF9-63A2027DBC20}.Debug|Any CPU.ActiveCfg = Debug|Any CPU
		{2FBC8FDD-A6EB-4CE9-8CF9-63A2027DBC20}.Debug|Any CPU.Build.0 = Debug|Any CPU
		{2FBC8FDD-A6EB-4CE9-8CF9-63A2027DBC20}.Debug|ARM.ActiveCfg = Debug|Any CPU
		{2FBC8FDD-A6EB-4CE9-8CF9-63A2027DBC20}.Debug|ARM.Build.0 = Debug|Any CPU
		{2FBC8FDD-A6EB-4CE9-8CF9-63A2027DBC20}.Debug|x64.ActiveCfg = Debug|Any CPU
		{2FBC8FDD-A6EB-4CE9-8CF9-63A2027DBC20}.Debug|x64.Build.0 = Debug|Any CPU
		{2FBC8FDD-A6EB-4CE9-8CF9-63A2027DBC20}.Debug|x86.ActiveCfg = Debug|Any CPU
		{2FBC8FDD-A6EB-4CE9-8CF9-63A2027DBC20}.Debug|x86.Build.0 = Debug|Any CPU
		{2FBC8FDD-A6EB-4CE9-8CF9-63A2027DBC20}.Release|Any CPU.ActiveCfg = Release|Any CPU
		{2FBC8FDD-A6EB-4CE9-8CF9-63A2027DBC20}.Release|Any CPU.Build.0 = Release|Any CPU
		{2FBC8FDD-A6EB-4CE9-8CF9-63A2027DBC20}.Release|ARM.ActiveCfg = Release|Any CPU
		{2FBC8FDD-A6EB-4CE9-8CF9-63A2027DBC20}.Release|ARM.Build.0 = Release|Any CPU
		{2FBC8FDD-A6EB-4CE9-8CF9-63A2027DBC20}.Release|x64.ActiveCfg = Release|Any CPU
		{2FBC8FDD-A6EB-4CE9-8CF9-63A2027DBC20}.Release|x64.Build.0 = Release|Any CPU
		{2FBC8FDD-A6EB-4CE9-8CF9-63A2027DBC20}.Release|x86.ActiveCfg = Release|Any CPU
		{2FBC8FDD-A6EB-4CE9-8CF9-63A2027DBC20}.Release|x86.Build.0 = Release|Any CPU
		{03EB3EA9-8229-4C77-8769-F36B93380E41}.Debug|Any CPU.ActiveCfg = Debug|Any CPU
		{03EB3EA9-8229-4C77-8769-F36B93380E41}.Debug|Any CPU.Build.0 = Debug|Any CPU
		{03EB3EA9-8229-4C77-8769-F36B93380E41}.Debug|ARM.ActiveCfg = Debug|Any CPU
		{03EB3EA9-8229-4C77-8769-F36B93380E41}.Debug|ARM.Build.0 = Debug|Any CPU
		{03EB3EA9-8229-4C77-8769-F36B93380E41}.Debug|x64.ActiveCfg = Debug|Any CPU
		{03EB3EA9-8229-4C77-8769-F36B93380E41}.Debug|x64.Build.0 = Debug|Any CPU
		{03EB3EA9-8229-4C77-8769-F36B93380E41}.Debug|x86.ActiveCfg = Debug|Any CPU
		{03EB3EA9-8229-4C77-8769-F36B93380E41}.Debug|x86.Build.0 = Debug|Any CPU
		{03EB3EA9-8229-4C77-8769-F36B93380E41}.Release|Any CPU.ActiveCfg = Release|Any CPU
		{03EB3EA9-8229-4C77-8769-F36B93380E41}.Release|Any CPU.Build.0 = Release|Any CPU
		{03EB3EA9-8229-4C77-8769-F36B93380E41}.Release|ARM.ActiveCfg = Release|Any CPU
		{03EB3EA9-8229-4C77-8769-F36B93380E41}.Release|ARM.Build.0 = Release|Any CPU
		{03EB3EA9-8229-4C77-8769-F36B93380E41}.Release|x64.ActiveCfg = Release|Any CPU
		{03EB3EA9-8229-4C77-8769-F36B93380E41}.Release|x64.Build.0 = Release|Any CPU
		{03EB3EA9-8229-4C77-8769-F36B93380E41}.Release|x86.ActiveCfg = Release|Any CPU
		{03EB3EA9-8229-4C77-8769-F36B93380E41}.Release|x86.Build.0 = Release|Any CPU
		{18CD667E-9717-42BD-9E2A-F5022B4DCDB2}.Debug|Any CPU.ActiveCfg = Debug|Any CPU
		{18CD667E-9717-42BD-9E2A-F5022B4DCDB2}.Debug|Any CPU.Build.0 = Debug|Any CPU
		{18CD667E-9717-42BD-9E2A-F5022B4DCDB2}.Debug|ARM.ActiveCfg = Debug|Any CPU
		{18CD667E-9717-42BD-9E2A-F5022B4DCDB2}.Debug|ARM.Build.0 = Debug|Any CPU
		{18CD667E-9717-42BD-9E2A-F5022B4DCDB2}.Debug|x64.ActiveCfg = Debug|Any CPU
		{18CD667E-9717-42BD-9E2A-F5022B4DCDB2}.Debug|x64.Build.0 = Debug|Any CPU
		{18CD667E-9717-42BD-9E2A-F5022B4DCDB2}.Debug|x86.ActiveCfg = Debug|Any CPU
		{18CD667E-9717-42BD-9E2A-F5022B4DCDB2}.Debug|x86.Build.0 = Debug|Any CPU
		{18CD667E-9717-42BD-9E2A-F5022B4DCDB2}.Release|Any CPU.ActiveCfg = Release|Any CPU
		{18CD667E-9717-42BD-9E2A-F5022B4DCDB2}.Release|Any CPU.Build.0 = Release|Any CPU
		{18CD667E-9717-42BD-9E2A-F5022B4DCDB2}.Release|ARM.ActiveCfg = Release|Any CPU
		{18CD667E-9717-42BD-9E2A-F5022B4DCDB2}.Release|ARM.Build.0 = Release|Any CPU
		{18CD667E-9717-42BD-9E2A-F5022B4DCDB2}.Release|x64.ActiveCfg = Release|Any CPU
		{18CD667E-9717-42BD-9E2A-F5022B4DCDB2}.Release|x64.Build.0 = Release|Any CPU
		{18CD667E-9717-42BD-9E2A-F5022B4DCDB2}.Release|x86.ActiveCfg = Release|Any CPU
		{18CD667E-9717-42BD-9E2A-F5022B4DCDB2}.Release|x86.Build.0 = Release|Any CPU
		{CA48D14A-6FC8-434C-AAE7-73FC39B324F0}.Debug|Any CPU.ActiveCfg = Debug|Any CPU
		{CA48D14A-6FC8-434C-AAE7-73FC39B324F0}.Debug|Any CPU.Build.0 = Debug|Any CPU
		{CA48D14A-6FC8-434C-AAE7-73FC39B324F0}.Debug|ARM.ActiveCfg = Debug|Any CPU
		{CA48D14A-6FC8-434C-AAE7-73FC39B324F0}.Debug|ARM.Build.0 = Debug|Any CPU
		{CA48D14A-6FC8-434C-AAE7-73FC39B324F0}.Debug|x64.ActiveCfg = Debug|Any CPU
		{CA48D14A-6FC8-434C-AAE7-73FC39B324F0}.Debug|x64.Build.0 = Debug|Any CPU
		{CA48D14A-6FC8-434C-AAE7-73FC39B324F0}.Debug|x86.ActiveCfg = Debug|Any CPU
		{CA48D14A-6FC8-434C-AAE7-73FC39B324F0}.Debug|x86.Build.0 = Debug|Any CPU
		{CA48D14A-6FC8-434C-AAE7-73FC39B324F0}.Release|Any CPU.ActiveCfg = Release|Any CPU
		{CA48D14A-6FC8-434C-AAE7-73FC39B324F0}.Release|Any CPU.Build.0 = Release|Any CPU
		{CA48D14A-6FC8-434C-AAE7-73FC39B324F0}.Release|ARM.ActiveCfg = Release|Any CPU
		{CA48D14A-6FC8-434C-AAE7-73FC39B324F0}.Release|ARM.Build.0 = Release|Any CPU
		{CA48D14A-6FC8-434C-AAE7-73FC39B324F0}.Release|x64.ActiveCfg = Release|Any CPU
		{CA48D14A-6FC8-434C-AAE7-73FC39B324F0}.Release|x64.Build.0 = Release|Any CPU
		{CA48D14A-6FC8-434C-AAE7-73FC39B324F0}.Release|x86.ActiveCfg = Release|Any CPU
		{CA48D14A-6FC8-434C-AAE7-73FC39B324F0}.Release|x86.Build.0 = Release|Any CPU
		{D7D22739-C63C-4ADC-AC5B-ED51D82006B7}.Debug|Any CPU.ActiveCfg = Debug|Any CPU
		{D7D22739-C63C-4ADC-AC5B-ED51D82006B7}.Debug|Any CPU.Build.0 = Debug|Any CPU
		{D7D22739-C63C-4ADC-AC5B-ED51D82006B7}.Debug|ARM.ActiveCfg = Debug|Any CPU
		{D7D22739-C63C-4ADC-AC5B-ED51D82006B7}.Debug|ARM.Build.0 = Debug|Any CPU
		{D7D22739-C63C-4ADC-AC5B-ED51D82006B7}.Debug|x64.ActiveCfg = Debug|Any CPU
		{D7D22739-C63C-4ADC-AC5B-ED51D82006B7}.Debug|x64.Build.0 = Debug|Any CPU
		{D7D22739-C63C-4ADC-AC5B-ED51D82006B7}.Debug|x86.ActiveCfg = Debug|Any CPU
		{D7D22739-C63C-4ADC-AC5B-ED51D82006B7}.Debug|x86.Build.0 = Debug|Any CPU
		{D7D22739-C63C-4ADC-AC5B-ED51D82006B7}.Release|Any CPU.ActiveCfg = Release|Any CPU
		{D7D22739-C63C-4ADC-AC5B-ED51D82006B7}.Release|Any CPU.Build.0 = Release|Any CPU
		{D7D22739-C63C-4ADC-AC5B-ED51D82006B7}.Release|ARM.ActiveCfg = Release|Any CPU
		{D7D22739-C63C-4ADC-AC5B-ED51D82006B7}.Release|ARM.Build.0 = Release|Any CPU
		{D7D22739-C63C-4ADC-AC5B-ED51D82006B7}.Release|x64.ActiveCfg = Release|Any CPU
		{D7D22739-C63C-4ADC-AC5B-ED51D82006B7}.Release|x64.Build.0 = Release|Any CPU
		{D7D22739-C63C-4ADC-AC5B-ED51D82006B7}.Release|x86.ActiveCfg = Release|Any CPU
		{D7D22739-C63C-4ADC-AC5B-ED51D82006B7}.Release|x86.Build.0 = Release|Any CPU
		{F1287F58-4817-43B8-BA21-DC7D31956ECB}.Debug|Any CPU.ActiveCfg = Debug|Any CPU
		{F1287F58-4817-43B8-BA21-DC7D31956ECB}.Debug|Any CPU.Build.0 = Debug|Any CPU
		{F1287F58-4817-43B8-BA21-DC7D31956ECB}.Debug|ARM.ActiveCfg = Debug|Any CPU
		{F1287F58-4817-43B8-BA21-DC7D31956ECB}.Debug|ARM.Build.0 = Debug|Any CPU
		{F1287F58-4817-43B8-BA21-DC7D31956ECB}.Debug|x64.ActiveCfg = Debug|Any CPU
		{F1287F58-4817-43B8-BA21-DC7D31956ECB}.Debug|x64.Build.0 = Debug|Any CPU
		{F1287F58-4817-43B8-BA21-DC7D31956ECB}.Debug|x86.ActiveCfg = Debug|Any CPU
		{F1287F58-4817-43B8-BA21-DC7D31956ECB}.Debug|x86.Build.0 = Debug|Any CPU
		{F1287F58-4817-43B8-BA21-DC7D31956ECB}.Release|Any CPU.ActiveCfg = Release|Any CPU
		{F1287F58-4817-43B8-BA21-DC7D31956ECB}.Release|Any CPU.Build.0 = Release|Any CPU
		{F1287F58-4817-43B8-BA21-DC7D31956ECB}.Release|ARM.ActiveCfg = Release|Any CPU
		{F1287F58-4817-43B8-BA21-DC7D31956ECB}.Release|ARM.Build.0 = Release|Any CPU
		{F1287F58-4817-43B8-BA21-DC7D31956ECB}.Release|x64.ActiveCfg = Release|Any CPU
		{F1287F58-4817-43B8-BA21-DC7D31956ECB}.Release|x64.Build.0 = Release|Any CPU
		{F1287F58-4817-43B8-BA21-DC7D31956ECB}.Release|x86.ActiveCfg = Release|Any CPU
		{F1287F58-4817-43B8-BA21-DC7D31956ECB}.Release|x86.Build.0 = Release|Any CPU
	EndGlobalSection
	GlobalSection(SolutionProperties) = preSolution
		HideSolutionNode = FALSE
	EndGlobalSection
	GlobalSection(NestedProjects) = preSolution
		{BCF29926-7D60-4E3E-B85E-9F6A0426BD9E} = {77BDAE77-94AD-4C44-9E08-E833AFBD1860}
		{F3F19936-D5FD-48CF-A222-F3DBBB1E68F0} = {E0D992C4-468C-4F73-A174-F0E48B47973E}
		{6EDC01E2-8D05-46AA-8FB9-FE5C9C2F75CB} = {E06DEF72-FEF0-44F8-A762-446CD1792858}
		{2FBC8FDD-A6EB-4CE9-8CF9-63A2027DBC20} = {E0D992C4-468C-4F73-A174-F0E48B47973E}
		{03EB3EA9-8229-4C77-8769-F36B93380E41} = {E968E66A-A8AC-4993-B613-65658747D19A}
		{18CD667E-9717-42BD-9E2A-F5022B4DCDB2} = {E06DEF72-FEF0-44F8-A762-446CD1792858}
		{CA48D14A-6FC8-434C-AAE7-73FC39B324F0} = {BBABD524-7220-4E4C-A5B0-CBE39AC7BD46}
		{D7D22739-C63C-4ADC-AC5B-ED51D82006B7} = {BBABD524-7220-4E4C-A5B0-CBE39AC7BD46}
		{F1287F58-4817-43B8-BA21-DC7D31956ECB} = {2CBC3678-8793-4BC2-B264-6429A8A9A374}
		{E968E66A-A8AC-4993-B613-65658747D19A} = {E0D992C4-468C-4F73-A174-F0E48B47973E}
		{E06DEF72-FEF0-44F8-A762-446CD1792858} = {E0D992C4-468C-4F73-A174-F0E48B47973E}
		{77BDAE77-94AD-4C44-9E08-E833AFBD1860} = {E0D992C4-468C-4F73-A174-F0E48B47973E}
		{BBABD524-7220-4E4C-A5B0-CBE39AC7BD46} = {E0D992C4-468C-4F73-A174-F0E48B47973E}
	EndGlobalSection
	GlobalSection(ExtensibilityGlobals) = postSolution
		SolutionGuid = {D5A68AB8-6AC7-424A-BCBE-28C965EE0000}
	EndGlobalSection
EndGlobal
